// !$*UTF8*$!
{
	archiveVersion = 1;
	classes = {
	};
	objectVersion = 46;
	objects = {

/* Begin PBXBuildFile section */
		12E9B37A086FABEDFEA4D109 /* Pods_NKU_Helper.framework in Frameworks */ = {isa = PBXBuildFile; fileRef = 9945BD65AD3E7D087016CF58 /* Pods_NKU_Helper.framework */; };
		E9084D831BB94EB800423566 /* ToDoCell.swift in Sources */ = {isa = PBXBuildFile; fileRef = E9084D821BB94EB800423566 /* ToDoCell.swift */; };
		E90AE22E1A8F813900AD0D78 /* AppDelegate.swift in Sources */ = {isa = PBXBuildFile; fileRef = E90AE22D1A8F813900AD0D78 /* AppDelegate.swift */; };
		E90AE2381A8F813900AD0D78 /* Images.xcassets in Resources */ = {isa = PBXBuildFile; fileRef = E90AE2371A8F813900AD0D78 /* Images.xcassets */; };
		E90E87241C40E58B00E6BE3A /* NKNetworkBase.swift in Sources */ = {isa = PBXBuildFile; fileRef = E90E87231C40E58B00E6BE3A /* NKNetworkBase.swift */; };
		E90E87261C40E5C700E6BE3A /* NKNetworkIsLogin.swift in Sources */ = {isa = PBXBuildFile; fileRef = E90E87251C40E5C700E6BE3A /* NKNetworkIsLogin.swift */; };
		E90E872B1C40FCE700E6BE3A /* SelectCourseTableViewController.swift in Sources */ = {isa = PBXBuildFile; fileRef = E90E872A1C40FCE700E6BE3A /* SelectCourseTableViewController.swift */; };
		E90E872D1C41002E00E6BE3A /* NKNetworkSelectCourse.swift in Sources */ = {isa = PBXBuildFile; fileRef = E90E872C1C41002E00E6BE3A /* NKNetworkSelectCourse.swift */; };
		E90E87431C4139FD00E6BE3A /* NKNetworkSearchCourse.swift in Sources */ = {isa = PBXBuildFile; fileRef = E90E87421C4139FD00E6BE3A /* NKNetworkSearchCourse.swift */; };
		E91D2E561C846778002605F8 /* SearchCourseTableViewController.swift in Sources */ = {isa = PBXBuildFile; fileRef = E91D2E551C846778002605F8 /* SearchCourseTableViewController.swift */; };
		E91D2E581C8468B6002605F8 /* SearchCourseDetailTableViewController.swift in Sources */ = {isa = PBXBuildFile; fileRef = E91D2E571C8468B6002605F8 /* SearchCourseDetailTableViewController.swift */; };
		E91D2E5A1C846CA1002605F8 /* ClassInfoTableViewCell.swift in Sources */ = {isa = PBXBuildFile; fileRef = E91D2E591C846CA1002605F8 /* ClassInfoTableViewCell.swift */; };
		E91E5F4F1A90FAED009F3B2B /* GradeShowerTableViewController.swift in Sources */ = {isa = PBXBuildFile; fileRef = E91E5F4E1A90FAED009F3B2B /* GradeShowerTableViewController.swift */; };
		E91E5F551A9103DF009F3B2B /* GradeCell.swift in Sources */ = {isa = PBXBuildFile; fileRef = E91E5F541A9103DF009F3B2B /* GradeCell.swift */; };
		E926CD751AB33B1700A5076A /* NKU.plist in Resources */ = {isa = PBXBuildFile; fileRef = E926CD741AB33B1700A5076A /* NKU.plist */; };
		E92B2D011B48DB89008825A3 /* CalendarHelper.swift in Sources */ = {isa = PBXBuildFile; fileRef = E92B2D001B48DB89008825A3 /* CalendarHelper.swift */; };
		E92FB3E61BF3676F004C6B7C /* VersionLog.md in Resources */ = {isa = PBXBuildFile; fileRef = E92FB3E51BF3676F004C6B7C /* VersionLog.md */; };
		E92FB3F11BF3726F004C6B7C /* SystemConfiguration.framework in Frameworks */ = {isa = PBXBuildFile; fileRef = E92FB3F01BF3726F004C6B7C /* SystemConfiguration.framework */; };
		E92FB3F51BF37298004C6B7C /* libsqlite3.0.tbd in Frameworks */ = {isa = PBXBuildFile; fileRef = E92FB3F41BF37298004C6B7C /* libsqlite3.0.tbd */; };
		E92FB3F61BF372BB004C6B7C /* libz.tbd in Frameworks */ = {isa = PBXBuildFile; fileRef = E92FB3F21BF37279004C6B7C /* libz.tbd */; };
		E930839A1D39DA38000FC8E8 /* WeekdayView.xib in Resources */ = {isa = PBXBuildFile; fileRef = E93083991D39DA38000FC8E8 /* WeekdayView.xib */; };
		E930839C1D39E38D000FC8E8 /* WeekdayView.swift in Sources */ = {isa = PBXBuildFile; fileRef = E930839B1D39E38D000FC8E8 /* WeekdayView.swift */; };
		E930839E1D3A0DE1000FC8E8 /* UIViewExtention.swift in Sources */ = {isa = PBXBuildFile; fileRef = E930839D1D3A0DE1000FC8E8 /* UIViewExtention.swift */; };
		E93083A11D3A8D4A000FC8E8 /* TimeScheduleView.xib in Resources */ = {isa = PBXBuildFile; fileRef = E93083A01D3A8D4A000FC8E8 /* TimeScheduleView.xib */; };
		E93083A31D3A8F4D000FC8E8 /* TimeScheduleView.swift in Sources */ = {isa = PBXBuildFile; fileRef = E93083A21D3A8F4D000FC8E8 /* TimeScheduleView.swift */; };
		E93083A61D3B6B6A000FC8E8 /* ClassView.swift in Sources */ = {isa = PBXBuildFile; fileRef = E93083A51D3B6B6A000FC8E8 /* ClassView.swift */; };
		E93083AC1D3BB815000FC8E8 /* TestTimeSearch.storyboard in Resources */ = {isa = PBXBuildFile; fileRef = E93083AB1D3BB815000FC8E8 /* TestTimeSearch.storyboard */; };
		E93083B21D3BBFA7000FC8E8 /* NKNetworkFetchTestTime.swift in Sources */ = {isa = PBXBuildFile; fileRef = E93083B11D3BBFA7000FC8E8 /* NKNetworkFetchTestTime.swift */; };
		E93083B61D3C76D2000FC8E8 /* FunctionBaseViewController.swift in Sources */ = {isa = PBXBuildFile; fileRef = E93083B51D3C76D2000FC8E8 /* FunctionBaseViewController.swift */; };
		E93083B81D3C7A5C000FC8E8 /* FunctionBaseTableViewController.swift in Sources */ = {isa = PBXBuildFile; fileRef = E93083B71D3C7A5C000FC8E8 /* FunctionBaseTableViewController.swift */; };
		E93083BA1D3CA734000FC8E8 /* GPACalculateMethodTableViewController.swift in Sources */ = {isa = PBXBuildFile; fileRef = E93083B91D3CA734000FC8E8 /* GPACalculateMethodTableViewController.swift */; };
		E93083BC1D3CA8AE000FC8E8 /* GPACell.swift in Sources */ = {isa = PBXBuildFile; fileRef = E93083BB1D3CA8AE000FC8E8 /* GPACell.swift */; };
		E93083C61D3CC258000FC8E8 /* 米色白色渐变背景.png in Resources */ = {isa = PBXBuildFile; fileRef = E93083C51D3CC258000FC8E8 /* 米色白色渐变背景.png */; };
		E93083CC1D3CCEA2000FC8E8 /* slogan.png in Resources */ = {isa = PBXBuildFile; fileRef = E93083CB1D3CCEA2000FC8E8 /* slogan.png */; };
		E93C0F181BB54B54001303CF /* ThingToDo.swift in Sources */ = {isa = PBXBuildFile; fileRef = E93C0F171BB54B54001303CF /* ThingToDo.swift */; };
		E94286501AA4CD2A00A4242C /* LogInViewController.swift in Sources */ = {isa = PBXBuildFile; fileRef = E942864F1AA4CD2A00A4242C /* LogInViewController.swift */; };
		E94286581AA5500C00A4242C /* SaveAccountInfoViewController.swift in Sources */ = {isa = PBXBuildFile; fileRef = E94286571AA5500C00A4242C /* SaveAccountInfoViewController.swift */; };
		E9462A461B24A1E00002C21A /* TestTimeTableViewController.swift in Sources */ = {isa = PBXBuildFile; fileRef = E9462A451B24A1E00002C21A /* TestTimeTableViewController.swift */; };
		E9462A481B24A6480002C21A /* TestTimeTableViewCell.swift in Sources */ = {isa = PBXBuildFile; fileRef = E9462A471B24A6480002C21A /* TestTimeTableViewCell.swift */; };
		E94BC1FA1C476C5000BD9726 /* NKNetworkValidateCodeGetter.swift in Sources */ = {isa = PBXBuildFile; fileRef = E94BC1F91C476C5000BD9726 /* NKNetworkValidateCodeGetter.swift */; };
		E94BD97A1BABE9A500B76E03 /* TodayViewController.swift in Sources */ = {isa = PBXBuildFile; fileRef = E94BD9791BABE9A500B76E03 /* TodayViewController.swift */; };
		E94BD97C1BAC043500B76E03 /* CourseCell.swift in Sources */ = {isa = PBXBuildFile; fileRef = E94BD97B1BAC043500B76E03 /* CourseCell.swift */; };
		E94BD97E1BAC054E00B76E03 /* CellIdentifier.swift in Sources */ = {isa = PBXBuildFile; fileRef = E94BD97D1BAC054E00B76E03 /* CellIdentifier.swift */; };
		E94BD9801BAC06E300B76E03 /* Course.swift in Sources */ = {isa = PBXBuildFile; fileRef = E94BD97F1BAC06E300B76E03 /* Course.swift */; };
		E95B0F2D1C83E18700448F97 /* CourseSelecting.swift in Sources */ = {isa = PBXBuildFile; fileRef = E95B0F2C1C83E18700448F97 /* CourseSelecting.swift */; };
		E95B0F2F1C83F0B800448F97 /* NKNetworkDepartCode.swift in Sources */ = {isa = PBXBuildFile; fileRef = E95B0F2E1C83F0B800448F97 /* NKNetworkDepartCode.swift */; };
		E95F93C61C4E6CD100CEEC12 /* Grade.swift in Sources */ = {isa = PBXBuildFile; fileRef = E95F93C51C4E6CD100CEEC12 /* Grade.swift */; };
		E95F93D71C4FB23900CEEC12 /* UserDetailInfoAgent.swift in Sources */ = {isa = PBXBuildFile; fileRef = E95F93D61C4FB23900CEEC12 /* UserDetailInfoAgent.swift */; };
		E95F93D91C4FC04500CEEC12 /* NKNetworkFetchUserInfo.swift in Sources */ = {isa = PBXBuildFile; fileRef = E95F93D81C4FC04500CEEC12 /* NKNetworkFetchUserInfo.swift */; };
		E95F93DD1C50CEAA00CEEC12 /* EvaluateTableViewController.swift in Sources */ = {isa = PBXBuildFile; fileRef = E95F93DC1C50CEAA00CEEC12 /* EvaluateTableViewController.swift */; };
		E95F93DF1C50CF2900CEEC12 /* NKNetworkEvaluate.swift in Sources */ = {isa = PBXBuildFile; fileRef = E95F93DE1C50CF2900CEEC12 /* NKNetworkEvaluate.swift */; };
		E95F93E11C50EF2800CEEC12 /* ClassToEvaluate.swift in Sources */ = {isa = PBXBuildFile; fileRef = E95F93E01C50EF2800CEEC12 /* ClassToEvaluate.swift */; };
		E95F93E31C50F7E100CEEC12 /* ClassToEvaluateTableViewCell.swift in Sources */ = {isa = PBXBuildFile; fileRef = E95F93E21C50F7E100CEEC12 /* ClassToEvaluateTableViewCell.swift */; };
		E95F93E51C50FAEB00CEEC12 /* EvaluateDetailTableViewController.swift in Sources */ = {isa = PBXBuildFile; fileRef = E95F93E41C50FAEB00CEEC12 /* EvaluateDetailTableViewController.swift */; };
		E95F93E71C50FE8800CEEC12 /* EvaluateDetailTableViewCell.swift in Sources */ = {isa = PBXBuildFile; fileRef = E95F93E61C50FE8800CEEC12 /* EvaluateDetailTableViewCell.swift */; };
		E95F93E91C51024800CEEC12 /* NKNetworkEvaluateDetail.swift in Sources */ = {isa = PBXBuildFile; fileRef = E95F93E81C51024800CEEC12 /* NKNetworkEvaluateDetail.swift */; };
		E95F93EB1C512B8B00CEEC12 /* DetailEvaluateInfo.swift in Sources */ = {isa = PBXBuildFile; fileRef = E95F93EA1C512B8B00CEEC12 /* DetailEvaluateInfo.swift */; };
		E95F93ED1C51377300CEEC12 /* EvaluateOpinionTableViewCell.swift in Sources */ = {isa = PBXBuildFile; fileRef = E95F93EC1C51377300CEEC12 /* EvaluateOpinionTableViewCell.swift */; };
		E95F93EF1C51394800CEEC12 /* NKNetworkEvaluateSubmit.swift in Sources */ = {isa = PBXBuildFile; fileRef = E95F93EE1C51394800CEEC12 /* NKNetworkEvaluateSubmit.swift */; };
		E95F93F31C52074900CEEC12 /* 1.jpg in Resources */ = {isa = PBXBuildFile; fileRef = E95F93F21C52074900CEEC12 /* 1.jpg */; };
		E9634EBF1D38E3B900F30FA0 /* NKNetworkFetchInfo.swift in Sources */ = {isa = PBXBuildFile; fileRef = E9634EBE1D38E3B900F30FA0 /* NKNetworkFetchInfo.swift */; };
		E96419D21AA8971B00397691 /* AccountTableViewCell.swift in Sources */ = {isa = PBXBuildFile; fileRef = E96419D11AA8971B00397691 /* AccountTableViewCell.swift */; };
		E96419D41AA8BC9800397691 /* DetailAccountInfoTableViewController.swift in Sources */ = {isa = PBXBuildFile; fileRef = E96419D31AA8BC9800397691 /* DetailAccountInfoTableViewController.swift */; };
		E9657B7B1C6B0D9A00D57C7F /* JavaScriptCore.framework in Frameworks */ = {isa = PBXBuildFile; fileRef = E9D754B61C6A469400619BAC /* JavaScriptCore.framework */; };
		E9657B7C1C6B104700D57C7F /* AdSupport.framework in Frameworks */ = {isa = PBXBuildFile; fileRef = E9D754EF1C6AD19800619BAC /* AdSupport.framework */; };
		E9693E3E1D32441600D6135B /* LogIn.storyboard in Resources */ = {isa = PBXBuildFile; fileRef = E9693E3D1D32441600D6135B /* LogIn.storyboard */; };
		E9693E401D3245FB00D6135B /* Settings.storyboard in Resources */ = {isa = PBXBuildFile; fileRef = E9693E3F1D3245FB00D6135B /* Settings.storyboard */; };
		E9693E441D32894000D6135B /* Today.storyboard in Resources */ = {isa = PBXBuildFile; fileRef = E9693E431D32894000D6135B /* Today.storyboard */; };
		E9693E461D3290AE00D6135B /* ClassTime.storyboard in Resources */ = {isa = PBXBuildFile; fileRef = E9693E451D3290AE00D6135B /* ClassTime.storyboard */; };
		E9693E481D32926300D6135B /* Function.storyboard in Resources */ = {isa = PBXBuildFile; fileRef = E9693E471D32926300D6135B /* Function.storyboard */; };
		E9693E4A1D32932500D6135B /* NotiCenter.storyboard in Resources */ = {isa = PBXBuildFile; fileRef = E9693E491D32932500D6135B /* NotiCenter.storyboard */; };
		E9693E4C1D32945F00D6135B /* Grade.storyboard in Resources */ = {isa = PBXBuildFile; fileRef = E9693E4B1D32945F00D6135B /* Grade.storyboard */; };
		E9693E4E1D3294FA00D6135B /* Evaluate.storyboard in Resources */ = {isa = PBXBuildFile; fileRef = E9693E4D1D3294FA00D6135B /* Evaluate.storyboard */; };
		E9693E501D32955500D6135B /* SelectCourse.storyboard in Resources */ = {isa = PBXBuildFile; fileRef = E9693E4F1D32955500D6135B /* SelectCourse.storyboard */; };
		E96E73A01BBBFC3400B62663 /* Launch.storyboard in Resources */ = {isa = PBXBuildFile; fileRef = E96E739F1BBBFC3400B62663 /* Launch.storyboard */; };
		E97176761B1488CA004DADB2 /* AboutViewController.swift in Sources */ = {isa = PBXBuildFile; fileRef = E97176751B1488CA004DADB2 /* AboutViewController.swift */; };
		E97176781B149292004DADB2 /* CourseDetailTableViewController.swift in Sources */ = {isa = PBXBuildFile; fileRef = E97176771B149292004DADB2 /* CourseDetailTableViewController.swift */; };
		E971EB821BAAFEE8005E6E55 /* PlusCircleView.swift in Sources */ = {isa = PBXBuildFile; fileRef = E971EB811BAAFEE8005E6E55 /* PlusCircleView.swift */; };
		E9762F701C48DE77002CEF03 /* NKNetworkFetchNoti.swift in Sources */ = {isa = PBXBuildFile; fileRef = E9762F6F1C48DE77002CEF03 /* NKNetworkFetchNoti.swift */; };
		E981C12D1C84A02D005CBF4E /* ClassModificationTableViewCell.swift in Sources */ = {isa = PBXBuildFile; fileRef = E981C12C1C84A02D005CBF4E /* ClassModificationTableViewCell.swift */; };
		E988B5371AB005DF006818FA /* Main.storyboard in Resources */ = {isa = PBXBuildFile; fileRef = E988B5361AB005DF006818FA /* Main.storyboard */; };
		E98E2B471C4638C800CF82BE /* StoreProtocol.swift in Sources */ = {isa = PBXBuildFile; fileRef = E98E2B461C4638C800CF82BE /* StoreProtocol.swift */; };
		E98E2B491C4639BB00CF82BE /* UserAgent.swift in Sources */ = {isa = PBXBuildFile; fileRef = E98E2B481C4639BB00CF82BE /* UserAgent.swift */; };
		E98E2B4B1C4639EC00CF82BE /* PreferredColorAgent.swift in Sources */ = {isa = PBXBuildFile; fileRef = E98E2B4A1C4639EC00CF82BE /* PreferredColorAgent.swift */; };
		E98E2B4E1C46469700CF82BE /* CourseAgent.swift in Sources */ = {isa = PBXBuildFile; fileRef = E98E2B4D1C46469700CF82BE /* CourseAgent.swift */; };
		E98E2B501C46492900CF82BE /* NKNetworkLoadCourse.swift in Sources */ = {isa = PBXBuildFile; fileRef = E98E2B4F1C46492900CF82BE /* NKNetworkLoadCourse.swift */; };
		E98E2B8B1C46ABE400CF82BE /* ClassTimeView.swift in Sources */ = {isa = PBXBuildFile; fileRef = E98E2B8A1C46ABE400CF82BE /* ClassTimeView.swift */; };
		E98F94D61AA3180700885992 /* ClassTimeViewController.swift in Sources */ = {isa = PBXBuildFile; fileRef = E98F94D51AA3180700885992 /* ClassTimeViewController.swift */; };
		E98F94D81AA318EF00885992 /* FunctionTableViewController.swift in Sources */ = {isa = PBXBuildFile; fileRef = E98F94D71AA318EF00885992 /* FunctionTableViewController.swift */; };
		E98F94DA1AA3191F00885992 /* SettingTableViewController.swift in Sources */ = {isa = PBXBuildFile; fileRef = E98F94D91AA3191F00885992 /* SettingTableViewController.swift */; };
		E9927C061D2E463900DE284C /* StoragedDataError.swift in Sources */ = {isa = PBXBuildFile; fileRef = E9927C051D2E463900DE284C /* StoragedDataError.swift */; };
		E9929C9B1C49068000D508C8 /* NKNetworkFetchGrade.swift in Sources */ = {isa = PBXBuildFile; fileRef = E9929C9A1C49068000D508C8 /* NKNetworkFetchGrade.swift */; };
		E995E08B1D3F6369003FDF56 /* R.generated.swift in Sources */ = {isa = PBXBuildFile; fileRef = E995E08A1D3F6369003FDF56 /* R.generated.swift */; };
		E99D67041C16C8CF00E27B08 /* NotiCenterTableViewController.swift in Sources */ = {isa = PBXBuildFile; fileRef = E99D67031C16C8CF00E27B08 /* NotiCenterTableViewController.swift */; };
		E99D670A1C16C9EB00E27B08 /* Notification.swift in Sources */ = {isa = PBXBuildFile; fileRef = E99D67091C16C9EB00E27B08 /* Notification.swift */; };
		E99D67131C16F6E800E27B08 /* NotiTableViewCell.swift in Sources */ = {isa = PBXBuildFile; fileRef = E99D67121C16F6E700E27B08 /* NotiTableViewCell.swift */; };
		E99D675C1C17401B00E27B08 /* NotiDetailViewController.swift in Sources */ = {isa = PBXBuildFile; fileRef = E99D675B1C17401B00E27B08 /* NotiDetailViewController.swift */; };
		E9A4F6121D30C4740040ABBD /* Crashlytics.framework in Frameworks */ = {isa = PBXBuildFile; fileRef = E9A4F6101D30C4740040ABBD /* Crashlytics.framework */; };
		E9A4F6131D30C4740040ABBD /* Fabric.framework in Frameworks */ = {isa = PBXBuildFile; fileRef = E9A4F6111D30C4740040ABBD /* Fabric.framework */; };
		E9B5779C1D38D69F0054F7E8 /* LICENSE.txt in Resources */ = {isa = PBXBuildFile; fileRef = E9B5779B1D38D69F0054F7E8 /* LICENSE.txt */; };
		E9B5779E1D38DE310054F7E8 /* ClassView.xib in Resources */ = {isa = PBXBuildFile; fileRef = E9B5779D1D38DE310054F7E8 /* ClassView.xib */; };
		E9B8C4AF1AA82D6E00E0DD50 /* AccountInfo in Resources */ = {isa = PBXBuildFile; fileRef = E9B8C4AE1AA82D6E00E0DD50 /* AccountInfo */; };
		E9B8C5C41BBA7CBE00CFDE19 /* ColorTableViewCell.swift in Sources */ = {isa = PBXBuildFile; fileRef = E9B8C5C31BBA7CBE00CFDE19 /* ColorTableViewCell.swift */; };
		E9C2ECC01B183E8B005C1F5F /* MessageUI.framework in Frameworks */ = {isa = PBXBuildFile; fileRef = E9C2ECBF1B183E8B005C1F5F /* MessageUI.framework */; };
		E9C3EF5A1BB2BCB600D1C91D /* ErrorHandler.swift in Sources */ = {isa = PBXBuildFile; fileRef = E9C3EF591BB2BCB600D1C91D /* ErrorHandler.swift */; };
		E9C3EF5E1BB2D03E00D1C91D /* SegueIdentifier.swift in Sources */ = {isa = PBXBuildFile; fileRef = E9C3EF5D1BB2D03E00D1C91D /* SegueIdentifier.swift */; };
		E9CA9C901C4272BC0030AF49 /* StoreAgent.swift in Sources */ = {isa = PBXBuildFile; fileRef = E9CA9C8F1C4272BC0030AF49 /* StoreAgent.swift */; };
		E9CA9C961C4274F60030AF49 /* NKNetworkLogin.swift in Sources */ = {isa = PBXBuildFile; fileRef = E9CA9C951C4274F60030AF49 /* NKNetworkLogin.swift */; };
		E9CCF4B81ABC653E002076F2 /* ColorChooseTableViewController.swift in Sources */ = {isa = PBXBuildFile; fileRef = E9CCF4B71ABC653E002076F2 /* ColorChooseTableViewController.swift */; };
		E9CCF4BA1ABC6578002076F2 /* ColorChooseTableViewCell.swift in Sources */ = {isa = PBXBuildFile; fileRef = E9CCF4B91ABC6578002076F2 /* ColorChooseTableViewCell.swift */; };
		E9D0A6D91C434B4000FF1A38 /* libc++.tbd in Frameworks */ = {isa = PBXBuildFile; fileRef = E975B7D21C154F3100240D4C /* libc++.tbd */; };
		E9D0A6E51C43725700FF1A38 /* Security.framework in Frameworks */ = {isa = PBXBuildFile; fileRef = E9D0A6E41C43725700FF1A38 /* Security.framework */; };
		E9D754AE1C69C27C00619BAC /* libiconv.tbd in Frameworks */ = {isa = PBXBuildFile; fileRef = E9D754AD1C69C27C00619BAC /* libiconv.tbd */; };
		E9D754AF1C69C28B00619BAC /* CoreGraphics.framework in Frameworks */ = {isa = PBXBuildFile; fileRef = E98DC72D1B8B13DE00273510 /* CoreGraphics.framework */; };
		E9D754B11C69C29A00619BAC /* CoreTelephony.framework in Frameworks */ = {isa = PBXBuildFile; fileRef = E9D754B01C69C29A00619BAC /* CoreTelephony.framework */; };
		E9D754B31C69C2A300619BAC /* libstdc++.tbd in Frameworks */ = {isa = PBXBuildFile; fileRef = E9D754B21C69C2A300619BAC /* libstdc++.tbd */; };
		E9D754B51C6A468300619BAC /* libicucore.tbd in Frameworks */ = {isa = PBXBuildFile; fileRef = E9D754B41C6A468300619BAC /* libicucore.tbd */; };
		E9D754EE1C6AD19100619BAC /* ImageIO.framework in Frameworks */ = {isa = PBXBuildFile; fileRef = E9D754ED1C6AD19100619BAC /* ImageIO.framework */; };
		E9D754F21C6AD19E00619BAC /* libsqlite3.tbd in Frameworks */ = {isa = PBXBuildFile; fileRef = E9D754F11C6AD19E00619BAC /* libsqlite3.tbd */; };
		E9D754FB1C6ADB8500619BAC /* Localizable.strings in Resources */ = {isa = PBXBuildFile; fileRef = E9D754FD1C6ADB8500619BAC /* Localizable.strings */; };
		E9DA59451D3888E80012ED9A /* .travis.yml in Resources */ = {isa = PBXBuildFile; fileRef = E9DA59441D3888E80012ED9A /* .travis.yml */; };
		E9DA594D1D3889AF0012ED9A /* NKU_HelperTests.swift in Sources */ = {isa = PBXBuildFile; fileRef = E9DA594C1D3889AF0012ED9A /* NKU_HelperTests.swift */; };
		E9F674EC1BA80E7500BEF640 /* RSA.html in Resources */ = {isa = PBXBuildFile; fileRef = E9F674EB1BA80E7500BEF640 /* RSA.html */; };
		E9FE26141B137FEC00FCBB32 /* Colors.swift in Sources */ = {isa = PBXBuildFile; fileRef = E9FE26131B137FEC00FCBB32 /* Colors.swift */; };
/* End PBXBuildFile section */

/* Begin PBXContainerItemProxy section */
		E9DA594F1D3889AF0012ED9A /* PBXContainerItemProxy */ = {
			isa = PBXContainerItemProxy;
			containerPortal = E90AE2201A8F813900AD0D78 /* Project object */;
			proxyType = 1;
			remoteGlobalIDString = E90AE2271A8F813900AD0D78;
			remoteInfo = "NKU Helper";
		};
/* End PBXContainerItemProxy section */

/* Begin PBXCopyFilesBuildPhase section */
		E93C0C9B1BB54077001303CF /* Embed Frameworks */ = {
			isa = PBXCopyFilesBuildPhase;
			buildActionMask = 2147483647;
			dstPath = "";
			dstSubfolderSpec = 10;
			files = (
			);
			name = "Embed Frameworks";
			runOnlyForDeploymentPostprocessing = 0;
		};
/* End PBXCopyFilesBuildPhase section */

/* Begin PBXFileReference section */
		3CE36F262CA4F2D8F01054B4 /* Pods-NKU Helper.ad hoc distribution.xcconfig */ = {isa = PBXFileReference; includeInIndex = 1; lastKnownFileType = text.xcconfig; name = "Pods-NKU Helper.ad hoc distribution.xcconfig"; path = "Pods/Target Support Files/Pods-NKU Helper/Pods-NKU Helper.ad hoc distribution.xcconfig"; sourceTree = "<group>"; };
		4049955BC5E2C9CBE0D70558 /* Pods-NKU Helper.debug.xcconfig */ = {isa = PBXFileReference; includeInIndex = 1; lastKnownFileType = text.xcconfig; name = "Pods-NKU Helper.debug.xcconfig"; path = "Pods/Target Support Files/Pods-NKU Helper/Pods-NKU Helper.debug.xcconfig"; sourceTree = "<group>"; };
		64CC4A72658875289900881A /* Pods-NKU Helper.release.xcconfig */ = {isa = PBXFileReference; includeInIndex = 1; lastKnownFileType = text.xcconfig; name = "Pods-NKU Helper.release.xcconfig"; path = "Pods/Target Support Files/Pods-NKU Helper/Pods-NKU Helper.release.xcconfig"; sourceTree = "<group>"; };
		9945BD65AD3E7D087016CF58 /* Pods_NKU_Helper.framework */ = {isa = PBXFileReference; explicitFileType = wrapper.framework; includeInIndex = 0; path = Pods_NKU_Helper.framework; sourceTree = BUILT_PRODUCTS_DIR; };
		E9084D821BB94EB800423566 /* ToDoCell.swift */ = {isa = PBXFileReference; fileEncoding = 4; lastKnownFileType = sourcecode.swift; path = ToDoCell.swift; sourceTree = "<group>"; };
		E90AE2281A8F813900AD0D78 /* NKU Helper.app */ = {isa = PBXFileReference; explicitFileType = wrapper.application; includeInIndex = 0; path = "NKU Helper.app"; sourceTree = BUILT_PRODUCTS_DIR; };
		E90AE22C1A8F813900AD0D78 /* Info.plist */ = {isa = PBXFileReference; lastKnownFileType = text.plist.xml; path = Info.plist; sourceTree = "<group>"; };
		E90AE22D1A8F813900AD0D78 /* AppDelegate.swift */ = {isa = PBXFileReference; lastKnownFileType = sourcecode.swift; lineEnding = 0; path = AppDelegate.swift; sourceTree = "<group>"; xcLanguageSpecificationIdentifier = xcode.lang.swift; };
		E90AE2371A8F813900AD0D78 /* Images.xcassets */ = {isa = PBXFileReference; lastKnownFileType = folder.assetcatalog; path = Images.xcassets; sourceTree = "<group>"; };
		E90E87231C40E58B00E6BE3A /* NKNetworkBase.swift */ = {isa = PBXFileReference; fileEncoding = 4; lastKnownFileType = sourcecode.swift; path = NKNetworkBase.swift; sourceTree = "<group>"; };
		E90E87251C40E5C700E6BE3A /* NKNetworkIsLogin.swift */ = {isa = PBXFileReference; fileEncoding = 4; lastKnownFileType = sourcecode.swift; path = NKNetworkIsLogin.swift; sourceTree = "<group>"; };
		E90E872A1C40FCE700E6BE3A /* SelectCourseTableViewController.swift */ = {isa = PBXFileReference; fileEncoding = 4; lastKnownFileType = sourcecode.swift; path = SelectCourseTableViewController.swift; sourceTree = "<group>"; };
		E90E872C1C41002E00E6BE3A /* NKNetworkSelectCourse.swift */ = {isa = PBXFileReference; fileEncoding = 4; lastKnownFileType = sourcecode.swift; path = NKNetworkSelectCourse.swift; sourceTree = "<group>"; };
		E90E87421C4139FD00E6BE3A /* NKNetworkSearchCourse.swift */ = {isa = PBXFileReference; fileEncoding = 4; lastKnownFileType = sourcecode.swift; path = NKNetworkSearchCourse.swift; sourceTree = "<group>"; };
		E91D2E551C846778002605F8 /* SearchCourseTableViewController.swift */ = {isa = PBXFileReference; fileEncoding = 4; lastKnownFileType = sourcecode.swift; path = SearchCourseTableViewController.swift; sourceTree = "<group>"; };
		E91D2E571C8468B6002605F8 /* SearchCourseDetailTableViewController.swift */ = {isa = PBXFileReference; fileEncoding = 4; lastKnownFileType = sourcecode.swift; path = SearchCourseDetailTableViewController.swift; sourceTree = "<group>"; };
		E91D2E591C846CA1002605F8 /* ClassInfoTableViewCell.swift */ = {isa = PBXFileReference; fileEncoding = 4; lastKnownFileType = sourcecode.swift; path = ClassInfoTableViewCell.swift; sourceTree = "<group>"; };
		E91E5F4A1A90FA9E009F3B2B /* NKU Helper-Bridging-Header.h */ = {isa = PBXFileReference; lastKnownFileType = sourcecode.c.h; path = "NKU Helper-Bridging-Header.h"; sourceTree = "<group>"; };
		E91E5F4E1A90FAED009F3B2B /* GradeShowerTableViewController.swift */ = {isa = PBXFileReference; fileEncoding = 4; lastKnownFileType = sourcecode.swift; path = GradeShowerTableViewController.swift; sourceTree = "<group>"; };
		E91E5F541A9103DF009F3B2B /* GradeCell.swift */ = {isa = PBXFileReference; fileEncoding = 4; lastKnownFileType = sourcecode.swift; path = GradeCell.swift; sourceTree = "<group>"; };
		E926CD741AB33B1700A5076A /* NKU.plist */ = {isa = PBXFileReference; fileEncoding = 4; lastKnownFileType = text.plist.xml; path = NKU.plist; sourceTree = "<group>"; };
		E92B2D001B48DB89008825A3 /* CalendarHelper.swift */ = {isa = PBXFileReference; fileEncoding = 4; lastKnownFileType = sourcecode.swift; path = CalendarHelper.swift; sourceTree = "<group>"; };
		E92FB3E51BF3676F004C6B7C /* VersionLog.md */ = {isa = PBXFileReference; fileEncoding = 4; lastKnownFileType = net.daringfireball.markdown; path = VersionLog.md; sourceTree = "<group>"; };
		E92FB3F01BF3726F004C6B7C /* SystemConfiguration.framework */ = {isa = PBXFileReference; lastKnownFileType = wrapper.framework; name = SystemConfiguration.framework; path = System/Library/Frameworks/SystemConfiguration.framework; sourceTree = SDKROOT; };
		E92FB3F21BF37279004C6B7C /* libz.tbd */ = {isa = PBXFileReference; lastKnownFileType = "sourcecode.text-based-dylib-definition"; name = libz.tbd; path = usr/lib/libz.tbd; sourceTree = SDKROOT; };
		E92FB3F41BF37298004C6B7C /* libsqlite3.0.tbd */ = {isa = PBXFileReference; lastKnownFileType = "sourcecode.text-based-dylib-definition"; name = libsqlite3.0.tbd; path = usr/lib/libsqlite3.0.tbd; sourceTree = SDKROOT; };
		E93083991D39DA38000FC8E8 /* WeekdayView.xib */ = {isa = PBXFileReference; fileEncoding = 4; lastKnownFileType = file.xib; path = WeekdayView.xib; sourceTree = "<group>"; };
		E930839B1D39E38D000FC8E8 /* WeekdayView.swift */ = {isa = PBXFileReference; fileEncoding = 4; lastKnownFileType = sourcecode.swift; path = WeekdayView.swift; sourceTree = "<group>"; };
		E930839D1D3A0DE1000FC8E8 /* UIViewExtention.swift */ = {isa = PBXFileReference; fileEncoding = 4; lastKnownFileType = sourcecode.swift; path = UIViewExtention.swift; sourceTree = "<group>"; };
		E93083A01D3A8D4A000FC8E8 /* TimeScheduleView.xib */ = {isa = PBXFileReference; fileEncoding = 4; lastKnownFileType = file.xib; path = TimeScheduleView.xib; sourceTree = "<group>"; };
		E93083A21D3A8F4D000FC8E8 /* TimeScheduleView.swift */ = {isa = PBXFileReference; fileEncoding = 4; lastKnownFileType = sourcecode.swift; path = TimeScheduleView.swift; sourceTree = "<group>"; };
		E93083A51D3B6B6A000FC8E8 /* ClassView.swift */ = {isa = PBXFileReference; fileEncoding = 4; lastKnownFileType = sourcecode.swift; path = ClassView.swift; sourceTree = "<group>"; };
		E93083AB1D3BB815000FC8E8 /* TestTimeSearch.storyboard */ = {isa = PBXFileReference; fileEncoding = 4; lastKnownFileType = file.storyboard; path = TestTimeSearch.storyboard; sourceTree = "<group>"; };
		E93083B11D3BBFA7000FC8E8 /* NKNetworkFetchTestTime.swift */ = {isa = PBXFileReference; fileEncoding = 4; lastKnownFileType = sourcecode.swift; path = NKNetworkFetchTestTime.swift; sourceTree = "<group>"; };
		E93083B51D3C76D2000FC8E8 /* FunctionBaseViewController.swift */ = {isa = PBXFileReference; fileEncoding = 4; lastKnownFileType = sourcecode.swift; path = FunctionBaseViewController.swift; sourceTree = "<group>"; };
		E93083B71D3C7A5C000FC8E8 /* FunctionBaseTableViewController.swift */ = {isa = PBXFileReference; fileEncoding = 4; lastKnownFileType = sourcecode.swift; path = FunctionBaseTableViewController.swift; sourceTree = "<group>"; };
		E93083B91D3CA734000FC8E8 /* GPACalculateMethodTableViewController.swift */ = {isa = PBXFileReference; fileEncoding = 4; lastKnownFileType = sourcecode.swift; path = GPACalculateMethodTableViewController.swift; sourceTree = "<group>"; };
		E93083BB1D3CA8AE000FC8E8 /* GPACell.swift */ = {isa = PBXFileReference; fileEncoding = 4; lastKnownFileType = sourcecode.swift; path = GPACell.swift; sourceTree = "<group>"; };
		E93083C51D3CC258000FC8E8 /* 米色白色渐变背景.png */ = {isa = PBXFileReference; lastKnownFileType = image.png; path = "米色白色渐变背景.png"; sourceTree = "<group>"; };
		E93083CB1D3CCEA2000FC8E8 /* slogan.png */ = {isa = PBXFileReference; lastKnownFileType = image.png; path = slogan.png; sourceTree = "<group>"; };
		E93C0F171BB54B54001303CF /* ThingToDo.swift */ = {isa = PBXFileReference; fileEncoding = 4; lastKnownFileType = sourcecode.swift; path = ThingToDo.swift; sourceTree = "<group>"; };
		E942864F1AA4CD2A00A4242C /* LogInViewController.swift */ = {isa = PBXFileReference; fileEncoding = 4; lastKnownFileType = sourcecode.swift; path = LogInViewController.swift; sourceTree = "<group>"; };
		E94286571AA5500C00A4242C /* SaveAccountInfoViewController.swift */ = {isa = PBXFileReference; fileEncoding = 4; lastKnownFileType = sourcecode.swift; path = SaveAccountInfoViewController.swift; sourceTree = "<group>"; };
		E9462A451B24A1E00002C21A /* TestTimeTableViewController.swift */ = {isa = PBXFileReference; fileEncoding = 4; lastKnownFileType = sourcecode.swift; path = TestTimeTableViewController.swift; sourceTree = "<group>"; };
		E9462A471B24A6480002C21A /* TestTimeTableViewCell.swift */ = {isa = PBXFileReference; fileEncoding = 4; lastKnownFileType = sourcecode.swift; path = TestTimeTableViewCell.swift; sourceTree = "<group>"; };
		E94BC1F91C476C5000BD9726 /* NKNetworkValidateCodeGetter.swift */ = {isa = PBXFileReference; fileEncoding = 4; lastKnownFileType = sourcecode.swift; path = NKNetworkValidateCodeGetter.swift; sourceTree = "<group>"; };
		E94BD9791BABE9A500B76E03 /* TodayViewController.swift */ = {isa = PBXFileReference; fileEncoding = 4; lastKnownFileType = sourcecode.swift; path = TodayViewController.swift; sourceTree = "<group>"; };
		E94BD97B1BAC043500B76E03 /* CourseCell.swift */ = {isa = PBXFileReference; fileEncoding = 4; lastKnownFileType = sourcecode.swift; path = CourseCell.swift; sourceTree = "<group>"; };
		E94BD97D1BAC054E00B76E03 /* CellIdentifier.swift */ = {isa = PBXFileReference; fileEncoding = 4; lastKnownFileType = sourcecode.swift; path = CellIdentifier.swift; sourceTree = "<group>"; };
		E94BD97F1BAC06E300B76E03 /* Course.swift */ = {isa = PBXFileReference; fileEncoding = 4; lastKnownFileType = sourcecode.swift; path = Course.swift; sourceTree = "<group>"; };
		E95B0F2C1C83E18700448F97 /* CourseSelecting.swift */ = {isa = PBXFileReference; fileEncoding = 4; lastKnownFileType = sourcecode.swift; path = CourseSelecting.swift; sourceTree = "<group>"; };
		E95B0F2E1C83F0B800448F97 /* NKNetworkDepartCode.swift */ = {isa = PBXFileReference; fileEncoding = 4; lastKnownFileType = sourcecode.swift; path = NKNetworkDepartCode.swift; sourceTree = "<group>"; };
		E95F93C51C4E6CD100CEEC12 /* Grade.swift */ = {isa = PBXFileReference; fileEncoding = 4; lastKnownFileType = sourcecode.swift; path = Grade.swift; sourceTree = "<group>"; };
		E95F93D61C4FB23900CEEC12 /* UserDetailInfoAgent.swift */ = {isa = PBXFileReference; fileEncoding = 4; lastKnownFileType = sourcecode.swift; path = UserDetailInfoAgent.swift; sourceTree = "<group>"; };
		E95F93D81C4FC04500CEEC12 /* NKNetworkFetchUserInfo.swift */ = {isa = PBXFileReference; fileEncoding = 4; lastKnownFileType = sourcecode.swift; path = NKNetworkFetchUserInfo.swift; sourceTree = "<group>"; };
		E95F93DC1C50CEAA00CEEC12 /* EvaluateTableViewController.swift */ = {isa = PBXFileReference; fileEncoding = 4; lastKnownFileType = sourcecode.swift; path = EvaluateTableViewController.swift; sourceTree = "<group>"; };
		E95F93DE1C50CF2900CEEC12 /* NKNetworkEvaluate.swift */ = {isa = PBXFileReference; fileEncoding = 4; lastKnownFileType = sourcecode.swift; path = NKNetworkEvaluate.swift; sourceTree = "<group>"; };
		E95F93E01C50EF2800CEEC12 /* ClassToEvaluate.swift */ = {isa = PBXFileReference; fileEncoding = 4; lastKnownFileType = sourcecode.swift; path = ClassToEvaluate.swift; sourceTree = "<group>"; };
		E95F93E21C50F7E100CEEC12 /* ClassToEvaluateTableViewCell.swift */ = {isa = PBXFileReference; fileEncoding = 4; lastKnownFileType = sourcecode.swift; path = ClassToEvaluateTableViewCell.swift; sourceTree = "<group>"; };
		E95F93E41C50FAEB00CEEC12 /* EvaluateDetailTableViewController.swift */ = {isa = PBXFileReference; fileEncoding = 4; lastKnownFileType = sourcecode.swift; path = EvaluateDetailTableViewController.swift; sourceTree = "<group>"; };
		E95F93E61C50FE8800CEEC12 /* EvaluateDetailTableViewCell.swift */ = {isa = PBXFileReference; fileEncoding = 4; lastKnownFileType = sourcecode.swift; path = EvaluateDetailTableViewCell.swift; sourceTree = "<group>"; };
		E95F93E81C51024800CEEC12 /* NKNetworkEvaluateDetail.swift */ = {isa = PBXFileReference; fileEncoding = 4; lastKnownFileType = sourcecode.swift; path = NKNetworkEvaluateDetail.swift; sourceTree = "<group>"; };
		E95F93EA1C512B8B00CEEC12 /* DetailEvaluateInfo.swift */ = {isa = PBXFileReference; fileEncoding = 4; lastKnownFileType = sourcecode.swift; path = DetailEvaluateInfo.swift; sourceTree = "<group>"; };
		E95F93EC1C51377300CEEC12 /* EvaluateOpinionTableViewCell.swift */ = {isa = PBXFileReference; fileEncoding = 4; lastKnownFileType = sourcecode.swift; path = EvaluateOpinionTableViewCell.swift; sourceTree = "<group>"; };
		E95F93EE1C51394800CEEC12 /* NKNetworkEvaluateSubmit.swift */ = {isa = PBXFileReference; fileEncoding = 4; lastKnownFileType = sourcecode.swift; path = NKNetworkEvaluateSubmit.swift; sourceTree = "<group>"; };
		E95F93F21C52074900CEEC12 /* 1.jpg */ = {isa = PBXFileReference; lastKnownFileType = image.jpeg; path = 1.jpg; sourceTree = "<group>"; };
		E961C83E1D2EAE740066C9C3 /* 编码规范.md */ = {isa = PBXFileReference; fileEncoding = 4; lastKnownFileType = net.daringfireball.markdown; path = "编码规范.md"; sourceTree = "<group>"; };
		E9634EBE1D38E3B900F30FA0 /* NKNetworkFetchInfo.swift */ = {isa = PBXFileReference; fileEncoding = 4; lastKnownFileType = sourcecode.swift; path = NKNetworkFetchInfo.swift; sourceTree = "<group>"; };
		E96419D11AA8971B00397691 /* AccountTableViewCell.swift */ = {isa = PBXFileReference; fileEncoding = 4; lastKnownFileType = sourcecode.swift; lineEnding = 0; path = AccountTableViewCell.swift; sourceTree = "<group>"; xcLanguageSpecificationIdentifier = xcode.lang.swift; };
		E96419D31AA8BC9800397691 /* DetailAccountInfoTableViewController.swift */ = {isa = PBXFileReference; fileEncoding = 4; lastKnownFileType = sourcecode.swift; path = DetailAccountInfoTableViewController.swift; sourceTree = "<group>"; };
		E9693E3D1D32441600D6135B /* LogIn.storyboard */ = {isa = PBXFileReference; fileEncoding = 4; lastKnownFileType = file.storyboard; path = LogIn.storyboard; sourceTree = "<group>"; };
		E9693E3F1D3245FB00D6135B /* Settings.storyboard */ = {isa = PBXFileReference; fileEncoding = 4; lastKnownFileType = file.storyboard; path = Settings.storyboard; sourceTree = "<group>"; };
		E9693E431D32894000D6135B /* Today.storyboard */ = {isa = PBXFileReference; fileEncoding = 4; lastKnownFileType = file.storyboard; path = Today.storyboard; sourceTree = "<group>"; };
		E9693E451D3290AE00D6135B /* ClassTime.storyboard */ = {isa = PBXFileReference; fileEncoding = 4; lastKnownFileType = file.storyboard; path = ClassTime.storyboard; sourceTree = "<group>"; };
		E9693E471D32926300D6135B /* Function.storyboard */ = {isa = PBXFileReference; fileEncoding = 4; lastKnownFileType = file.storyboard; path = Function.storyboard; sourceTree = "<group>"; };
		E9693E491D32932500D6135B /* NotiCenter.storyboard */ = {isa = PBXFileReference; fileEncoding = 4; lastKnownFileType = file.storyboard; path = NotiCenter.storyboard; sourceTree = "<group>"; };
		E9693E4B1D32945F00D6135B /* Grade.storyboard */ = {isa = PBXFileReference; fileEncoding = 4; lastKnownFileType = file.storyboard; path = Grade.storyboard; sourceTree = "<group>"; };
		E9693E4D1D3294FA00D6135B /* Evaluate.storyboard */ = {isa = PBXFileReference; fileEncoding = 4; lastKnownFileType = file.storyboard; path = Evaluate.storyboard; sourceTree = "<group>"; };
		E9693E4F1D32955500D6135B /* SelectCourse.storyboard */ = {isa = PBXFileReference; fileEncoding = 4; lastKnownFileType = file.storyboard; path = SelectCourse.storyboard; sourceTree = "<group>"; };
		E96E739F1BBBFC3400B62663 /* Launch.storyboard */ = {isa = PBXFileReference; fileEncoding = 4; lastKnownFileType = file.storyboard; path = Launch.storyboard; sourceTree = "<group>"; };
		E97176751B1488CA004DADB2 /* AboutViewController.swift */ = {isa = PBXFileReference; fileEncoding = 4; lastKnownFileType = sourcecode.swift; path = AboutViewController.swift; sourceTree = "<group>"; };
		E97176771B149292004DADB2 /* CourseDetailTableViewController.swift */ = {isa = PBXFileReference; fileEncoding = 4; lastKnownFileType = sourcecode.swift; path = CourseDetailTableViewController.swift; sourceTree = "<group>"; };
		E971EB811BAAFEE8005E6E55 /* PlusCircleView.swift */ = {isa = PBXFileReference; fileEncoding = 4; lastKnownFileType = sourcecode.swift; path = PlusCircleView.swift; sourceTree = "<group>"; };
		E975B7D21C154F3100240D4C /* libc++.tbd */ = {isa = PBXFileReference; lastKnownFileType = "sourcecode.text-based-dylib-definition"; name = "libc++.tbd"; path = "usr/lib/libc++.tbd"; sourceTree = SDKROOT; };
		E9762F6F1C48DE77002CEF03 /* NKNetworkFetchNoti.swift */ = {isa = PBXFileReference; fileEncoding = 4; lastKnownFileType = sourcecode.swift; path = NKNetworkFetchNoti.swift; sourceTree = "<group>"; };
		E981C12C1C84A02D005CBF4E /* ClassModificationTableViewCell.swift */ = {isa = PBXFileReference; fileEncoding = 4; lastKnownFileType = sourcecode.swift; path = ClassModificationTableViewCell.swift; sourceTree = "<group>"; };
		E988B5361AB005DF006818FA /* Main.storyboard */ = {isa = PBXFileReference; fileEncoding = 4; lastKnownFileType = file.storyboard; path = Main.storyboard; sourceTree = "<group>"; };
		E98DC7291B8B13D100273510 /* Foundation.framework */ = {isa = PBXFileReference; lastKnownFileType = wrapper.framework; name = Foundation.framework; path = System/Library/Frameworks/Foundation.framework; sourceTree = SDKROOT; };
		E98DC72B1B8B13D600273510 /* UIKit.framework */ = {isa = PBXFileReference; lastKnownFileType = wrapper.framework; name = UIKit.framework; path = System/Library/Frameworks/UIKit.framework; sourceTree = SDKROOT; };
		E98DC72D1B8B13DE00273510 /* CoreGraphics.framework */ = {isa = PBXFileReference; lastKnownFileType = wrapper.framework; name = CoreGraphics.framework; path = System/Library/Frameworks/CoreGraphics.framework; sourceTree = SDKROOT; };
		E98E2B461C4638C800CF82BE /* StoreProtocol.swift */ = {isa = PBXFileReference; fileEncoding = 4; lastKnownFileType = sourcecode.swift; path = StoreProtocol.swift; sourceTree = "<group>"; };
		E98E2B481C4639BB00CF82BE /* UserAgent.swift */ = {isa = PBXFileReference; fileEncoding = 4; lastKnownFileType = sourcecode.swift; path = UserAgent.swift; sourceTree = "<group>"; };
		E98E2B4A1C4639EC00CF82BE /* PreferredColorAgent.swift */ = {isa = PBXFileReference; fileEncoding = 4; lastKnownFileType = sourcecode.swift; path = PreferredColorAgent.swift; sourceTree = "<group>"; };
		E98E2B4D1C46469700CF82BE /* CourseAgent.swift */ = {isa = PBXFileReference; fileEncoding = 4; lastKnownFileType = sourcecode.swift; path = CourseAgent.swift; sourceTree = "<group>"; };
		E98E2B4F1C46492900CF82BE /* NKNetworkLoadCourse.swift */ = {isa = PBXFileReference; fileEncoding = 4; lastKnownFileType = sourcecode.swift; path = NKNetworkLoadCourse.swift; sourceTree = "<group>"; };
		E98E2B8A1C46ABE400CF82BE /* ClassTimeView.swift */ = {isa = PBXFileReference; fileEncoding = 4; lastKnownFileType = sourcecode.swift; path = ClassTimeView.swift; sourceTree = "<group>"; };
		E98F94D51AA3180700885992 /* ClassTimeViewController.swift */ = {isa = PBXFileReference; fileEncoding = 4; lastKnownFileType = sourcecode.swift; path = ClassTimeViewController.swift; sourceTree = "<group>"; };
		E98F94D71AA318EF00885992 /* FunctionTableViewController.swift */ = {isa = PBXFileReference; fileEncoding = 4; lastKnownFileType = sourcecode.swift; path = FunctionTableViewController.swift; sourceTree = "<group>"; };
		E98F94D91AA3191F00885992 /* SettingTableViewController.swift */ = {isa = PBXFileReference; fileEncoding = 4; lastKnownFileType = sourcecode.swift; path = SettingTableViewController.swift; sourceTree = "<group>"; };
		E9927C051D2E463900DE284C /* StoragedDataError.swift */ = {isa = PBXFileReference; fileEncoding = 4; lastKnownFileType = sourcecode.swift; path = StoragedDataError.swift; sourceTree = "<group>"; };
		E9929C9A1C49068000D508C8 /* NKNetworkFetchGrade.swift */ = {isa = PBXFileReference; fileEncoding = 4; lastKnownFileType = sourcecode.swift; path = NKNetworkFetchGrade.swift; sourceTree = "<group>"; };
		E995E08A1D3F6369003FDF56 /* R.generated.swift */ = {isa = PBXFileReference; fileEncoding = 4; lastKnownFileType = sourcecode.swift; path = R.generated.swift; sourceTree = "<group>"; };
		E99D67031C16C8CF00E27B08 /* NotiCenterTableViewController.swift */ = {isa = PBXFileReference; fileEncoding = 4; lastKnownFileType = sourcecode.swift; path = NotiCenterTableViewController.swift; sourceTree = "<group>"; };
		E99D67091C16C9EB00E27B08 /* Notification.swift */ = {isa = PBXFileReference; fileEncoding = 4; lastKnownFileType = sourcecode.swift; path = Notification.swift; sourceTree = "<group>"; };
		E99D67121C16F6E700E27B08 /* NotiTableViewCell.swift */ = {isa = PBXFileReference; fileEncoding = 4; lastKnownFileType = sourcecode.swift; path = NotiTableViewCell.swift; sourceTree = "<group>"; };
		E99D675B1C17401B00E27B08 /* NotiDetailViewController.swift */ = {isa = PBXFileReference; fileEncoding = 4; lastKnownFileType = sourcecode.swift; path = NotiDetailViewController.swift; sourceTree = "<group>"; };
		E9A4F6101D30C4740040ABBD /* Crashlytics.framework */ = {isa = PBXFileReference; lastKnownFileType = wrapper.framework; path = Crashlytics.framework; sourceTree = "<group>"; };
		E9A4F6111D30C4740040ABBD /* Fabric.framework */ = {isa = PBXFileReference; lastKnownFileType = wrapper.framework; path = Fabric.framework; sourceTree = "<group>"; };
		E9B577991D38D25E0054F7E8 /* README.md */ = {isa = PBXFileReference; fileEncoding = 4; lastKnownFileType = net.daringfireball.markdown; path = README.md; sourceTree = "<group>"; };
		E9B5779B1D38D69F0054F7E8 /* LICENSE.txt */ = {isa = PBXFileReference; fileEncoding = 4; lastKnownFileType = text; path = LICENSE.txt; sourceTree = "<group>"; };
		E9B5779D1D38DE310054F7E8 /* ClassView.xib */ = {isa = PBXFileReference; fileEncoding = 4; lastKnownFileType = file.xib; path = ClassView.xib; sourceTree = "<group>"; };
		E9B8C4AE1AA82D6E00E0DD50 /* AccountInfo */ = {isa = PBXFileReference; fileEncoding = 4; lastKnownFileType = text; path = AccountInfo; sourceTree = "<group>"; };
		E9B8C5C31BBA7CBE00CFDE19 /* ColorTableViewCell.swift */ = {isa = PBXFileReference; fileEncoding = 4; lastKnownFileType = sourcecode.swift; path = ColorTableViewCell.swift; sourceTree = "<group>"; };
		E9C2ECBF1B183E8B005C1F5F /* MessageUI.framework */ = {isa = PBXFileReference; lastKnownFileType = wrapper.framework; name = MessageUI.framework; path = System/Library/Frameworks/MessageUI.framework; sourceTree = SDKROOT; };
		E9C3EF591BB2BCB600D1C91D /* ErrorHandler.swift */ = {isa = PBXFileReference; fileEncoding = 4; lastKnownFileType = sourcecode.swift; path = ErrorHandler.swift; sourceTree = "<group>"; };
		E9C3EF5D1BB2D03E00D1C91D /* SegueIdentifier.swift */ = {isa = PBXFileReference; fileEncoding = 4; lastKnownFileType = sourcecode.swift; path = SegueIdentifier.swift; sourceTree = "<group>"; };
		E9CA9C8F1C4272BC0030AF49 /* StoreAgent.swift */ = {isa = PBXFileReference; fileEncoding = 4; lastKnownFileType = sourcecode.swift; path = StoreAgent.swift; sourceTree = "<group>"; };
		E9CA9C951C4274F60030AF49 /* NKNetworkLogin.swift */ = {isa = PBXFileReference; fileEncoding = 4; lastKnownFileType = sourcecode.swift; path = NKNetworkLogin.swift; sourceTree = "<group>"; };
		E9CCF4B71ABC653E002076F2 /* ColorChooseTableViewController.swift */ = {isa = PBXFileReference; fileEncoding = 4; lastKnownFileType = sourcecode.swift; path = ColorChooseTableViewController.swift; sourceTree = "<group>"; };
		E9CCF4B91ABC6578002076F2 /* ColorChooseTableViewCell.swift */ = {isa = PBXFileReference; fileEncoding = 4; lastKnownFileType = sourcecode.swift; path = ColorChooseTableViewCell.swift; sourceTree = "<group>"; };
		E9D0A6E41C43725700FF1A38 /* Security.framework */ = {isa = PBXFileReference; lastKnownFileType = wrapper.framework; name = Security.framework; path = System/Library/Frameworks/Security.framework; sourceTree = SDKROOT; };
		E9D754AD1C69C27C00619BAC /* libiconv.tbd */ = {isa = PBXFileReference; lastKnownFileType = "sourcecode.text-based-dylib-definition"; name = libiconv.tbd; path = usr/lib/libiconv.tbd; sourceTree = SDKROOT; };
		E9D754B01C69C29A00619BAC /* CoreTelephony.framework */ = {isa = PBXFileReference; lastKnownFileType = wrapper.framework; name = CoreTelephony.framework; path = System/Library/Frameworks/CoreTelephony.framework; sourceTree = SDKROOT; };
		E9D754B21C69C2A300619BAC /* libstdc++.tbd */ = {isa = PBXFileReference; lastKnownFileType = "sourcecode.text-based-dylib-definition"; name = "libstdc++.tbd"; path = "usr/lib/libstdc++.tbd"; sourceTree = SDKROOT; };
		E9D754B41C6A468300619BAC /* libicucore.tbd */ = {isa = PBXFileReference; lastKnownFileType = "sourcecode.text-based-dylib-definition"; name = libicucore.tbd; path = usr/lib/libicucore.tbd; sourceTree = SDKROOT; };
		E9D754B61C6A469400619BAC /* JavaScriptCore.framework */ = {isa = PBXFileReference; lastKnownFileType = wrapper.framework; name = JavaScriptCore.framework; path = System/Library/Frameworks/JavaScriptCore.framework; sourceTree = SDKROOT; };
		E9D754ED1C6AD19100619BAC /* ImageIO.framework */ = {isa = PBXFileReference; lastKnownFileType = wrapper.framework; name = ImageIO.framework; path = System/Library/Frameworks/ImageIO.framework; sourceTree = SDKROOT; };
		E9D754EF1C6AD19800619BAC /* AdSupport.framework */ = {isa = PBXFileReference; lastKnownFileType = wrapper.framework; name = AdSupport.framework; path = System/Library/Frameworks/AdSupport.framework; sourceTree = SDKROOT; };
		E9D754F11C6AD19E00619BAC /* libsqlite3.tbd */ = {isa = PBXFileReference; lastKnownFileType = "sourcecode.text-based-dylib-definition"; name = libsqlite3.tbd; path = usr/lib/libsqlite3.tbd; sourceTree = SDKROOT; };
		E9D754FC1C6ADB8500619BAC /* Base */ = {isa = PBXFileReference; lastKnownFileType = text.plist.strings; name = Base; path = Base.lproj/Localizable.strings; sourceTree = "<group>"; };
		E9D754FE1C6ADB9B00619BAC /* zh-Hans */ = {isa = PBXFileReference; lastKnownFileType = text.plist.strings; name = "zh-Hans"; path = "zh-Hans.lproj/Localizable.strings"; sourceTree = "<group>"; };
		E9DA59441D3888E80012ED9A /* .travis.yml */ = {isa = PBXFileReference; fileEncoding = 4; lastKnownFileType = text; path = .travis.yml; sourceTree = "<group>"; };
		E9DA594A1D3889AF0012ED9A /* NKU HelperTests.xctest */ = {isa = PBXFileReference; explicitFileType = wrapper.cfbundle; includeInIndex = 0; path = "NKU HelperTests.xctest"; sourceTree = BUILT_PRODUCTS_DIR; };
		E9DA594C1D3889AF0012ED9A /* NKU_HelperTests.swift */ = {isa = PBXFileReference; lastKnownFileType = sourcecode.swift; path = NKU_HelperTests.swift; sourceTree = "<group>"; };
		E9DA594E1D3889AF0012ED9A /* Info.plist */ = {isa = PBXFileReference; lastKnownFileType = text.plist.xml; path = Info.plist; sourceTree = "<group>"; };
		E9F674EB1BA80E7500BEF640 /* RSA.html */ = {isa = PBXFileReference; fileEncoding = 4; lastKnownFileType = text.html; path = RSA.html; sourceTree = "<group>"; };
		E9FE26131B137FEC00FCBB32 /* Colors.swift */ = {isa = PBXFileReference; fileEncoding = 4; lastKnownFileType = sourcecode.swift; path = Colors.swift; sourceTree = "<group>"; };
/* End PBXFileReference section */

/* Begin PBXFrameworksBuildPhase section */
		E90AE2251A8F813900AD0D78 /* Frameworks */ = {
			isa = PBXFrameworksBuildPhase;
			buildActionMask = 2147483647;
			files = (
				E9657B7C1C6B104700D57C7F /* AdSupport.framework in Frameworks */,
				E9657B7B1C6B0D9A00D57C7F /* JavaScriptCore.framework in Frameworks */,
				E9D754F21C6AD19E00619BAC /* libsqlite3.tbd in Frameworks */,
				E9D754EE1C6AD19100619BAC /* ImageIO.framework in Frameworks */,
				E9D754B51C6A468300619BAC /* libicucore.tbd in Frameworks */,
				E9D754B31C69C2A300619BAC /* libstdc++.tbd in Frameworks */,
				E9D754B11C69C29A00619BAC /* CoreTelephony.framework in Frameworks */,
				E9D754AF1C69C28B00619BAC /* CoreGraphics.framework in Frameworks */,
				E9D754AE1C69C27C00619BAC /* libiconv.tbd in Frameworks */,
				E9D0A6E51C43725700FF1A38 /* Security.framework in Frameworks */,
				E9D0A6D91C434B4000FF1A38 /* libc++.tbd in Frameworks */,
				E92FB3F61BF372BB004C6B7C /* libz.tbd in Frameworks */,
				E92FB3F51BF37298004C6B7C /* libsqlite3.0.tbd in Frameworks */,
				E92FB3F11BF3726F004C6B7C /* SystemConfiguration.framework in Frameworks */,
				E9A4F6131D30C4740040ABBD /* Fabric.framework in Frameworks */,
				E9A4F6121D30C4740040ABBD /* Crashlytics.framework in Frameworks */,
				E9C2ECC01B183E8B005C1F5F /* MessageUI.framework in Frameworks */,
				12E9B37A086FABEDFEA4D109 /* Pods_NKU_Helper.framework in Frameworks */,
			);
			runOnlyForDeploymentPostprocessing = 0;
		};
		E9DA59471D3889AF0012ED9A /* Frameworks */ = {
			isa = PBXFrameworksBuildPhase;
			buildActionMask = 2147483647;
			files = (
			);
			runOnlyForDeploymentPostprocessing = 0;
		};
/* End PBXFrameworksBuildPhase section */

/* Begin PBXGroup section */
		911897253CF7E957EC7F6666 /* Frameworks */ = {
			isa = PBXGroup;
			children = (
				E9D754F11C6AD19E00619BAC /* libsqlite3.tbd */,
				E9D754EF1C6AD19800619BAC /* AdSupport.framework */,
				E9D754ED1C6AD19100619BAC /* ImageIO.framework */,
				E9D754B61C6A469400619BAC /* JavaScriptCore.framework */,
				E9D754B41C6A468300619BAC /* libicucore.tbd */,
				E9D754B21C69C2A300619BAC /* libstdc++.tbd */,
				E9D754B01C69C29A00619BAC /* CoreTelephony.framework */,
				E9D754AD1C69C27C00619BAC /* libiconv.tbd */,
				E9D0A6E41C43725700FF1A38 /* Security.framework */,
				E975B7D21C154F3100240D4C /* libc++.tbd */,
				E92FB3F41BF37298004C6B7C /* libsqlite3.0.tbd */,
				E92FB3F21BF37279004C6B7C /* libz.tbd */,
				E92FB3F01BF3726F004C6B7C /* SystemConfiguration.framework */,
				E98DC72D1B8B13DE00273510 /* CoreGraphics.framework */,
				E98DC72B1B8B13D600273510 /* UIKit.framework */,
				E98DC7291B8B13D100273510 /* Foundation.framework */,
				E9C2ECBF1B183E8B005C1F5F /* MessageUI.framework */,
				9945BD65AD3E7D087016CF58 /* Pods_NKU_Helper.framework */,
			);
			name = Frameworks;
			sourceTree = "<group>";
		};
		A9DA1C86FD669D792C25EF68 /* Pods */ = {
			isa = PBXGroup;
			children = (
				4049955BC5E2C9CBE0D70558 /* Pods-NKU Helper.debug.xcconfig */,
				64CC4A72658875289900881A /* Pods-NKU Helper.release.xcconfig */,
				3CE36F262CA4F2D8F01054B4 /* Pods-NKU Helper.ad hoc distribution.xcconfig */,
			);
			name = Pods;
			sourceTree = "<group>";
		};
		E90AE21F1A8F813900AD0D78 = {
			isa = PBXGroup;
			children = (
				E9B577991D38D25E0054F7E8 /* README.md */,
				E92FB3E51BF3676F004C6B7C /* VersionLog.md */,
				E961C83E1D2EAE740066C9C3 /* 编码规范.md */,
				E995E08A1D3F6369003FDF56 /* R.generated.swift */,
				911897253CF7E957EC7F6666 /* Frameworks */,
				E90AE22A1A8F813900AD0D78 /* NKU Helper */,
				E9DA594B1D3889AF0012ED9A /* NKU HelperTests */,
				E90AE2291A8F813900AD0D78 /* Products */,
				E9DA59441D3888E80012ED9A /* .travis.yml */,
				E9B5779B1D38D69F0054F7E8 /* LICENSE.txt */,
				A9DA1C86FD669D792C25EF68 /* Pods */,
			);
			sourceTree = "<group>";
		};
		E90AE2291A8F813900AD0D78 /* Products */ = {
			isa = PBXGroup;
			children = (
				E90AE2281A8F813900AD0D78 /* NKU Helper.app */,
				E9DA594A1D3889AF0012ED9A /* NKU HelperTests.xctest */,
			);
			name = Products;
			sourceTree = "<group>";
		};
		E90AE22A1A8F813900AD0D78 /* NKU Helper */ = {
			isa = PBXGroup;
			children = (
				E90AE22D1A8F813900AD0D78 /* AppDelegate.swift */,
				E988B5361AB005DF006818FA /* Main.storyboard */,
				E9693E3D1D32441600D6135B /* LogIn.storyboard */,
				E942864F1AA4CD2A00A4242C /* LogInViewController.swift */,
				E9FE26151B13800700FCBB32 /* Model和帮助类 */,
				E9D4DC471AAEF45D00A02327 /* 今天 */,
				E98F94E21AA31A1A00885992 /* 课程表 */,
				E98F94DF1AA319CD00885992 /* 功能 */,
				E98F94E11AA319EE00885992 /* 设置 */,
				E90E87221C40E54100E6BE3A /* Network */,
				E98E2B4C1C463FCC00CF82BE /* StoreClass */,
				E9C3EF581BB2BB8000D1C91D /* Structures */,
				E9927C071D2E474200DE284C /* Errors */,
				E90AE22B1A8F813900AD0D78 /* Supporting Files */,
				E95C37F81BA55B95004444FF /* images */,
				E99D674B1C173A7500E27B08 /* Third Party */,
			);
			path = "NKU Helper";
			sourceTree = "<group>";
		};
		E90AE22B1A8F813900AD0D78 /* Supporting Files */ = {
			isa = PBXGroup;
			children = (
				E90AE22C1A8F813900AD0D78 /* Info.plist */,
				E9D754FD1C6ADB8500619BAC /* Localizable.strings */,
				E91E5F4A1A90FA9E009F3B2B /* NKU Helper-Bridging-Header.h */,
			);
			path = "Supporting Files";
			sourceTree = "<group>";
		};
		E90E87221C40E54100E6BE3A /* Network */ = {
			isa = PBXGroup;
			children = (
				E90E87231C40E58B00E6BE3A /* NKNetworkBase.swift */,
				E93083AF1D3BBF50000FC8E8 /* 功能 */,
				E92BDD041C62230F005A5CB8 /* 登陆 */,
				E9634EBE1D38E3B900F30FA0 /* NKNetworkFetchInfo.swift */,
				E95F93D81C4FC04500CEEC12 /* NKNetworkFetchUserInfo.swift */,
				E98E2B4F1C46492900CF82BE /* NKNetworkLoadCourse.swift */,
			);
			path = Network;
			sourceTree = "<group>";
		};
		E90E87271C40F2F400E6BE3A /* 选课 */ = {
			isa = PBXGroup;
			children = (
				E9693E4F1D32955500D6135B /* SelectCourse.storyboard */,
				E90E872A1C40FCE700E6BE3A /* SelectCourseTableViewController.swift */,
				E91D2E551C846778002605F8 /* SearchCourseTableViewController.swift */,
				E91D2E591C846CA1002605F8 /* ClassInfoTableViewCell.swift */,
				E91D2E571C8468B6002605F8 /* SearchCourseDetailTableViewController.swift */,
				E981C12C1C84A02D005CBF4E /* ClassModificationTableViewCell.swift */,
			);
			path = "选课";
			sourceTree = "<group>";
		};
		E92BDD031C622304005A5CB8 /* 评教 */ = {
			isa = PBXGroup;
			children = (
				E95F93DE1C50CF2900CEEC12 /* NKNetworkEvaluate.swift */,
				E95F93E81C51024800CEEC12 /* NKNetworkEvaluateDetail.swift */,
				E95F93EE1C51394800CEEC12 /* NKNetworkEvaluateSubmit.swift */,
			);
			path = "评教";
			sourceTree = "<group>";
		};
		E92BDD041C62230F005A5CB8 /* 登陆 */ = {
			isa = PBXGroup;
			children = (
				E90E87251C40E5C700E6BE3A /* NKNetworkIsLogin.swift */,
				E9CA9C951C4274F60030AF49 /* NKNetworkLogin.swift */,
				E94BC1F91C476C5000BD9726 /* NKNetworkValidateCodeGetter.swift */,
			);
			path = "登陆";
			sourceTree = "<group>";
		};
		E930839F1D3A8CC3000FC8E8 /* WeekdayView */ = {
			isa = PBXGroup;
			children = (
				E930839B1D39E38D000FC8E8 /* WeekdayView.swift */,
				E93083991D39DA38000FC8E8 /* WeekdayView.xib */,
			);
			path = WeekdayView;
			sourceTree = "<group>";
		};
		E93083A41D3A8FCA000FC8E8 /* TimeScheduleView */ = {
			isa = PBXGroup;
			children = (
				E93083A21D3A8F4D000FC8E8 /* TimeScheduleView.swift */,
				E93083A01D3A8D4A000FC8E8 /* TimeScheduleView.xib */,
			);
			path = TimeScheduleView;
			sourceTree = "<group>";
		};
		E93083A71D3B7380000FC8E8 /* ClassView */ = {
			isa = PBXGroup;
			children = (
				E93083A51D3B6B6A000FC8E8 /* ClassView.swift */,
				E9B5779D1D38DE310054F7E8 /* ClassView.xib */,
			);
			path = ClassView;
			sourceTree = "<group>";
		};
		E93083AA1D3BB7F6000FC8E8 /* 考试时间查询 */ = {
			isa = PBXGroup;
			children = (
				E93083AB1D3BB815000FC8E8 /* TestTimeSearch.storyboard */,
				E9462A451B24A1E00002C21A /* TestTimeTableViewController.swift */,
				E9462A471B24A6480002C21A /* TestTimeTableViewCell.swift */,
			);
			path = "考试时间查询";
			sourceTree = "<group>";
		};
		E93083AD1D3BBF33000FC8E8 /* 查成绩 */ = {
			isa = PBXGroup;
			children = (
				E9929C9A1C49068000D508C8 /* NKNetworkFetchGrade.swift */,
			);
			path = "查成绩";
			sourceTree = "<group>";
		};
		E93083AE1D3BBF3C000FC8E8 /* 通知中心 */ = {
			isa = PBXGroup;
			children = (
				E9762F6F1C48DE77002CEF03 /* NKNetworkFetchNoti.swift */,
			);
			path = "通知中心";
			sourceTree = "<group>";
		};
		E93083AF1D3BBF50000FC8E8 /* 功能 */ = {
			isa = PBXGroup;
			children = (
				E93083AE1D3BBF3C000FC8E8 /* 通知中心 */,
				E93083AD1D3BBF33000FC8E8 /* 查成绩 */,
				E9C3A0D71C7CB3F3009C6B21 /* 选课 */,
				E93083B01D3BBF63000FC8E8 /* 查考试时间 */,
				E92BDD031C622304005A5CB8 /* 评教 */,
			);
			path = "功能";
			sourceTree = "<group>";
		};
		E93083B01D3BBF63000FC8E8 /* 查考试时间 */ = {
			isa = PBXGroup;
			children = (
				E93083B11D3BBFA7000FC8E8 /* NKNetworkFetchTestTime.swift */,
			);
			path = "查考试时间";
			sourceTree = "<group>";
		};
		E93083B31D3BE301000FC8E8 /* Model */ = {
			isa = PBXGroup;
			children = (
				E94BD97F1BAC06E300B76E03 /* Course.swift */,
				E95B0F2C1C83E18700448F97 /* CourseSelecting.swift */,
				E93C0F171BB54B54001303CF /* ThingToDo.swift */,
			);
			path = Model;
			sourceTree = "<group>";
		};
		E94211BD1B00B99F00087846 /* Cell */ = {
			isa = PBXGroup;
			children = (
				E94BD97B1BAC043500B76E03 /* CourseCell.swift */,
				E9084D821BB94EB800423566 /* ToDoCell.swift */,
			);
			path = Cell;
			sourceTree = "<group>";
		};
		E95C37F81BA55B95004444FF /* images */ = {
			isa = PBXGroup;
			children = (
				E95F93F21C52074900CEEC12 /* 1.jpg */,
				E93083CB1D3CCEA2000FC8E8 /* slogan.png */,
				E93083C51D3CC258000FC8E8 /* 米色白色渐变背景.png */,
				E90AE2371A8F813900AD0D78 /* Images.xcassets */,
				E96E739F1BBBFC3400B62663 /* Launch.storyboard */,
			);
			path = images;
			sourceTree = "<group>";
		};
		E95F93DB1C50CE9100CEEC12 /* 评教 */ = {
			isa = PBXGroup;
			children = (
				E9693E4D1D3294FA00D6135B /* Evaluate.storyboard */,
				E95F93DC1C50CEAA00CEEC12 /* EvaluateTableViewController.swift */,
				E95F93E21C50F7E100CEEC12 /* ClassToEvaluateTableViewCell.swift */,
				E95F93E01C50EF2800CEEC12 /* ClassToEvaluate.swift */,
				E95F93E41C50FAEB00CEEC12 /* EvaluateDetailTableViewController.swift */,
				E95F93E61C50FE8800CEEC12 /* EvaluateDetailTableViewCell.swift */,
				E95F93EC1C51377300CEEC12 /* EvaluateOpinionTableViewCell.swift */,
				E95F93EA1C512B8B00CEEC12 /* DetailEvaluateInfo.swift */,
			);
			path = "评教";
			sourceTree = "<group>";
		};
		E97A94AF1ABF19F200998A07 /* PreferredColors */ = {
			isa = PBXGroup;
			children = (
				E9CCF4B71ABC653E002076F2 /* ColorChooseTableViewController.swift */,
				E9CCF4B91ABC6578002076F2 /* ColorChooseTableViewCell.swift */,
				E9B8C5C31BBA7CBE00CFDE19 /* ColorTableViewCell.swift */,
			);
			path = PreferredColors;
			sourceTree = "<group>";
		};
		E98E2B4C1C463FCC00CF82BE /* StoreClass */ = {
			isa = PBXGroup;
			children = (
				E9B8C4AE1AA82D6E00E0DD50 /* AccountInfo */,
				E98E2B4D1C46469700CF82BE /* CourseAgent.swift */,
				E98E2B4A1C4639EC00CF82BE /* PreferredColorAgent.swift */,
				E9CA9C8F1C4272BC0030AF49 /* StoreAgent.swift */,
				E98E2B461C4638C800CF82BE /* StoreProtocol.swift */,
				E98E2B481C4639BB00CF82BE /* UserAgent.swift */,
				E95F93D61C4FB23900CEEC12 /* UserDetailInfoAgent.swift */,
			);
			path = StoreClass;
			sourceTree = "<group>";
		};
		E98F94D21AA317B100885992 /* 成绩查询 */ = {
			isa = PBXGroup;
			children = (
				E9693E4B1D32945F00D6135B /* Grade.storyboard */,
				E91E5F4E1A90FAED009F3B2B /* GradeShowerTableViewController.swift */,
				E91E5F541A9103DF009F3B2B /* GradeCell.swift */,
				E93083BB1D3CA8AE000FC8E8 /* GPACell.swift */,
				E95F93C51C4E6CD100CEEC12 /* Grade.swift */,
				E93083B91D3CA734000FC8E8 /* GPACalculateMethodTableViewController.swift */,
			);
			path = "成绩查询";
			sourceTree = "<group>";
		};
		E98F94DF1AA319CD00885992 /* 功能 */ = {
			isa = PBXGroup;
			children = (
				E9693E471D32926300D6135B /* Function.storyboard */,
				E98F94D71AA318EF00885992 /* FunctionTableViewController.swift */,
				E93083B51D3C76D2000FC8E8 /* FunctionBaseViewController.swift */,
				E93083B71D3C7A5C000FC8E8 /* FunctionBaseTableViewController.swift */,
				E99D670B1C16CA8600E27B08 /* 通知中心 */,
				E98F94D21AA317B100885992 /* 成绩查询 */,
				E93083AA1D3BB7F6000FC8E8 /* 考试时间查询 */,
				E95F93DB1C50CE9100CEEC12 /* 评教 */,
				E90E87271C40F2F400E6BE3A /* 选课 */,
			);
			path = "功能";
			sourceTree = "<group>";
		};
		E98F94E11AA319EE00885992 /* 设置 */ = {
			isa = PBXGroup;
			children = (
				E9693E3F1D3245FB00D6135B /* Settings.storyboard */,
				E98F94D91AA3191F00885992 /* SettingTableViewController.swift */,
				E9DB7EBC1AAB5EB0000D4182 /* AccountInfo */,
				E97A94AF1ABF19F200998A07 /* PreferredColors */,
				E97176751B1488CA004DADB2 /* AboutViewController.swift */,
			);
			path = "设置";
			sourceTree = "<group>";
		};
		E98F94E21AA31A1A00885992 /* 课程表 */ = {
			isa = PBXGroup;
			children = (
				E9693E451D3290AE00D6135B /* ClassTime.storyboard */,
				E98F94D51AA3180700885992 /* ClassTimeViewController.swift */,
				E98E2B8A1C46ABE400CF82BE /* ClassTimeView.swift */,
				E93083A71D3B7380000FC8E8 /* ClassView */,
				E93083A41D3A8FCA000FC8E8 /* TimeScheduleView */,
				E930839F1D3A8CC3000FC8E8 /* WeekdayView */,
			);
			path = "课程表";
			sourceTree = "<group>";
		};
		E9927C071D2E474200DE284C /* Errors */ = {
			isa = PBXGroup;
			children = (
				E9927C051D2E463900DE284C /* StoragedDataError.swift */,
			);
			path = Errors;
			sourceTree = "<group>";
		};
		E99D670B1C16CA8600E27B08 /* 通知中心 */ = {
			isa = PBXGroup;
			children = (
				E9693E491D32932500D6135B /* NotiCenter.storyboard */,
				E99D67031C16C8CF00E27B08 /* NotiCenterTableViewController.swift */,
				E99D67121C16F6E700E27B08 /* NotiTableViewCell.swift */,
				E99D675B1C17401B00E27B08 /* NotiDetailViewController.swift */,
				E99D67091C16C9EB00E27B08 /* Notification.swift */,
			);
			path = "通知中心";
			sourceTree = "<group>";
		};
		E99D674B1C173A7500E27B08 /* Third Party */ = {
			isa = PBXGroup;
			children = (
				E9A4F6101D30C4740040ABBD /* Crashlytics.framework */,
				E9A4F6111D30C4740040ABBD /* Fabric.framework */,
			);
			path = "Third Party";
			sourceTree = "<group>";
		};
		E9ACA1221AB2D6E7001083C1 /* RefreshControl */ = {
			isa = PBXGroup;
			children = (
				E926CD741AB33B1700A5076A /* NKU.plist */,
			);
			path = RefreshControl;
			sourceTree = "<group>";
		};
		E9C3A0D71C7CB3F3009C6B21 /* 选课 */ = {
			isa = PBXGroup;
			children = (
				E95B0F2E1C83F0B800448F97 /* NKNetworkDepartCode.swift */,
				E90E87421C4139FD00E6BE3A /* NKNetworkSearchCourse.swift */,
				E90E872C1C41002E00E6BE3A /* NKNetworkSelectCourse.swift */,
			);
			path = "选课";
			sourceTree = "<group>";
		};
		E9C3EF581BB2BB8000D1C91D /* Structures */ = {
			isa = PBXGroup;
			children = (
				E94BD97D1BAC054E00B76E03 /* CellIdentifier.swift */,
				E9FE26131B137FEC00FCBB32 /* Colors.swift */,
				E9C3EF591BB2BCB600D1C91D /* ErrorHandler.swift */,
				E9C3EF5D1BB2D03E00D1C91D /* SegueIdentifier.swift */,
			);
			path = Structures;
			sourceTree = "<group>";
		};
		E9D4DC471AAEF45D00A02327 /* 今天 */ = {
			isa = PBXGroup;
			children = (
				E9693E431D32894000D6135B /* Today.storyboard */,
				E94BD9791BABE9A500B76E03 /* TodayViewController.swift */,
				E971EB811BAAFEE8005E6E55 /* PlusCircleView.swift */,
				E94211BD1B00B99F00087846 /* Cell */,
				E97176771B149292004DADB2 /* CourseDetailTableViewController.swift */,
			);
			path = "今天";
			sourceTree = "<group>";
		};
		E9DA594B1D3889AF0012ED9A /* NKU HelperTests */ = {
			isa = PBXGroup;
			children = (
				E9DA594E1D3889AF0012ED9A /* Info.plist */,
				E9DA594C1D3889AF0012ED9A /* NKU_HelperTests.swift */,
			);
			path = "NKU HelperTests";
			sourceTree = "<group>";
		};
		E9DB7EBC1AAB5EB0000D4182 /* AccountInfo */ = {
			isa = PBXGroup;
			children = (
				E96419D11AA8971B00397691 /* AccountTableViewCell.swift */,
				E96419D31AA8BC9800397691 /* DetailAccountInfoTableViewController.swift */,
				E9F674EB1BA80E7500BEF640 /* RSA.html */,
				E94286571AA5500C00A4242C /* SaveAccountInfoViewController.swift */,
			);
			path = AccountInfo;
			sourceTree = "<group>";
		};
		E9F3D2C21BB7F69100255F4B /* HelperClass */ = {
			isa = PBXGroup;
			children = (
				E92B2D001B48DB89008825A3 /* CalendarHelper.swift */,
				E930839D1D3A0DE1000FC8E8 /* UIViewExtention.swift */,
			);
			path = HelperClass;
			sourceTree = "<group>";
		};
		E9FE26151B13800700FCBB32 /* Model和帮助类 */ = {
			isa = PBXGroup;
			children = (
				E9F3D2C21BB7F69100255F4B /* HelperClass */,
				E93083B31D3BE301000FC8E8 /* Model */,
				E9ACA1221AB2D6E7001083C1 /* RefreshControl */,
			);
			path = "Model和帮助类";
			sourceTree = "<group>";
		};
/* End PBXGroup section */

/* Begin PBXNativeTarget section */
		E90AE2271A8F813900AD0D78 /* NKU Helper */ = {
			isa = PBXNativeTarget;
			buildConfigurationList = E90AE24A1A8F813900AD0D78 /* Build configuration list for PBXNativeTarget "NKU Helper" */;
			buildPhases = (
				E840DD38A3B6909188C8E734 /* [CP] Check Pods Manifest.lock */,
				E995E0891D3F6132003FDF56 /* ShellScript */,
				E90AE2241A8F813900AD0D78 /* Sources */,
				E90AE2251A8F813900AD0D78 /* Frameworks */,
				E90AE2261A8F813900AD0D78 /* Resources */,
				E93C0C9B1BB54077001303CF /* Embed Frameworks */,
				E9D0A6DA1C43573100FF1A38 /* Run Script */,
				8CAB24C9F0BEC70EEA1037EA /* [CP] Embed Pods Frameworks */,
				25865A08D4DEDDF4ED3F37AC /* [CP] Copy Pods Resources */,
			);
			buildRules = (
			);
			dependencies = (
			);
			name = "NKU Helper";
			productName = "NKU Helper";
			productReference = E90AE2281A8F813900AD0D78 /* NKU Helper.app */;
			productType = "com.apple.product-type.application";
		};
		E9DA59491D3889AF0012ED9A /* NKU HelperTests */ = {
			isa = PBXNativeTarget;
			buildConfigurationList = E9DA59511D3889AF0012ED9A /* Build configuration list for PBXNativeTarget "NKU HelperTests" */;
			buildPhases = (
				E9DA59461D3889AF0012ED9A /* Sources */,
				E9DA59471D3889AF0012ED9A /* Frameworks */,
				E9DA59481D3889AF0012ED9A /* Resources */,
			);
			buildRules = (
			);
			dependencies = (
				E9DA59501D3889AF0012ED9A /* PBXTargetDependency */,
			);
			name = "NKU HelperTests";
			productName = "NKU HelperTests";
			productReference = E9DA594A1D3889AF0012ED9A /* NKU HelperTests.xctest */;
			productType = "com.apple.product-type.bundle.unit-test";
		};
/* End PBXNativeTarget section */

/* Begin PBXProject section */
		E90AE2201A8F813900AD0D78 /* Project object */ = {
			isa = PBXProject;
			attributes = {
				LastSwiftMigration = 0700;
				LastSwiftUpdateCheck = 0730;
				LastUpgradeCheck = 0700;
				ORGANIZATIONNAME = "&#38472;&#20048;&#22825;";
				TargetAttributes = {
					E90AE2271A8F813900AD0D78 = {
						CreatedOnToolsVersion = 6.1.1;
						DevelopmentTeam = E9FBJ6HPDB;
					};
					E9DA59491D3889AF0012ED9A = {
						CreatedOnToolsVersion = 7.3.1;
						TestTargetID = E90AE2271A8F813900AD0D78;
					};
				};
			};
			buildConfigurationList = E90AE2231A8F813900AD0D78 /* Build configuration list for PBXProject "NKU Helper" */;
			compatibilityVersion = "Xcode 3.2";
			developmentRegion = English;
			hasScannedForEncodings = 0;
			knownRegions = (
				en,
				Base,
				"zh-Hans",
			);
			mainGroup = E90AE21F1A8F813900AD0D78;
			productRefGroup = E90AE2291A8F813900AD0D78 /* Products */;
			projectDirPath = "";
			projectRoot = "";
			targets = (
				E90AE2271A8F813900AD0D78 /* NKU Helper */,
				E9DA59491D3889AF0012ED9A /* NKU HelperTests */,
			);
		};
/* End PBXProject section */

/* Begin PBXResourcesBuildPhase section */
		E90AE2261A8F813900AD0D78 /* Resources */ = {
			isa = PBXResourcesBuildPhase;
			buildActionMask = 2147483647;
			files = (
				E9693E3E1D32441600D6135B /* LogIn.storyboard in Resources */,
				E9693E461D3290AE00D6135B /* ClassTime.storyboard in Resources */,
				E9D754FB1C6ADB8500619BAC /* Localizable.strings in Resources */,
				E9693E401D3245FB00D6135B /* Settings.storyboard in Resources */,
				E93083AC1D3BB815000FC8E8 /* TestTimeSearch.storyboard in Resources */,
				E93083CC1D3CCEA2000FC8E8 /* slogan.png in Resources */,
				E9693E481D32926300D6135B /* Function.storyboard in Resources */,
				E926CD751AB33B1700A5076A /* NKU.plist in Resources */,
				E92FB3E61BF3676F004C6B7C /* VersionLog.md in Resources */,
				E9B8C4AF1AA82D6E00E0DD50 /* AccountInfo in Resources */,
				E9693E501D32955500D6135B /* SelectCourse.storyboard in Resources */,
				E93083C61D3CC258000FC8E8 /* 米色白色渐变背景.png in Resources */,
				E930839A1D39DA38000FC8E8 /* WeekdayView.xib in Resources */,
				E9693E441D32894000D6135B /* Today.storyboard in Resources */,
				E95F93F31C52074900CEEC12 /* 1.jpg in Resources */,
				E9693E4C1D32945F00D6135B /* Grade.storyboard in Resources */,
				E9B5779E1D38DE310054F7E8 /* ClassView.xib in Resources */,
				E988B5371AB005DF006818FA /* Main.storyboard in Resources */,
				E9B5779C1D38D69F0054F7E8 /* LICENSE.txt in Resources */,
				E9693E4A1D32932500D6135B /* NotiCenter.storyboard in Resources */,
				E9693E4E1D3294FA00D6135B /* Evaluate.storyboard in Resources */,
				E9DA59451D3888E80012ED9A /* .travis.yml in Resources */,
				E96E73A01BBBFC3400B62663 /* Launch.storyboard in Resources */,
				E90AE2381A8F813900AD0D78 /* Images.xcassets in Resources */,
				E93083A11D3A8D4A000FC8E8 /* TimeScheduleView.xib in Resources */,
				E9F674EC1BA80E7500BEF640 /* RSA.html in Resources */,
			);
			runOnlyForDeploymentPostprocessing = 0;
		};
		E9DA59481D3889AF0012ED9A /* Resources */ = {
			isa = PBXResourcesBuildPhase;
			buildActionMask = 2147483647;
			files = (
			);
			runOnlyForDeploymentPostprocessing = 0;
		};
/* End PBXResourcesBuildPhase section */

/* Begin PBXShellScriptBuildPhase section */
		25865A08D4DEDDF4ED3F37AC /* [CP] Copy Pods Resources */ = {
			isa = PBXShellScriptBuildPhase;
			buildActionMask = 2147483647;
			files = (
			);
			inputPaths = (
			);
			name = "[CP] Copy Pods Resources";
			outputPaths = (
			);
			runOnlyForDeploymentPostprocessing = 0;
			shellPath = /bin/sh;
			shellScript = "\"${SRCROOT}/Pods/Target Support Files/Pods-NKU Helper/Pods-NKU Helper-resources.sh\"\n";
			showEnvVarsInLog = 0;
		};
		8CAB24C9F0BEC70EEA1037EA /* [CP] Embed Pods Frameworks */ = {
			isa = PBXShellScriptBuildPhase;
			buildActionMask = 2147483647;
			files = (
			);
			inputPaths = (
			);
			name = "[CP] Embed Pods Frameworks";
			outputPaths = (
			);
			runOnlyForDeploymentPostprocessing = 0;
			shellPath = /bin/sh;
			shellScript = "\"${SRCROOT}/Pods/Target Support Files/Pods-NKU Helper/Pods-NKU Helper-frameworks.sh\"\n";
			showEnvVarsInLog = 0;
		};
		E840DD38A3B6909188C8E734 /* [CP] Check Pods Manifest.lock */ = {
			isa = PBXShellScriptBuildPhase;
			buildActionMask = 2147483647;
			files = (
			);
			inputPaths = (
			);
			name = "[CP] Check Pods Manifest.lock";
			outputPaths = (
			);
			runOnlyForDeploymentPostprocessing = 0;
			shellPath = /bin/sh;
			shellScript = "diff \"${PODS_ROOT}/../Podfile.lock\" \"${PODS_ROOT}/Manifest.lock\" > /dev/null\nif [[ $? != 0 ]] ; then\n    cat << EOM\nerror: The sandbox is not in sync with the Podfile.lock. Run 'pod install' or update your CocoaPods installation.\nEOM\n    exit 1\nfi\n";
			showEnvVarsInLog = 0;
		};
		E995E0891D3F6132003FDF56 /* ShellScript */ = {
			isa = PBXShellScriptBuildPhase;
			buildActionMask = 2147483647;
			files = (
			);
			inputPaths = (
			);
			outputPaths = (
			);
			runOnlyForDeploymentPostprocessing = 0;
			shellPath = /bin/sh;
			shellScript = "\"$PODS_ROOT/R.swift/rswift\" \"$SRCROOT\"";
		};
		E9D0A6DA1C43573100FF1A38 /* Run Script */ = {
			isa = PBXShellScriptBuildPhase;
			buildActionMask = 2147483647;
			files = (
			);
			inputPaths = (
			);
			name = "Run Script";
			outputPaths = (
			);
			runOnlyForDeploymentPostprocessing = 0;
			shellPath = /bin/sh;
			shellScript = "./NKU\\ Helper/Third\\ Party/Fabric.framework/run 10e953e10a73fd8f098bf72e3c4afc19cd324aa0 72d765e9ab44b5248d20ec1fc0a91552d1dc550c057be1ecec05240c895beae4";
		};
/* End PBXShellScriptBuildPhase section */

/* Begin PBXSourcesBuildPhase section */
		E90AE2241A8F813900AD0D78 /* Sources */ = {
			isa = PBXSourcesBuildPhase;
			buildActionMask = 2147483647;
			files = (
				E930839C1D39E38D000FC8E8 /* WeekdayView.swift in Sources */,
				E98F94D81AA318EF00885992 /* FunctionTableViewController.swift in Sources */,
				E95B0F2D1C83E18700448F97 /* CourseSelecting.swift in Sources */,
				E981C12D1C84A02D005CBF4E /* ClassModificationTableViewCell.swift in Sources */,
				E91D2E5A1C846CA1002605F8 /* ClassInfoTableViewCell.swift in Sources */,
				E98E2B4E1C46469700CF82BE /* CourseAgent.swift in Sources */,
				E995E08B1D3F6369003FDF56 /* R.generated.swift in Sources */,
				E95F93DD1C50CEAA00CEEC12 /* EvaluateTableViewController.swift in Sources */,
				E9762F701C48DE77002CEF03 /* NKNetworkFetchNoti.swift in Sources */,
				E98E2B4B1C4639EC00CF82BE /* PreferredColorAgent.swift in Sources */,
				E95F93ED1C51377300CEEC12 /* EvaluateOpinionTableViewCell.swift in Sources */,
				E9929C9B1C49068000D508C8 /* NKNetworkFetchGrade.swift in Sources */,
				E95F93EB1C512B8B00CEEC12 /* DetailEvaluateInfo.swift in Sources */,
				E92B2D011B48DB89008825A3 /* CalendarHelper.swift in Sources */,
				E93C0F181BB54B54001303CF /* ThingToDo.swift in Sources */,
				E91D2E561C846778002605F8 /* SearchCourseTableViewController.swift in Sources */,
				E94BC1FA1C476C5000BD9726 /* NKNetworkValidateCodeGetter.swift in Sources */,
				E9C3EF5A1BB2BCB600D1C91D /* ErrorHandler.swift in Sources */,
				E99D670A1C16C9EB00E27B08 /* Notification.swift in Sources */,
				E9462A481B24A6480002C21A /* TestTimeTableViewCell.swift in Sources */,
				E90E87431C4139FD00E6BE3A /* NKNetworkSearchCourse.swift in Sources */,
				E93083B81D3C7A5C000FC8E8 /* FunctionBaseTableViewController.swift in Sources */,
				E95F93E91C51024800CEEC12 /* NKNetworkEvaluateDetail.swift in Sources */,
				E95B0F2F1C83F0B800448F97 /* NKNetworkDepartCode.swift in Sources */,
				E95F93C61C4E6CD100CEEC12 /* Grade.swift in Sources */,
				E96419D21AA8971B00397691 /* AccountTableViewCell.swift in Sources */,
				E93083A31D3A8F4D000FC8E8 /* TimeScheduleView.swift in Sources */,
				E95F93E51C50FAEB00CEEC12 /* EvaluateDetailTableViewController.swift in Sources */,
				E9C3EF5E1BB2D03E00D1C91D /* SegueIdentifier.swift in Sources */,
				E95F93E71C50FE8800CEEC12 /* EvaluateDetailTableViewCell.swift in Sources */,
				E98E2B471C4638C800CF82BE /* StoreProtocol.swift in Sources */,
				E97176781B149292004DADB2 /* CourseDetailTableViewController.swift in Sources */,
				E9462A461B24A1E00002C21A /* TestTimeTableViewController.swift in Sources */,
				E98F94DA1AA3191F00885992 /* SettingTableViewController.swift in Sources */,
				E95F93E31C50F7E100CEEC12 /* ClassToEvaluateTableViewCell.swift in Sources */,
				E96419D41AA8BC9800397691 /* DetailAccountInfoTableViewController.swift in Sources */,
				E90E872B1C40FCE700E6BE3A /* SelectCourseTableViewController.swift in Sources */,
				E98E2B8B1C46ABE400CF82BE /* ClassTimeView.swift in Sources */,
				E99D67041C16C8CF00E27B08 /* NotiCenterTableViewController.swift in Sources */,
				E9084D831BB94EB800423566 /* ToDoCell.swift in Sources */,
				E95F93D71C4FB23900CEEC12 /* UserDetailInfoAgent.swift in Sources */,
				E9927C061D2E463900DE284C /* StoragedDataError.swift in Sources */,
				E94BD97C1BAC043500B76E03 /* CourseCell.swift in Sources */,
				E90E87261C40E5C700E6BE3A /* NKNetworkIsLogin.swift in Sources */,
				E93083A61D3B6B6A000FC8E8 /* ClassView.swift in Sources */,
				E94BD9801BAC06E300B76E03 /* Course.swift in Sources */,
				E91D2E581C8468B6002605F8 /* SearchCourseDetailTableViewController.swift in Sources */,
				E9CCF4BA1ABC6578002076F2 /* ColorChooseTableViewCell.swift in Sources */,
				E971EB821BAAFEE8005E6E55 /* PlusCircleView.swift in Sources */,
				E91E5F4F1A90FAED009F3B2B /* GradeShowerTableViewController.swift in Sources */,
				E90E872D1C41002E00E6BE3A /* NKNetworkSelectCourse.swift in Sources */,
				E93083B21D3BBFA7000FC8E8 /* NKNetworkFetchTestTime.swift in Sources */,
				E97176761B1488CA004DADB2 /* AboutViewController.swift in Sources */,
				E95F93DF1C50CF2900CEEC12 /* NKNetworkEvaluate.swift in Sources */,
				E95F93D91C4FC04500CEEC12 /* NKNetworkFetchUserInfo.swift in Sources */,
				E93083BC1D3CA8AE000FC8E8 /* GPACell.swift in Sources */,
				E99D67131C16F6E800E27B08 /* NotiTableViewCell.swift in Sources */,
				E9B8C5C41BBA7CBE00CFDE19 /* ColorTableViewCell.swift in Sources */,
				E94BD97A1BABE9A500B76E03 /* TodayViewController.swift in Sources */,
				E98F94D61AA3180700885992 /* ClassTimeViewController.swift in Sources */,
				E99D675C1C17401B00E27B08 /* NotiDetailViewController.swift in Sources */,
				E9FE26141B137FEC00FCBB32 /* Colors.swift in Sources */,
				E94286581AA5500C00A4242C /* SaveAccountInfoViewController.swift in Sources */,
				E9CA9C961C4274F60030AF49 /* NKNetworkLogin.swift in Sources */,
				E93083BA1D3CA734000FC8E8 /* GPACalculateMethodTableViewController.swift in Sources */,
				E9CCF4B81ABC653E002076F2 /* ColorChooseTableViewController.swift in Sources */,
				E95F93EF1C51394800CEEC12 /* NKNetworkEvaluateSubmit.swift in Sources */,
				E94286501AA4CD2A00A4242C /* LogInViewController.swift in Sources */,
				E91E5F551A9103DF009F3B2B /* GradeCell.swift in Sources */,
				E930839E1D3A0DE1000FC8E8 /* UIViewExtention.swift in Sources */,
				E98E2B501C46492900CF82BE /* NKNetworkLoadCourse.swift in Sources */,
				E98E2B491C4639BB00CF82BE /* UserAgent.swift in Sources */,
				E9634EBF1D38E3B900F30FA0 /* NKNetworkFetchInfo.swift in Sources */,
				E94BD97E1BAC054E00B76E03 /* CellIdentifier.swift in Sources */,
				E9CA9C901C4272BC0030AF49 /* StoreAgent.swift in Sources */,
				E90E87241C40E58B00E6BE3A /* NKNetworkBase.swift in Sources */,
				E93083B61D3C76D2000FC8E8 /* FunctionBaseViewController.swift in Sources */,
				E90AE22E1A8F813900AD0D78 /* AppDelegate.swift in Sources */,
				E95F93E11C50EF2800CEEC12 /* ClassToEvaluate.swift in Sources */,
			);
			runOnlyForDeploymentPostprocessing = 0;
		};
		E9DA59461D3889AF0012ED9A /* Sources */ = {
			isa = PBXSourcesBuildPhase;
			buildActionMask = 2147483647;
			files = (
				E9DA594D1D3889AF0012ED9A /* NKU_HelperTests.swift in Sources */,
			);
			runOnlyForDeploymentPostprocessing = 0;
		};
/* End PBXSourcesBuildPhase section */

/* Begin PBXTargetDependency section */
		E9DA59501D3889AF0012ED9A /* PBXTargetDependency */ = {
			isa = PBXTargetDependency;
			target = E90AE2271A8F813900AD0D78 /* NKU Helper */;
			targetProxy = E9DA594F1D3889AF0012ED9A /* PBXContainerItemProxy */;
		};
/* End PBXTargetDependency section */

/* Begin PBXVariantGroup section */
		E9D754FD1C6ADB8500619BAC /* Localizable.strings */ = {
			isa = PBXVariantGroup;
			children = (
				E9D754FC1C6ADB8500619BAC /* Base */,
				E9D754FE1C6ADB9B00619BAC /* zh-Hans */,
			);
			name = Localizable.strings;
			path = .;
			sourceTree = "<group>";
		};
/* End PBXVariantGroup section */

/* Begin XCBuildConfiguration section */
		E90A3B311BB829830015EA0D /* ad hoc Distribution */ = {
			isa = XCBuildConfiguration;
			buildSettings = {
				ALWAYS_SEARCH_USER_PATHS = NO;
				CLANG_CXX_LANGUAGE_STANDARD = "gnu++0x";
				CLANG_CXX_LIBRARY = "libc++";
				CLANG_ENABLE_MODULES = YES;
				CLANG_ENABLE_OBJC_ARC = YES;
				CLANG_WARN_BOOL_CONVERSION = YES;
				CLANG_WARN_CONSTANT_CONVERSION = YES;
				CLANG_WARN_DIRECT_OBJC_ISA_USAGE = YES_ERROR;
				CLANG_WARN_EMPTY_BODY = YES;
				CLANG_WARN_ENUM_CONVERSION = YES;
				CLANG_WARN_INT_CONVERSION = YES;
				CLANG_WARN_OBJC_ROOT_CLASS = YES_ERROR;
				CLANG_WARN_UNREACHABLE_CODE = YES;
				CLANG_WARN__DUPLICATE_METHOD_MATCH = YES;
				CODE_SIGN_IDENTITY = "";
				"CODE_SIGN_IDENTITY[sdk=iphoneos*]" = "";
				COPY_PHASE_STRIP = YES;
				ENABLE_BITCODE = NO;
				ENABLE_NS_ASSERTIONS = NO;
				ENABLE_STRICT_OBJC_MSGSEND = YES;
				GCC_C_LANGUAGE_STANDARD = gnu99;
				GCC_WARN_64_TO_32_BIT_CONVERSION = YES;
				GCC_WARN_ABOUT_RETURN_TYPE = YES_ERROR;
				GCC_WARN_UNDECLARED_SELECTOR = YES;
				GCC_WARN_UNINITIALIZED_AUTOS = YES_AGGRESSIVE;
				GCC_WARN_UNUSED_FUNCTION = YES;
				GCC_WARN_UNUSED_VARIABLE = YES;
				IPHONEOS_DEPLOYMENT_TARGET = 9.0;
				MTL_ENABLE_DEBUG_INFO = NO;
				SDKROOT = iphoneos;
				VALIDATE_PRODUCT = YES;
			};
			name = "ad hoc Distribution";
		};
		E90A3B321BB829830015EA0D /* ad hoc Distribution */ = {
			isa = XCBuildConfiguration;
			baseConfigurationReference = 3CE36F262CA4F2D8F01054B4 /* Pods-NKU Helper.ad hoc distribution.xcconfig */;
			buildSettings = {
				ASSETCATALOG_COMPILER_APPICON_NAME = AppIcon;
				CLANG_ENABLE_MODULES = NO;
				CODE_SIGN_IDENTITY = "iPhone Developer";
				"CODE_SIGN_IDENTITY[sdk=iphoneos*]" = "iPhone Developer";
				DEBUG_INFORMATION_FORMAT = "dwarf-with-dsym";
				DEFINES_MODULE = NO;
				EMBEDDED_CONTENT_CONTAINS_SWIFT = "$(inherited)";
				ENABLE_BITCODE = YES;
				FRAMEWORK_SEARCH_PATHS = (
					"$(inherited)",
					"\"$(PROJECT_DIR)\"/**",
					"\"${PODS_ROOT}\"/**",
					"\"$PODS_CONFIGURATION_BUILD_DIR/Realm\"",
					"\"$PODS_CONFIGURATION_BUILD_DIR/RealmSwift\"",
				);
				HEADER_SEARCH_PATHS = (
					"$(inherited)",
					"\"${PODS_ROOT}/Headers\"/**",
				);
				INFOPLIST_FILE = "NKU Helper/Supporting Files/Info.plist";
				IPHONEOS_DEPLOYMENT_TARGET = 9.0;
				LD_RUNPATH_SEARCH_PATHS = "$(inherited) @executable_path/Frameworks";
				LIBRARY_SEARCH_PATHS = (
					"$(inherited)",
					"\"$(PROJECT_DIR)\"/**",
				);
				PRODUCT_BUNDLE_IDENTIFIER = "April-Sunshine.$(PRODUCT_NAME:rfc1034identifier)";
				PRODUCT_NAME = "$(TARGET_NAME)";
				PROVISIONING_PROFILE = "";
				SWIFT_OBJC_BRIDGING_HEADER = "NKU Helper/Supporting Files/NKU Helper-Bridging-Header.h";
				TARGETED_DEVICE_FAMILY = "1,2";
				USER_HEADER_SEARCH_PATHS = "$(PODS_ROOT)/**";
			};
			name = "ad hoc Distribution";
		};
		E90AE2481A8F813900AD0D78 /* Debug */ = {
			isa = XCBuildConfiguration;
			buildSettings = {
				ALWAYS_SEARCH_USER_PATHS = NO;
				CLANG_CXX_LANGUAGE_STANDARD = "gnu++0x";
				CLANG_CXX_LIBRARY = "libc++";
				CLANG_ENABLE_MODULES = YES;
				CLANG_ENABLE_OBJC_ARC = YES;
				CLANG_WARN_BOOL_CONVERSION = YES;
				CLANG_WARN_CONSTANT_CONVERSION = YES;
				CLANG_WARN_DIRECT_OBJC_ISA_USAGE = YES_ERROR;
				CLANG_WARN_EMPTY_BODY = YES;
				CLANG_WARN_ENUM_CONVERSION = YES;
				CLANG_WARN_INT_CONVERSION = YES;
				CLANG_WARN_OBJC_ROOT_CLASS = YES_ERROR;
				CLANG_WARN_UNREACHABLE_CODE = YES;
				CLANG_WARN__DUPLICATE_METHOD_MATCH = YES;
				"CODE_SIGN_IDENTITY[sdk=iphoneos*]" = "iPhone Developer";
				COPY_PHASE_STRIP = NO;
				ENABLE_BITCODE = NO;
				ENABLE_STRICT_OBJC_MSGSEND = YES;
				ENABLE_TESTABILITY = YES;
				GCC_C_LANGUAGE_STANDARD = gnu99;
				GCC_DYNAMIC_NO_PIC = NO;
				GCC_OPTIMIZATION_LEVEL = 0;
				GCC_PREPROCESSOR_DEFINITIONS = (
					"DEBUG=1",
					"$(inherited)",
				);
				GCC_SYMBOLS_PRIVATE_EXTERN = NO;
				GCC_WARN_64_TO_32_BIT_CONVERSION = YES;
				GCC_WARN_ABOUT_RETURN_TYPE = YES_ERROR;
				GCC_WARN_UNDECLARED_SELECTOR = YES;
				GCC_WARN_UNINITIALIZED_AUTOS = YES_AGGRESSIVE;
				GCC_WARN_UNUSED_FUNCTION = YES;
				GCC_WARN_UNUSED_VARIABLE = YES;
				IPHONEOS_DEPLOYMENT_TARGET = 9.0;
				MTL_ENABLE_DEBUG_INFO = YES;
				ONLY_ACTIVE_ARCH = YES;
				SDKROOT = iphoneos;
				SWIFT_OPTIMIZATION_LEVEL = "-Onone";
			};
			name = Debug;
		};
		E90AE2491A8F813900AD0D78 /* Release */ = {
			isa = XCBuildConfiguration;
			buildSettings = {
				ALWAYS_SEARCH_USER_PATHS = NO;
				CLANG_CXX_LANGUAGE_STANDARD = "gnu++0x";
				CLANG_CXX_LIBRARY = "libc++";
				CLANG_ENABLE_MODULES = YES;
				CLANG_ENABLE_OBJC_ARC = YES;
				CLANG_WARN_BOOL_CONVERSION = YES;
				CLANG_WARN_CONSTANT_CONVERSION = YES;
				CLANG_WARN_DIRECT_OBJC_ISA_USAGE = YES_ERROR;
				CLANG_WARN_EMPTY_BODY = YES;
				CLANG_WARN_ENUM_CONVERSION = YES;
				CLANG_WARN_INT_CONVERSION = YES;
				CLANG_WARN_OBJC_ROOT_CLASS = YES_ERROR;
				CLANG_WARN_UNREACHABLE_CODE = YES;
				CLANG_WARN__DUPLICATE_METHOD_MATCH = YES;
				"CODE_SIGN_IDENTITY[sdk=iphoneos*]" = "iPhone Developer";
				COPY_PHASE_STRIP = YES;
				ENABLE_BITCODE = NO;
				ENABLE_NS_ASSERTIONS = NO;
				ENABLE_STRICT_OBJC_MSGSEND = YES;
				GCC_C_LANGUAGE_STANDARD = gnu99;
				GCC_WARN_64_TO_32_BIT_CONVERSION = YES;
				GCC_WARN_ABOUT_RETURN_TYPE = YES_ERROR;
				GCC_WARN_UNDECLARED_SELECTOR = YES;
				GCC_WARN_UNINITIALIZED_AUTOS = YES_AGGRESSIVE;
				GCC_WARN_UNUSED_FUNCTION = YES;
				GCC_WARN_UNUSED_VARIABLE = YES;
				IPHONEOS_DEPLOYMENT_TARGET = 9.0;
				MTL_ENABLE_DEBUG_INFO = NO;
				SDKROOT = iphoneos;
				VALIDATE_PRODUCT = YES;
			};
			name = Release;
		};
		E90AE24B1A8F813900AD0D78 /* Debug */ = {
			isa = XCBuildConfiguration;
			baseConfigurationReference = 4049955BC5E2C9CBE0D70558 /* Pods-NKU Helper.debug.xcconfig */;
			buildSettings = {
				ASSETCATALOG_COMPILER_APPICON_NAME = AppIcon;
				CLANG_ENABLE_MODULES = NO;
				CODE_SIGN_IDENTITY = "iPhone Developer";
				"CODE_SIGN_IDENTITY[sdk=iphoneos*]" = "iPhone Developer";
				DEBUG_INFORMATION_FORMAT = "dwarf-with-dsym";
				DEFINES_MODULE = NO;
				EMBEDDED_CONTENT_CONTAINS_SWIFT = "$(inherited)";
				ENABLE_BITCODE = YES;
				FRAMEWORK_SEARCH_PATHS = (
					"$(inherited)",
					"\"$(PROJECT_DIR)\"/**",
					"\"${PODS_ROOT}\"/**",
					"\"$PODS_CONFIGURATION_BUILD_DIR/Realm\"",
					"\"$PODS_CONFIGURATION_BUILD_DIR/RealmSwift\"",
				);
				HEADER_SEARCH_PATHS = (
					"$(inherited)",
					"\"${PODS_ROOT}/Headers\"/**",
				);
				INFOPLIST_FILE = "NKU Helper/Supporting Files/Info.plist";
				IPHONEOS_DEPLOYMENT_TARGET = 9.0;
				LD_RUNPATH_SEARCH_PATHS = "$(inherited) @executable_path/Frameworks";
				LIBRARY_SEARCH_PATHS = (
					"$(inherited)",
					"\"$(PROJECT_DIR)\"/**",
				);
				PRODUCT_BUNDLE_IDENTIFIER = "April-Sunshine.$(PRODUCT_NAME:rfc1034identifier)";
				PRODUCT_NAME = "$(TARGET_NAME)";
				PROVISIONING_PROFILE = "";
				SWIFT_OBJC_BRIDGING_HEADER = "NKU Helper/Supporting Files/NKU Helper-Bridging-Header.h";
				SWIFT_OPTIMIZATION_LEVEL = "-Onone";
				TARGETED_DEVICE_FAMILY = "1,2";
				USER_HEADER_SEARCH_PATHS = "$(PODS_ROOT)/**";
			};
			name = Debug;
		};
		E90AE24C1A8F813900AD0D78 /* Release */ = {
			isa = XCBuildConfiguration;
			baseConfigurationReference = 64CC4A72658875289900881A /* Pods-NKU Helper.release.xcconfig */;
			buildSettings = {
				ASSETCATALOG_COMPILER_APPICON_NAME = AppIcon;
				CLANG_ENABLE_MODULES = NO;
				CODE_SIGN_IDENTITY = "iPhone Developer";
				"CODE_SIGN_IDENTITY[sdk=iphoneos*]" = "iPhone Developer";
				DEBUG_INFORMATION_FORMAT = "dwarf-with-dsym";
				DEFINES_MODULE = NO;
				EMBEDDED_CONTENT_CONTAINS_SWIFT = "$(inherited)";
				ENABLE_BITCODE = YES;
				FRAMEWORK_SEARCH_PATHS = (
					"$(inherited)",
					"\"$(PROJECT_DIR)\"/**",
					"\"${PODS_ROOT}\"/**",
					"\"$PODS_CONFIGURATION_BUILD_DIR/Realm\"",
					"\"$PODS_CONFIGURATION_BUILD_DIR/RealmSwift\"",
				);
				HEADER_SEARCH_PATHS = (
					"$(inherited)",
					"\"${PODS_ROOT}/Headers\"/**",
				);
				INFOPLIST_FILE = "NKU Helper/Supporting Files/Info.plist";
				IPHONEOS_DEPLOYMENT_TARGET = 9.0;
				LD_RUNPATH_SEARCH_PATHS = "$(inherited) @executable_path/Frameworks";
				LIBRARY_SEARCH_PATHS = (
					"$(inherited)",
					"\"$(PROJECT_DIR)\"/**",
				);
				PRODUCT_BUNDLE_IDENTIFIER = "April-Sunshine.$(PRODUCT_NAME:rfc1034identifier)";
				PRODUCT_NAME = "$(TARGET_NAME)";
				PROVISIONING_PROFILE = "";
				SWIFT_OBJC_BRIDGING_HEADER = "NKU Helper/Supporting Files/NKU Helper-Bridging-Header.h";
				TARGETED_DEVICE_FAMILY = "1,2";
				USER_HEADER_SEARCH_PATHS = "$(PODS_ROOT)/**";
			};
			name = Release;
		};
		E9DA59521D3889AF0012ED9A /* Debug */ = {
			isa = XCBuildConfiguration;
			buildSettings = {
				BUNDLE_LOADER = "$(TEST_HOST)";
				CLANG_ANALYZER_NONNULL = YES;
				DEBUG_INFORMATION_FORMAT = dwarf;
				GCC_NO_COMMON_BLOCKS = YES;
				INFOPLIST_FILE = "NKU HelperTests/Info.plist";
				IPHONEOS_DEPLOYMENT_TARGET = 9.3;
				LD_RUNPATH_SEARCH_PATHS = "$(inherited) @executable_path/Frameworks @loader_path/Frameworks";
				OTHER_SWIFT_FLAGS = "-DDEBUG";
				PRODUCT_BUNDLE_IDENTIFIER = "cn.pikkacho.www.NKU-HelperTests";
				PRODUCT_NAME = "$(TARGET_NAME)";
				TEST_HOST = "$(BUILT_PRODUCTS_DIR)/NKU Helper.app/NKU Helper";
			};
			name = Debug;
		};
		E9DA59531D3889AF0012ED9A /* Release */ = {
			isa = XCBuildConfiguration;
			buildSettings = {
				BUNDLE_LOADER = "$(TEST_HOST)";
				CLANG_ANALYZER_NONNULL = YES;
				COPY_PHASE_STRIP = NO;
				DEBUG_INFORMATION_FORMAT = "dwarf-with-dsym";
				GCC_NO_COMMON_BLOCKS = YES;
				INFOPLIST_FILE = "NKU HelperTests/Info.plist";
				IPHONEOS_DEPLOYMENT_TARGET = 9.3;
				LD_RUNPATH_SEARCH_PATHS = "$(inherited) @executable_path/Frameworks @loader_path/Frameworks";
				OTHER_SWIFT_FLAGS = "-DRELEASE";
				PRODUCT_BUNDLE_IDENTIFIER = "cn.pikkacho.www.NKU-HelperTests";
				PRODUCT_NAME = "$(TARGET_NAME)";
				TEST_HOST = "$(BUILT_PRODUCTS_DIR)/NKU Helper.app/NKU Helper";
			};
			name = Release;
		};
		E9DA59541D3889AF0012ED9A /* ad hoc Distribution */ = {
			isa = XCBuildConfiguration;
			buildSettings = {
				BUNDLE_LOADER = "$(TEST_HOST)";
				CLANG_ANALYZER_NONNULL = YES;
				COPY_PHASE_STRIP = NO;
				DEBUG_INFORMATION_FORMAT = "dwarf-with-dsym";
				GCC_NO_COMMON_BLOCKS = YES;
				INFOPLIST_FILE = "NKU HelperTests/Info.plist";
				IPHONEOS_DEPLOYMENT_TARGET = 9.3;
				LD_RUNPATH_SEARCH_PATHS = "$(inherited) @executable_path/Frameworks @loader_path/Frameworks";
				OTHER_SWIFT_FLAGS = "";
				PRODUCT_BUNDLE_IDENTIFIER = "cn.pikkacho.www.NKU-HelperTests";
				PRODUCT_NAME = "$(TARGET_NAME)";
				TEST_HOST = "$(BUILT_PRODUCTS_DIR)/NKU Helper.app/NKU Helper";
			};
			name = "ad hoc Distribution";
		};
/* End XCBuildConfiguration section */

/* Begin XCConfigurationList section */
		E90AE2231A8F813900AD0D78 /* Build configuration list for PBXProject "NKU Helper" */ = {
			isa = XCConfigurationList;
			buildConfigurations = (
				E90AE2481A8F813900AD0D78 /* Debug */,
				E90AE2491A8F813900AD0D78 /* Release */,
				E90A3B311BB829830015EA0D /* ad hoc Distribution */,
			);
			defaultConfigurationIsVisible = 0;
			defaultConfigurationName = Release;
		};
		E90AE24A1A8F813900AD0D78 /* Build configuration list for PBXNativeTarget "NKU Helper" */ = {
			isa = XCConfigurationList;
			buildConfigurations = (
				E90AE24B1A8F813900AD0D78 /* Debug */,
				E90AE24C1A8F813900AD0D78 /* Release */,
				E90A3B321BB829830015EA0D /* ad hoc Distribution */,
			);
			defaultConfigurationIsVisible = 0;
			defaultConfigurationName = Release;
		};
		E9DA59511D3889AF0012ED9A /* Build configuration list for PBXNativeTarget "NKU HelperTests" */ = {
			isa = XCConfigurationList;
			buildConfigurations = (
				E9DA59521D3889AF0012ED9A /* Debug */,
				E9DA59531D3889AF0012ED9A /* Release */,
				E9DA59541D3889AF0012ED9A /* ad hoc Distribution */,
			);
			defaultConfigurationIsVisible = 0;
			defaultConfigurationName = Release;
		};
/* End XCConfigurationList section */
	};
	rootObject = E90AE2201A8F813900AD0D78 /* Project object */;
}
