// !$*UTF8*$!
{
	archiveVersion = 1;
	classes = {
	};
	objectVersion = 46;
	objects = {

/* Begin PBXBuildFile section */
		E90AE22E1A8F813900AD0D78 /* AppDelegate.swift in Sources */ = {isa = PBXBuildFile; fileRef = E90AE22D1A8F813900AD0D78 /* AppDelegate.swift */; };
		E90AE2311A8F813900AD0D78 /* NKU_Helper.xcdatamodeld in Sources */ = {isa = PBXBuildFile; fileRef = E90AE22F1A8F813900AD0D78 /* NKU_Helper.xcdatamodeld */; };
		E90AE2331A8F813900AD0D78 /* GradeSetUpViewController.swift in Sources */ = {isa = PBXBuildFile; fileRef = E90AE2321A8F813900AD0D78 /* GradeSetUpViewController.swift */; };
		E90AE2381A8F813900AD0D78 /* Images.xcassets in Resources */ = {isa = PBXBuildFile; fileRef = E90AE2371A8F813900AD0D78 /* Images.xcassets */; };
		E90AE23B1A8F813900AD0D78 /* LaunchScreen.xib in Resources */ = {isa = PBXBuildFile; fileRef = E90AE2391A8F813900AD0D78 /* LaunchScreen.xib */; };
		E90AE2471A8F813900AD0D78 /* NKU_HelperTests.swift in Sources */ = {isa = PBXBuildFile; fileRef = E90AE2461A8F813900AD0D78 /* NKU_HelperTests.swift */; };
		E90AE2511A8F814C00AD0D78 /* ImageGetter.swift in Sources */ = {isa = PBXBuildFile; fileRef = E90AE2501A8F814C00AD0D78 /* ImageGetter.swift */; };
		E90AE2531A8F948300AD0D78 /* GradeGetter.swift in Sources */ = {isa = PBXBuildFile; fileRef = E90AE2521A8F948300AD0D78 /* GradeGetter.swift */; };
		E91E5F4F1A90FAED009F3B2B /* GradeShowerTableViewController.swift in Sources */ = {isa = PBXBuildFile; fileRef = E91E5F4E1A90FAED009F3B2B /* GradeShowerTableViewController.swift */; };
		E91E5F551A9103DF009F3B2B /* GradeCell.swift in Sources */ = {isa = PBXBuildFile; fileRef = E91E5F541A9103DF009F3B2B /* GradeCell.swift */; };
		E926CD751AB33B1700A5076A /* NKU.plist in Resources */ = {isa = PBXBuildFile; fileRef = E926CD741AB33B1700A5076A /* NKU.plist */; };
		E94286501AA4CD2A00A4242C /* LogInViewController.swift in Sources */ = {isa = PBXBuildFile; fileRef = E942864F1AA4CD2A00A4242C /* LogInViewController.swift */; };
		E94286541AA5494800A4242C /* LogIner.swift in Sources */ = {isa = PBXBuildFile; fileRef = E94286531AA5494800A4242C /* LogIner.swift */; };
		E94286581AA5500C00A4242C /* SaveAccountInfoViewController.swift in Sources */ = {isa = PBXBuildFile; fileRef = E94286571AA5500C00A4242C /* SaveAccountInfoViewController.swift */; };
		E95C8F3A1AAF2BA900D3D8EE /* backgroundImage.jpg in Resources */ = {isa = PBXBuildFile; fileRef = E95C8F391AAF2BA900D3D8EE /* backgroundImage.jpg */; };
		E95C8F631AAF50A400D3D8EE /* day00.png in Resources */ = {isa = PBXBuildFile; fileRef = E95C8F421AAF50A400D3D8EE /* day00.png */; };
		E95C8F641AAF50A400D3D8EE /* day01.png in Resources */ = {isa = PBXBuildFile; fileRef = E95C8F431AAF50A400D3D8EE /* day01.png */; };
		E95C8F651AAF50A400D3D8EE /* day02.png in Resources */ = {isa = PBXBuildFile; fileRef = E95C8F441AAF50A400D3D8EE /* day02.png */; };
		E95C8F661AAF50A400D3D8EE /* day03.png in Resources */ = {isa = PBXBuildFile; fileRef = E95C8F451AAF50A400D3D8EE /* day03.png */; };
		E95C8F671AAF50A400D3D8EE /* day04.png in Resources */ = {isa = PBXBuildFile; fileRef = E95C8F461AAF50A400D3D8EE /* day04.png */; };
		E95C8F681AAF50A400D3D8EE /* day05.png in Resources */ = {isa = PBXBuildFile; fileRef = E95C8F471AAF50A400D3D8EE /* day05.png */; };
		E95C8F691AAF50A400D3D8EE /* day06.png in Resources */ = {isa = PBXBuildFile; fileRef = E95C8F481AAF50A400D3D8EE /* day06.png */; };
		E95C8F6A1AAF50A400D3D8EE /* day07.png in Resources */ = {isa = PBXBuildFile; fileRef = E95C8F491AAF50A400D3D8EE /* day07.png */; };
		E95C8F6B1AAF50A400D3D8EE /* day08.png in Resources */ = {isa = PBXBuildFile; fileRef = E95C8F4A1AAF50A400D3D8EE /* day08.png */; };
		E95C8F6C1AAF50A400D3D8EE /* day09.png in Resources */ = {isa = PBXBuildFile; fileRef = E95C8F4B1AAF50A400D3D8EE /* day09.png */; };
		E95C8F6D1AAF50A400D3D8EE /* day10.png in Resources */ = {isa = PBXBuildFile; fileRef = E95C8F4C1AAF50A400D3D8EE /* day10.png */; };
		E95C8F6E1AAF50A400D3D8EE /* day11.png in Resources */ = {isa = PBXBuildFile; fileRef = E95C8F4D1AAF50A400D3D8EE /* day11.png */; };
		E95C8F6F1AAF50A400D3D8EE /* day12.png in Resources */ = {isa = PBXBuildFile; fileRef = E95C8F4E1AAF50A400D3D8EE /* day12.png */; };
		E95C8F701AAF50A400D3D8EE /* day13.png in Resources */ = {isa = PBXBuildFile; fileRef = E95C8F4F1AAF50A400D3D8EE /* day13.png */; };
		E95C8F711AAF50A400D3D8EE /* day14.png in Resources */ = {isa = PBXBuildFile; fileRef = E95C8F501AAF50A400D3D8EE /* day14.png */; };
		E95C8F721AAF50A400D3D8EE /* day15.png in Resources */ = {isa = PBXBuildFile; fileRef = E95C8F511AAF50A400D3D8EE /* day15.png */; };
		E95C8F731AAF50A400D3D8EE /* day16.png in Resources */ = {isa = PBXBuildFile; fileRef = E95C8F521AAF50A400D3D8EE /* day16.png */; };
		E95C8F741AAF50A400D3D8EE /* day17.png in Resources */ = {isa = PBXBuildFile; fileRef = E95C8F531AAF50A400D3D8EE /* day17.png */; };
		E95C8F751AAF50A400D3D8EE /* day18.png in Resources */ = {isa = PBXBuildFile; fileRef = E95C8F541AAF50A400D3D8EE /* day18.png */; };
		E95C8F761AAF50A400D3D8EE /* day19.png in Resources */ = {isa = PBXBuildFile; fileRef = E95C8F551AAF50A400D3D8EE /* day19.png */; };
		E95C8F771AAF50A400D3D8EE /* day20.png in Resources */ = {isa = PBXBuildFile; fileRef = E95C8F561AAF50A400D3D8EE /* day20.png */; };
		E95C8F781AAF50A400D3D8EE /* day21.png in Resources */ = {isa = PBXBuildFile; fileRef = E95C8F571AAF50A400D3D8EE /* day21.png */; };
		E95C8F791AAF50A400D3D8EE /* day22.png in Resources */ = {isa = PBXBuildFile; fileRef = E95C8F581AAF50A400D3D8EE /* day22.png */; };
		E95C8F7A1AAF50A400D3D8EE /* day23.png in Resources */ = {isa = PBXBuildFile; fileRef = E95C8F591AAF50A400D3D8EE /* day23.png */; };
		E95C8F7B1AAF50A400D3D8EE /* day24.png in Resources */ = {isa = PBXBuildFile; fileRef = E95C8F5A1AAF50A400D3D8EE /* day24.png */; };
		E95C8F7C1AAF50A400D3D8EE /* day25.png in Resources */ = {isa = PBXBuildFile; fileRef = E95C8F5B1AAF50A400D3D8EE /* day25.png */; };
		E95C8F7D1AAF50A400D3D8EE /* day26.png in Resources */ = {isa = PBXBuildFile; fileRef = E95C8F5C1AAF50A400D3D8EE /* day26.png */; };
		E95C8F7E1AAF50A400D3D8EE /* day27.png in Resources */ = {isa = PBXBuildFile; fileRef = E95C8F5D1AAF50A400D3D8EE /* day27.png */; };
		E95C8F7F1AAF50A400D3D8EE /* day28.png in Resources */ = {isa = PBXBuildFile; fileRef = E95C8F5E1AAF50A400D3D8EE /* day28.png */; };
		E95C8F801AAF50A400D3D8EE /* day29.png in Resources */ = {isa = PBXBuildFile; fileRef = E95C8F5F1AAF50A400D3D8EE /* day29.png */; };
		E95C8F811AAF50A400D3D8EE /* day30.png in Resources */ = {isa = PBXBuildFile; fileRef = E95C8F601AAF50A400D3D8EE /* day30.png */; };
		E95C8F821AAF50A400D3D8EE /* day31.png in Resources */ = {isa = PBXBuildFile; fileRef = E95C8F611AAF50A400D3D8EE /* day31.png */; };
		E95C8F831AAF50A400D3D8EE /* day53.png in Resources */ = {isa = PBXBuildFile; fileRef = E95C8F621AAF50A400D3D8EE /* day53.png */; };
		E95C8FA51AAF51A700D3D8EE /* night00.png in Resources */ = {isa = PBXBuildFile; fileRef = E95C8F841AAF51A700D3D8EE /* night00.png */; };
		E95C8FA61AAF51A700D3D8EE /* night01.png in Resources */ = {isa = PBXBuildFile; fileRef = E95C8F851AAF51A700D3D8EE /* night01.png */; };
		E95C8FA71AAF51A700D3D8EE /* night02.png in Resources */ = {isa = PBXBuildFile; fileRef = E95C8F861AAF51A700D3D8EE /* night02.png */; };
		E95C8FA81AAF51A700D3D8EE /* night03.png in Resources */ = {isa = PBXBuildFile; fileRef = E95C8F871AAF51A700D3D8EE /* night03.png */; };
		E95C8FA91AAF51A700D3D8EE /* night04.png in Resources */ = {isa = PBXBuildFile; fileRef = E95C8F881AAF51A700D3D8EE /* night04.png */; };
		E95C8FAA1AAF51A700D3D8EE /* night05.png in Resources */ = {isa = PBXBuildFile; fileRef = E95C8F891AAF51A700D3D8EE /* night05.png */; };
		E95C8FAB1AAF51A700D3D8EE /* night06.png in Resources */ = {isa = PBXBuildFile; fileRef = E95C8F8A1AAF51A700D3D8EE /* night06.png */; };
		E95C8FAC1AAF51A700D3D8EE /* night07.png in Resources */ = {isa = PBXBuildFile; fileRef = E95C8F8B1AAF51A700D3D8EE /* night07.png */; };
		E95C8FAD1AAF51A700D3D8EE /* night08.png in Resources */ = {isa = PBXBuildFile; fileRef = E95C8F8C1AAF51A700D3D8EE /* night08.png */; };
		E95C8FAE1AAF51A700D3D8EE /* night09.png in Resources */ = {isa = PBXBuildFile; fileRef = E95C8F8D1AAF51A700D3D8EE /* night09.png */; };
		E95C8FAF1AAF51A700D3D8EE /* night10.png in Resources */ = {isa = PBXBuildFile; fileRef = E95C8F8E1AAF51A700D3D8EE /* night10.png */; };
		E95C8FB01AAF51A700D3D8EE /* night11.png in Resources */ = {isa = PBXBuildFile; fileRef = E95C8F8F1AAF51A700D3D8EE /* night11.png */; };
		E95C8FB11AAF51A700D3D8EE /* night12.png in Resources */ = {isa = PBXBuildFile; fileRef = E95C8F901AAF51A700D3D8EE /* night12.png */; };
		E95C8FB21AAF51A700D3D8EE /* night13.png in Resources */ = {isa = PBXBuildFile; fileRef = E95C8F911AAF51A700D3D8EE /* night13.png */; };
		E95C8FB31AAF51A700D3D8EE /* night14.png in Resources */ = {isa = PBXBuildFile; fileRef = E95C8F921AAF51A700D3D8EE /* night14.png */; };
		E95C8FB41AAF51A700D3D8EE /* night15.png in Resources */ = {isa = PBXBuildFile; fileRef = E95C8F931AAF51A700D3D8EE /* night15.png */; };
		E95C8FB51AAF51A700D3D8EE /* night16.png in Resources */ = {isa = PBXBuildFile; fileRef = E95C8F941AAF51A700D3D8EE /* night16.png */; };
		E95C8FB61AAF51A700D3D8EE /* night17.png in Resources */ = {isa = PBXBuildFile; fileRef = E95C8F951AAF51A700D3D8EE /* night17.png */; };
		E95C8FB71AAF51A700D3D8EE /* night18.png in Resources */ = {isa = PBXBuildFile; fileRef = E95C8F961AAF51A700D3D8EE /* night18.png */; };
		E95C8FB81AAF51A700D3D8EE /* night19.png in Resources */ = {isa = PBXBuildFile; fileRef = E95C8F971AAF51A700D3D8EE /* night19.png */; };
		E95C8FB91AAF51A700D3D8EE /* night20.png in Resources */ = {isa = PBXBuildFile; fileRef = E95C8F981AAF51A700D3D8EE /* night20.png */; };
		E95C8FBA1AAF51A700D3D8EE /* night21.png in Resources */ = {isa = PBXBuildFile; fileRef = E95C8F991AAF51A700D3D8EE /* night21.png */; };
		E95C8FBB1AAF51A700D3D8EE /* night22.png in Resources */ = {isa = PBXBuildFile; fileRef = E95C8F9A1AAF51A700D3D8EE /* night22.png */; };
		E95C8FBC1AAF51A700D3D8EE /* night23.png in Resources */ = {isa = PBXBuildFile; fileRef = E95C8F9B1AAF51A700D3D8EE /* night23.png */; };
		E95C8FBD1AAF51A700D3D8EE /* night24.png in Resources */ = {isa = PBXBuildFile; fileRef = E95C8F9C1AAF51A700D3D8EE /* night24.png */; };
		E95C8FBE1AAF51A700D3D8EE /* night25.png in Resources */ = {isa = PBXBuildFile; fileRef = E95C8F9D1AAF51A700D3D8EE /* night25.png */; };
		E95C8FBF1AAF51A700D3D8EE /* night26.png in Resources */ = {isa = PBXBuildFile; fileRef = E95C8F9E1AAF51A700D3D8EE /* night26.png */; };
		E95C8FC01AAF51A700D3D8EE /* night27.png in Resources */ = {isa = PBXBuildFile; fileRef = E95C8F9F1AAF51A700D3D8EE /* night27.png */; };
		E95C8FC11AAF51A700D3D8EE /* night28.png in Resources */ = {isa = PBXBuildFile; fileRef = E95C8FA01AAF51A700D3D8EE /* night28.png */; };
		E95C8FC21AAF51A700D3D8EE /* night29.png in Resources */ = {isa = PBXBuildFile; fileRef = E95C8FA11AAF51A700D3D8EE /* night29.png */; };
		E95C8FC31AAF51A700D3D8EE /* night30.png in Resources */ = {isa = PBXBuildFile; fileRef = E95C8FA21AAF51A700D3D8EE /* night30.png */; };
		E95C8FC41AAF51A700D3D8EE /* night31.png in Resources */ = {isa = PBXBuildFile; fileRef = E95C8FA31AAF51A700D3D8EE /* night31.png */; };
		E95C8FC51AAF51A700D3D8EE /* night53.png in Resources */ = {isa = PBXBuildFile; fileRef = E95C8FA41AAF51A700D3D8EE /* night53.png */; };
		E96419D21AA8971B00397691 /* AccountTableViewCell.swift in Sources */ = {isa = PBXBuildFile; fileRef = E96419D11AA8971B00397691 /* AccountTableViewCell.swift */; };
		E96419D41AA8BC9800397691 /* DetailAccountInfoTableViewController.swift in Sources */ = {isa = PBXBuildFile; fileRef = E96419D31AA8BC9800397691 /* DetailAccountInfoTableViewController.swift */; };
		E9658F761AB74ACD000A39A8 /* coursesOverViewTableViewCell.swift in Sources */ = {isa = PBXBuildFile; fileRef = E9658F751AB74ACD000A39A8 /* coursesOverViewTableViewCell.swift */; };
		E969370A1AAAA55100D8CAF5 /* DetailClassInfoContent in Resources */ = {isa = PBXBuildFile; fileRef = E96937091AAAA55100D8CAF5 /* DetailClassInfoContent */; };
		E988B5371AB005DF006818FA /* Main.storyboard in Resources */ = {isa = PBXBuildFile; fileRef = E988B5361AB005DF006818FA /* Main.storyboard */; };
		E98F94D61AA3180700885992 /* ClassTimeViewController.swift in Sources */ = {isa = PBXBuildFile; fileRef = E98F94D51AA3180700885992 /* ClassTimeViewController.swift */; };
		E98F94D81AA318EF00885992 /* FunctionTableViewController.swift in Sources */ = {isa = PBXBuildFile; fileRef = E98F94D71AA318EF00885992 /* FunctionTableViewController.swift */; };
		E98F94DA1AA3191F00885992 /* SettingTableViewController.swift in Sources */ = {isa = PBXBuildFile; fileRef = E98F94D91AA3191F00885992 /* SettingTableViewController.swift */; };
		E997700E1AC16CC700C3977B /* LifeIndexTableViewCell.swift in Sources */ = {isa = PBXBuildFile; fileRef = E997700D1AC16CC700C3977B /* LifeIndexTableViewCell.swift */; };
		E9A83E2E1AB709400021C2D0 /* TodayTableViewController.swift in Sources */ = {isa = PBXBuildFile; fileRef = E9A83E2D1AB709400021C2D0 /* TodayTableViewController.swift */; };
		E9A83E321AB70A3A0021C2D0 /* time_weatherTableViewCell.swift in Sources */ = {isa = PBXBuildFile; fileRef = E9A83E311AB70A3A0021C2D0 /* time_weatherTableViewCell.swift */; };
		E9A83E341AB70A640021C2D0 /* courseCurrentTableViewCell.swift in Sources */ = {isa = PBXBuildFile; fileRef = E9A83E331AB70A640021C2D0 /* courseCurrentTableViewCell.swift */; };
		E9ACA1211AB2D6E2001083C1 /* CBStoreHouseRefreshControl.m in Sources */ = {isa = PBXBuildFile; fileRef = E9ACA1201AB2D6E2001083C1 /* CBStoreHouseRefreshControl.m */; };
		E9ACA1251AB2D93E001083C1 /* BarItem.m in Sources */ = {isa = PBXBuildFile; fileRef = E9ACA1241AB2D93E001083C1 /* BarItem.m */; };
		E9B8C4AF1AA82D6E00E0DD50 /* AccountInfo in Resources */ = {isa = PBXBuildFile; fileRef = E9B8C4AE1AA82D6E00E0DD50 /* AccountInfo */; };
		E9CCF4B61ABC64B2002076F2 /* ColorTableViewCell.swift in Sources */ = {isa = PBXBuildFile; fileRef = E9CCF4B51ABC64B2002076F2 /* ColorTableViewCell.swift */; };
		E9CCF4B81ABC653E002076F2 /* ColorChooseTableViewController.swift in Sources */ = {isa = PBXBuildFile; fileRef = E9CCF4B71ABC653E002076F2 /* ColorChooseTableViewController.swift */; };
		E9CCF4BA1ABC6578002076F2 /* ColorChooseTableViewCell.swift in Sources */ = {isa = PBXBuildFile; fileRef = E9CCF4B91ABC6578002076F2 /* ColorChooseTableViewCell.swift */; };
		E9FDA2431AB15BB600B25E7E /* Base64.m in Sources */ = {isa = PBXBuildFile; fileRef = E9FDA2421AB15BB600B25E7E /* Base64.m */; };
		E9FDA2451AB15F6B00B25E7E /* WeatherConditionGetter.swift in Sources */ = {isa = PBXBuildFile; fileRef = E9FDA2441AB15F6B00B25E7E /* WeatherConditionGetter.swift */; };
/* End PBXBuildFile section */

/* Begin PBXContainerItemProxy section */
		E90AE2411A8F813900AD0D78 /* PBXContainerItemProxy */ = {
			isa = PBXContainerItemProxy;
			containerPortal = E90AE2201A8F813900AD0D78 /* Project object */;
			proxyType = 1;
			remoteGlobalIDString = E90AE2271A8F813900AD0D78;
			remoteInfo = "NKU Helper";
		};
/* End PBXContainerItemProxy section */

/* Begin PBXFileReference section */
		E90AE2281A8F813900AD0D78 /* NKU Helper.app */ = {isa = PBXFileReference; explicitFileType = wrapper.application; includeInIndex = 0; path = "NKU Helper.app"; sourceTree = BUILT_PRODUCTS_DIR; };
		E90AE22C1A8F813900AD0D78 /* Info.plist */ = {isa = PBXFileReference; lastKnownFileType = text.plist.xml; path = Info.plist; sourceTree = "<group>"; };
		E90AE22D1A8F813900AD0D78 /* AppDelegate.swift */ = {isa = PBXFileReference; lastKnownFileType = sourcecode.swift; lineEnding = 0; path = AppDelegate.swift; sourceTree = "<group>"; xcLanguageSpecificationIdentifier = xcode.lang.swift; };
		E90AE2301A8F813900AD0D78 /* NKU_Helper.xcdatamodel */ = {isa = PBXFileReference; lastKnownFileType = wrapper.xcdatamodel; path = NKU_Helper.xcdatamodel; sourceTree = "<group>"; };
		E90AE2321A8F813900AD0D78 /* GradeSetUpViewController.swift */ = {isa = PBXFileReference; lastKnownFileType = sourcecode.swift; path = GradeSetUpViewController.swift; sourceTree = "<group>"; };
		E90AE2371A8F813900AD0D78 /* Images.xcassets */ = {isa = PBXFileReference; lastKnownFileType = folder.assetcatalog; path = Images.xcassets; sourceTree = "<group>"; };
		E90AE23A1A8F813900AD0D78 /* Base */ = {isa = PBXFileReference; lastKnownFileType = file.xib; name = Base; path = Base.lproj/LaunchScreen.xib; sourceTree = "<group>"; };
		E90AE2401A8F813900AD0D78 /* NKU HelperTests.xctest */ = {isa = PBXFileReference; explicitFileType = wrapper.cfbundle; includeInIndex = 0; path = "NKU HelperTests.xctest"; sourceTree = BUILT_PRODUCTS_DIR; };
		E90AE2451A8F813900AD0D78 /* Info.plist */ = {isa = PBXFileReference; lastKnownFileType = text.plist.xml; path = Info.plist; sourceTree = "<group>"; };
		E90AE2461A8F813900AD0D78 /* NKU_HelperTests.swift */ = {isa = PBXFileReference; lastKnownFileType = sourcecode.swift; path = NKU_HelperTests.swift; sourceTree = "<group>"; };
		E90AE2501A8F814C00AD0D78 /* ImageGetter.swift */ = {isa = PBXFileReference; fileEncoding = 4; lastKnownFileType = sourcecode.swift; path = ImageGetter.swift; sourceTree = "<group>"; };
		E90AE2521A8F948300AD0D78 /* GradeGetter.swift */ = {isa = PBXFileReference; fileEncoding = 4; lastKnownFileType = sourcecode.swift; path = GradeGetter.swift; sourceTree = "<group>"; };
		E91E5F4A1A90FA9E009F3B2B /* NKU Helper-Bridging-Header.h */ = {isa = PBXFileReference; lastKnownFileType = sourcecode.c.h; path = "NKU Helper-Bridging-Header.h"; sourceTree = "<group>"; };
		E91E5F4E1A90FAED009F3B2B /* GradeShowerTableViewController.swift */ = {isa = PBXFileReference; fileEncoding = 4; lastKnownFileType = sourcecode.swift; path = GradeShowerTableViewController.swift; sourceTree = "<group>"; };
		E91E5F541A9103DF009F3B2B /* GradeCell.swift */ = {isa = PBXFileReference; fileEncoding = 4; lastKnownFileType = sourcecode.swift; path = GradeCell.swift; sourceTree = "<group>"; };
		E926CD741AB33B1700A5076A /* NKU.plist */ = {isa = PBXFileReference; fileEncoding = 4; lastKnownFileType = text.plist.xml; path = NKU.plist; sourceTree = "<group>"; };
		E942864F1AA4CD2A00A4242C /* LogInViewController.swift */ = {isa = PBXFileReference; fileEncoding = 4; lastKnownFileType = sourcecode.swift; path = LogInViewController.swift; sourceTree = "<group>"; };
		E94286531AA5494800A4242C /* LogIner.swift */ = {isa = PBXFileReference; fileEncoding = 4; lastKnownFileType = sourcecode.swift; path = LogIner.swift; sourceTree = "<group>"; };
		E94286571AA5500C00A4242C /* SaveAccountInfoViewController.swift */ = {isa = PBXFileReference; fileEncoding = 4; lastKnownFileType = sourcecode.swift; path = SaveAccountInfoViewController.swift; sourceTree = "<group>"; };
		E95C8F391AAF2BA900D3D8EE /* backgroundImage.jpg */ = {isa = PBXFileReference; lastKnownFileType = image.jpeg; path = backgroundImage.jpg; sourceTree = "<group>"; };
		E95C8F421AAF50A400D3D8EE /* day00.png */ = {isa = PBXFileReference; lastKnownFileType = image.png; path = day00.png; sourceTree = "<group>"; };
		E95C8F431AAF50A400D3D8EE /* day01.png */ = {isa = PBXFileReference; lastKnownFileType = image.png; path = day01.png; sourceTree = "<group>"; };
		E95C8F441AAF50A400D3D8EE /* day02.png */ = {isa = PBXFileReference; lastKnownFileType = image.png; path = day02.png; sourceTree = "<group>"; };
		E95C8F451AAF50A400D3D8EE /* day03.png */ = {isa = PBXFileReference; lastKnownFileType = image.png; path = day03.png; sourceTree = "<group>"; };
		E95C8F461AAF50A400D3D8EE /* day04.png */ = {isa = PBXFileReference; lastKnownFileType = image.png; path = day04.png; sourceTree = "<group>"; };
		E95C8F471AAF50A400D3D8EE /* day05.png */ = {isa = PBXFileReference; lastKnownFileType = image.png; path = day05.png; sourceTree = "<group>"; };
		E95C8F481AAF50A400D3D8EE /* day06.png */ = {isa = PBXFileReference; lastKnownFileType = image.png; path = day06.png; sourceTree = "<group>"; };
		E95C8F491AAF50A400D3D8EE /* day07.png */ = {isa = PBXFileReference; lastKnownFileType = image.png; path = day07.png; sourceTree = "<group>"; };
		E95C8F4A1AAF50A400D3D8EE /* day08.png */ = {isa = PBXFileReference; lastKnownFileType = image.png; path = day08.png; sourceTree = "<group>"; };
		E95C8F4B1AAF50A400D3D8EE /* day09.png */ = {isa = PBXFileReference; lastKnownFileType = image.png; path = day09.png; sourceTree = "<group>"; };
		E95C8F4C1AAF50A400D3D8EE /* day10.png */ = {isa = PBXFileReference; lastKnownFileType = image.png; path = day10.png; sourceTree = "<group>"; };
		E95C8F4D1AAF50A400D3D8EE /* day11.png */ = {isa = PBXFileReference; lastKnownFileType = image.png; path = day11.png; sourceTree = "<group>"; };
		E95C8F4E1AAF50A400D3D8EE /* day12.png */ = {isa = PBXFileReference; lastKnownFileType = image.png; path = day12.png; sourceTree = "<group>"; };
		E95C8F4F1AAF50A400D3D8EE /* day13.png */ = {isa = PBXFileReference; lastKnownFileType = image.png; path = day13.png; sourceTree = "<group>"; };
		E95C8F501AAF50A400D3D8EE /* day14.png */ = {isa = PBXFileReference; lastKnownFileType = image.png; path = day14.png; sourceTree = "<group>"; };
		E95C8F511AAF50A400D3D8EE /* day15.png */ = {isa = PBXFileReference; lastKnownFileType = image.png; path = day15.png; sourceTree = "<group>"; };
		E95C8F521AAF50A400D3D8EE /* day16.png */ = {isa = PBXFileReference; lastKnownFileType = image.png; path = day16.png; sourceTree = "<group>"; };
		E95C8F531AAF50A400D3D8EE /* day17.png */ = {isa = PBXFileReference; lastKnownFileType = image.png; path = day17.png; sourceTree = "<group>"; };
		E95C8F541AAF50A400D3D8EE /* day18.png */ = {isa = PBXFileReference; lastKnownFileType = image.png; path = day18.png; sourceTree = "<group>"; };
		E95C8F551AAF50A400D3D8EE /* day19.png */ = {isa = PBXFileReference; lastKnownFileType = image.png; path = day19.png; sourceTree = "<group>"; };
		E95C8F561AAF50A400D3D8EE /* day20.png */ = {isa = PBXFileReference; lastKnownFileType = image.png; path = day20.png; sourceTree = "<group>"; };
		E95C8F571AAF50A400D3D8EE /* day21.png */ = {isa = PBXFileReference; lastKnownFileType = image.png; path = day21.png; sourceTree = "<group>"; };
		E95C8F581AAF50A400D3D8EE /* day22.png */ = {isa = PBXFileReference; lastKnownFileType = image.png; path = day22.png; sourceTree = "<group>"; };
		E95C8F591AAF50A400D3D8EE /* day23.png */ = {isa = PBXFileReference; lastKnownFileType = image.png; path = day23.png; sourceTree = "<group>"; };
		E95C8F5A1AAF50A400D3D8EE /* day24.png */ = {isa = PBXFileReference; lastKnownFileType = image.png; path = day24.png; sourceTree = "<group>"; };
		E95C8F5B1AAF50A400D3D8EE /* day25.png */ = {isa = PBXFileReference; lastKnownFileType = image.png; path = day25.png; sourceTree = "<group>"; };
		E95C8F5C1AAF50A400D3D8EE /* day26.png */ = {isa = PBXFileReference; lastKnownFileType = image.png; path = day26.png; sourceTree = "<group>"; };
		E95C8F5D1AAF50A400D3D8EE /* day27.png */ = {isa = PBXFileReference; lastKnownFileType = image.png; path = day27.png; sourceTree = "<group>"; };
		E95C8F5E1AAF50A400D3D8EE /* day28.png */ = {isa = PBXFileReference; lastKnownFileType = image.png; path = day28.png; sourceTree = "<group>"; };
		E95C8F5F1AAF50A400D3D8EE /* day29.png */ = {isa = PBXFileReference; lastKnownFileType = image.png; path = day29.png; sourceTree = "<group>"; };
		E95C8F601AAF50A400D3D8EE /* day30.png */ = {isa = PBXFileReference; lastKnownFileType = image.png; path = day30.png; sourceTree = "<group>"; };
		E95C8F611AAF50A400D3D8EE /* day31.png */ = {isa = PBXFileReference; lastKnownFileType = image.png; path = day31.png; sourceTree = "<group>"; };
		E95C8F621AAF50A400D3D8EE /* day53.png */ = {isa = PBXFileReference; lastKnownFileType = image.png; path = day53.png; sourceTree = "<group>"; };
		E95C8F841AAF51A700D3D8EE /* night00.png */ = {isa = PBXFileReference; lastKnownFileType = image.png; path = night00.png; sourceTree = "<group>"; };
		E95C8F851AAF51A700D3D8EE /* night01.png */ = {isa = PBXFileReference; lastKnownFileType = image.png; path = night01.png; sourceTree = "<group>"; };
		E95C8F861AAF51A700D3D8EE /* night02.png */ = {isa = PBXFileReference; lastKnownFileType = image.png; path = night02.png; sourceTree = "<group>"; };
		E95C8F871AAF51A700D3D8EE /* night03.png */ = {isa = PBXFileReference; lastKnownFileType = image.png; path = night03.png; sourceTree = "<group>"; };
		E95C8F881AAF51A700D3D8EE /* night04.png */ = {isa = PBXFileReference; lastKnownFileType = image.png; path = night04.png; sourceTree = "<group>"; };
		E95C8F891AAF51A700D3D8EE /* night05.png */ = {isa = PBXFileReference; lastKnownFileType = image.png; path = night05.png; sourceTree = "<group>"; };
		E95C8F8A1AAF51A700D3D8EE /* night06.png */ = {isa = PBXFileReference; lastKnownFileType = image.png; path = night06.png; sourceTree = "<group>"; };
		E95C8F8B1AAF51A700D3D8EE /* night07.png */ = {isa = PBXFileReference; lastKnownFileType = image.png; path = night07.png; sourceTree = "<group>"; };
		E95C8F8C1AAF51A700D3D8EE /* night08.png */ = {isa = PBXFileReference; lastKnownFileType = image.png; path = night08.png; sourceTree = "<group>"; };
		E95C8F8D1AAF51A700D3D8EE /* night09.png */ = {isa = PBXFileReference; lastKnownFileType = image.png; path = night09.png; sourceTree = "<group>"; };
		E95C8F8E1AAF51A700D3D8EE /* night10.png */ = {isa = PBXFileReference; lastKnownFileType = image.png; path = night10.png; sourceTree = "<group>"; };
		E95C8F8F1AAF51A700D3D8EE /* night11.png */ = {isa = PBXFileReference; lastKnownFileType = image.png; path = night11.png; sourceTree = "<group>"; };
		E95C8F901AAF51A700D3D8EE /* night12.png */ = {isa = PBXFileReference; lastKnownFileType = image.png; path = night12.png; sourceTree = "<group>"; };
		E95C8F911AAF51A700D3D8EE /* night13.png */ = {isa = PBXFileReference; lastKnownFileType = image.png; path = night13.png; sourceTree = "<group>"; };
		E95C8F921AAF51A700D3D8EE /* night14.png */ = {isa = PBXFileReference; lastKnownFileType = image.png; path = night14.png; sourceTree = "<group>"; };
		E95C8F931AAF51A700D3D8EE /* night15.png */ = {isa = PBXFileReference; lastKnownFileType = image.png; path = night15.png; sourceTree = "<group>"; };
		E95C8F941AAF51A700D3D8EE /* night16.png */ = {isa = PBXFileReference; lastKnownFileType = image.png; path = night16.png; sourceTree = "<group>"; };
		E95C8F951AAF51A700D3D8EE /* night17.png */ = {isa = PBXFileReference; lastKnownFileType = image.png; path = night17.png; sourceTree = "<group>"; };
		E95C8F961AAF51A700D3D8EE /* night18.png */ = {isa = PBXFileReference; lastKnownFileType = image.png; path = night18.png; sourceTree = "<group>"; };
		E95C8F971AAF51A700D3D8EE /* night19.png */ = {isa = PBXFileReference; lastKnownFileType = image.png; path = night19.png; sourceTree = "<group>"; };
		E95C8F981AAF51A700D3D8EE /* night20.png */ = {isa = PBXFileReference; lastKnownFileType = image.png; path = night20.png; sourceTree = "<group>"; };
		E95C8F991AAF51A700D3D8EE /* night21.png */ = {isa = PBXFileReference; lastKnownFileType = image.png; path = night21.png; sourceTree = "<group>"; };
		E95C8F9A1AAF51A700D3D8EE /* night22.png */ = {isa = PBXFileReference; lastKnownFileType = image.png; path = night22.png; sourceTree = "<group>"; };
		E95C8F9B1AAF51A700D3D8EE /* night23.png */ = {isa = PBXFileReference; lastKnownFileType = image.png; path = night23.png; sourceTree = "<group>"; };
		E95C8F9C1AAF51A700D3D8EE /* night24.png */ = {isa = PBXFileReference; lastKnownFileType = image.png; path = night24.png; sourceTree = "<group>"; };
		E95C8F9D1AAF51A700D3D8EE /* night25.png */ = {isa = PBXFileReference; lastKnownFileType = image.png; path = night25.png; sourceTree = "<group>"; };
		E95C8F9E1AAF51A700D3D8EE /* night26.png */ = {isa = PBXFileReference; lastKnownFileType = image.png; path = night26.png; sourceTree = "<group>"; };
		E95C8F9F1AAF51A700D3D8EE /* night27.png */ = {isa = PBXFileReference; lastKnownFileType = image.png; path = night27.png; sourceTree = "<group>"; };
		E95C8FA01AAF51A700D3D8EE /* night28.png */ = {isa = PBXFileReference; lastKnownFileType = image.png; path = night28.png; sourceTree = "<group>"; };
		E95C8FA11AAF51A700D3D8EE /* night29.png */ = {isa = PBXFileReference; lastKnownFileType = image.png; path = night29.png; sourceTree = "<group>"; };
		E95C8FA21AAF51A700D3D8EE /* night30.png */ = {isa = PBXFileReference; lastKnownFileType = image.png; path = night30.png; sourceTree = "<group>"; };
		E95C8FA31AAF51A700D3D8EE /* night31.png */ = {isa = PBXFileReference; lastKnownFileType = image.png; path = night31.png; sourceTree = "<group>"; };
		E95C8FA41AAF51A700D3D8EE /* night53.png */ = {isa = PBXFileReference; lastKnownFileType = image.png; path = night53.png; sourceTree = "<group>"; };
		E96419D11AA8971B00397691 /* AccountTableViewCell.swift */ = {isa = PBXFileReference; fileEncoding = 4; lastKnownFileType = sourcecode.swift; lineEnding = 0; path = AccountTableViewCell.swift; sourceTree = "<group>"; xcLanguageSpecificationIdentifier = xcode.lang.swift; };
		E96419D31AA8BC9800397691 /* DetailAccountInfoTableViewController.swift */ = {isa = PBXFileReference; fileEncoding = 4; lastKnownFileType = sourcecode.swift; path = DetailAccountInfoTableViewController.swift; sourceTree = "<group>"; };
		E9658F751AB74ACD000A39A8 /* coursesOverViewTableViewCell.swift */ = {isa = PBXFileReference; fileEncoding = 4; lastKnownFileType = sourcecode.swift; path = coursesOverViewTableViewCell.swift; sourceTree = "<group>"; };
		E96937091AAAA55100D8CAF5 /* DetailClassInfoContent */ = {isa = PBXFileReference; fileEncoding = 4; lastKnownFileType = text; path = DetailClassInfoContent; sourceTree = "<group>"; };
		E988B5361AB005DF006818FA /* Main.storyboard */ = {isa = PBXFileReference; fileEncoding = 4; lastKnownFileType = file.storyboard; path = Main.storyboard; sourceTree = "<group>"; };
		E98F94D51AA3180700885992 /* ClassTimeViewController.swift */ = {isa = PBXFileReference; fileEncoding = 4; lastKnownFileType = sourcecode.swift; path = ClassTimeViewController.swift; sourceTree = "<group>"; };
		E98F94D71AA318EF00885992 /* FunctionTableViewController.swift */ = {isa = PBXFileReference; fileEncoding = 4; lastKnownFileType = sourcecode.swift; path = FunctionTableViewController.swift; sourceTree = "<group>"; };
		E98F94D91AA3191F00885992 /* SettingTableViewController.swift */ = {isa = PBXFileReference; fileEncoding = 4; lastKnownFileType = sourcecode.swift; path = SettingTableViewController.swift; sourceTree = "<group>"; };
		E997700D1AC16CC700C3977B /* LifeIndexTableViewCell.swift */ = {isa = PBXFileReference; fileEncoding = 4; lastKnownFileType = sourcecode.swift; path = LifeIndexTableViewCell.swift; sourceTree = "<group>"; };
		E9A83E2D1AB709400021C2D0 /* TodayTableViewController.swift */ = {isa = PBXFileReference; fileEncoding = 4; lastKnownFileType = sourcecode.swift; path = TodayTableViewController.swift; sourceTree = "<group>"; };
		E9A83E311AB70A3A0021C2D0 /* time_weatherTableViewCell.swift */ = {isa = PBXFileReference; fileEncoding = 4; lastKnownFileType = sourcecode.swift; path = time_weatherTableViewCell.swift; sourceTree = "<group>"; };
		E9A83E331AB70A640021C2D0 /* courseCurrentTableViewCell.swift */ = {isa = PBXFileReference; fileEncoding = 4; lastKnownFileType = sourcecode.swift; path = courseCurrentTableViewCell.swift; sourceTree = "<group>"; };
		E9ACA11F1AB2D6E2001083C1 /* CBStoreHouseRefreshControl.h */ = {isa = PBXFileReference; fileEncoding = 4; lastKnownFileType = sourcecode.c.h; path = CBStoreHouseRefreshControl.h; sourceTree = "<group>"; };
		E9ACA1201AB2D6E2001083C1 /* CBStoreHouseRefreshControl.m */ = {isa = PBXFileReference; fileEncoding = 4; lastKnownFileType = sourcecode.c.objc; path = CBStoreHouseRefreshControl.m; sourceTree = "<group>"; };
		E9ACA1231AB2D93E001083C1 /* BarItem.h */ = {isa = PBXFileReference; fileEncoding = 4; lastKnownFileType = sourcecode.c.h; path = BarItem.h; sourceTree = "<group>"; };
		E9ACA1241AB2D93E001083C1 /* BarItem.m */ = {isa = PBXFileReference; fileEncoding = 4; lastKnownFileType = sourcecode.c.objc; path = BarItem.m; sourceTree = "<group>"; };
		E9B8C4AE1AA82D6E00E0DD50 /* AccountInfo */ = {isa = PBXFileReference; fileEncoding = 4; lastKnownFileType = text; path = AccountInfo; sourceTree = "<group>"; };
		E9CCF4B51ABC64B2002076F2 /* ColorTableViewCell.swift */ = {isa = PBXFileReference; fileEncoding = 4; lastKnownFileType = sourcecode.swift; path = ColorTableViewCell.swift; sourceTree = "<group>"; };
		E9CCF4B71ABC653E002076F2 /* ColorChooseTableViewController.swift */ = {isa = PBXFileReference; fileEncoding = 4; lastKnownFileType = sourcecode.swift; path = ColorChooseTableViewController.swift; sourceTree = "<group>"; };
		E9CCF4B91ABC6578002076F2 /* ColorChooseTableViewCell.swift */ = {isa = PBXFileReference; fileEncoding = 4; lastKnownFileType = sourcecode.swift; path = ColorChooseTableViewCell.swift; sourceTree = "<group>"; };
		E9FDA2411AB15BB600B25E7E /* Base64.h */ = {isa = PBXFileReference; fileEncoding = 4; lastKnownFileType = sourcecode.c.h; path = Base64.h; sourceTree = "<group>"; };
		E9FDA2421AB15BB600B25E7E /* Base64.m */ = {isa = PBXFileReference; fileEncoding = 4; lastKnownFileType = sourcecode.c.objc; path = Base64.m; sourceTree = "<group>"; };
		E9FDA2441AB15F6B00B25E7E /* WeatherConditionGetter.swift */ = {isa = PBXFileReference; fileEncoding = 4; lastKnownFileType = sourcecode.swift; path = WeatherConditionGetter.swift; sourceTree = "<group>"; };
/* End PBXFileReference section */

/* Begin PBXFrameworksBuildPhase section */
		E90AE2251A8F813900AD0D78 /* Frameworks */ = {
			isa = PBXFrameworksBuildPhase;
			buildActionMask = 2147483647;
			files = (
			);
			runOnlyForDeploymentPostprocessing = 0;
		};
		E90AE23D1A8F813900AD0D78 /* Frameworks */ = {
			isa = PBXFrameworksBuildPhase;
			buildActionMask = 2147483647;
			files = (
			);
			runOnlyForDeploymentPostprocessing = 0;
		};
/* End PBXFrameworksBuildPhase section */

/* Begin PBXGroup section */
		E90AE21F1A8F813900AD0D78 = {
			isa = PBXGroup;
			children = (
				E90AE22A1A8F813900AD0D78 /* NKU Helper */,
				E90AE2431A8F813900AD0D78 /* NKU HelperTests */,
				E90AE2291A8F813900AD0D78 /* Products */,
			);
			sourceTree = "<group>";
		};
		E90AE2291A8F813900AD0D78 /* Products */ = {
			isa = PBXGroup;
			children = (
				E90AE2281A8F813900AD0D78 /* NKU Helper.app */,
				E90AE2401A8F813900AD0D78 /* NKU HelperTests.xctest */,
			);
			name = Products;
			sourceTree = "<group>";
		};
		E90AE22A1A8F813900AD0D78 /* NKU Helper */ = {
			isa = PBXGroup;
			children = (
				E90AE22D1A8F813900AD0D78 /* AppDelegate.swift */,
				E988B5361AB005DF006818FA /* Main.storyboard */,
				E94286531AA5494800A4242C /* LogIner.swift */,
				E90AE2501A8F814C00AD0D78 /* ImageGetter.swift */,
				E9D4DC471AAEF45D00A02327 /* Today */,
				E98F94E21AA31A1A00885992 /* ClassTime */,
				E98F94DF1AA319CD00885992 /* Function */,
				E98F94E11AA319EE00885992 /* Settings */,
				E95C8F3F1AAF507F00D3D8EE /* weatherIcon */,
				E95C8F391AAF2BA900D3D8EE /* backgroundImage.jpg */,
				E90AE2371A8F813900AD0D78 /* Images.xcassets */,
				E90AE2391A8F813900AD0D78 /* LaunchScreen.xib */,
				E90AE22F1A8F813900AD0D78 /* NKU_Helper.xcdatamodeld */,
				E90AE22B1A8F813900AD0D78 /* Supporting Files */,
				E91E5F4A1A90FA9E009F3B2B /* NKU Helper-Bridging-Header.h */,
			);
			path = "NKU Helper";
			sourceTree = "<group>";
		};
		E90AE22B1A8F813900AD0D78 /* Supporting Files */ = {
			isa = PBXGroup;
			children = (
				E90AE22C1A8F813900AD0D78 /* Info.plist */,
			);
			name = "Supporting Files";
			sourceTree = "<group>";
		};
		E90AE2431A8F813900AD0D78 /* NKU HelperTests */ = {
			isa = PBXGroup;
			children = (
				E90AE2461A8F813900AD0D78 /* NKU_HelperTests.swift */,
				E90AE2441A8F813900AD0D78 /* Supporting Files */,
			);
			path = "NKU HelperTests";
			sourceTree = "<group>";
		};
		E90AE2441A8F813900AD0D78 /* Supporting Files */ = {
			isa = PBXGroup;
			children = (
				E90AE2451A8F813900AD0D78 /* Info.plist */,
			);
			name = "Supporting Files";
			sourceTree = "<group>";
		};
		E926CD761AB3405800A5076A /* making kay */ = {
			isa = PBXGroup;
			children = (
				E9FDA2411AB15BB600B25E7E /* Base64.h */,
				E9FDA2421AB15BB600B25E7E /* Base64.m */,
			);
			name = "making kay";
			sourceTree = "<group>";
		};
		E95C8F3F1AAF507F00D3D8EE /* weatherIcon */ = {
			isa = PBXGroup;
			children = (
				E95C8F401AAF508B00D3D8EE /* day */,
				E95C8F411AAF509000D3D8EE /* night */,
			);
			name = weatherIcon;
			sourceTree = "<group>";
		};
		E95C8F401AAF508B00D3D8EE /* day */ = {
			isa = PBXGroup;
			children = (
				E95C8F421AAF50A400D3D8EE /* day00.png */,
				E95C8F431AAF50A400D3D8EE /* day01.png */,
				E95C8F441AAF50A400D3D8EE /* day02.png */,
				E95C8F451AAF50A400D3D8EE /* day03.png */,
				E95C8F461AAF50A400D3D8EE /* day04.png */,
				E95C8F471AAF50A400D3D8EE /* day05.png */,
				E95C8F481AAF50A400D3D8EE /* day06.png */,
				E95C8F491AAF50A400D3D8EE /* day07.png */,
				E95C8F4A1AAF50A400D3D8EE /* day08.png */,
				E95C8F4B1AAF50A400D3D8EE /* day09.png */,
				E95C8F4C1AAF50A400D3D8EE /* day10.png */,
				E95C8F4D1AAF50A400D3D8EE /* day11.png */,
				E95C8F4E1AAF50A400D3D8EE /* day12.png */,
				E95C8F4F1AAF50A400D3D8EE /* day13.png */,
				E95C8F501AAF50A400D3D8EE /* day14.png */,
				E95C8F511AAF50A400D3D8EE /* day15.png */,
				E95C8F521AAF50A400D3D8EE /* day16.png */,
				E95C8F531AAF50A400D3D8EE /* day17.png */,
				E95C8F541AAF50A400D3D8EE /* day18.png */,
				E95C8F551AAF50A400D3D8EE /* day19.png */,
				E95C8F561AAF50A400D3D8EE /* day20.png */,
				E95C8F571AAF50A400D3D8EE /* day21.png */,
				E95C8F581AAF50A400D3D8EE /* day22.png */,
				E95C8F591AAF50A400D3D8EE /* day23.png */,
				E95C8F5A1AAF50A400D3D8EE /* day24.png */,
				E95C8F5B1AAF50A400D3D8EE /* day25.png */,
				E95C8F5C1AAF50A400D3D8EE /* day26.png */,
				E95C8F5D1AAF50A400D3D8EE /* day27.png */,
				E95C8F5E1AAF50A400D3D8EE /* day28.png */,
				E95C8F5F1AAF50A400D3D8EE /* day29.png */,
				E95C8F601AAF50A400D3D8EE /* day30.png */,
				E95C8F611AAF50A400D3D8EE /* day31.png */,
				E95C8F621AAF50A400D3D8EE /* day53.png */,
			);
			name = day;
			sourceTree = "<group>";
		};
		E95C8F411AAF509000D3D8EE /* night */ = {
			isa = PBXGroup;
			children = (
				E95C8F841AAF51A700D3D8EE /* night00.png */,
				E95C8F851AAF51A700D3D8EE /* night01.png */,
				E95C8F861AAF51A700D3D8EE /* night02.png */,
				E95C8F871AAF51A700D3D8EE /* night03.png */,
				E95C8F881AAF51A700D3D8EE /* night04.png */,
				E95C8F891AAF51A700D3D8EE /* night05.png */,
				E95C8F8A1AAF51A700D3D8EE /* night06.png */,
				E95C8F8B1AAF51A700D3D8EE /* night07.png */,
				E95C8F8C1AAF51A700D3D8EE /* night08.png */,
				E95C8F8D1AAF51A700D3D8EE /* night09.png */,
				E95C8F8E1AAF51A700D3D8EE /* night10.png */,
				E95C8F8F1AAF51A700D3D8EE /* night11.png */,
				E95C8F901AAF51A700D3D8EE /* night12.png */,
				E95C8F911AAF51A700D3D8EE /* night13.png */,
				E95C8F921AAF51A700D3D8EE /* night14.png */,
				E95C8F931AAF51A700D3D8EE /* night15.png */,
				E95C8F941AAF51A700D3D8EE /* night16.png */,
				E95C8F951AAF51A700D3D8EE /* night17.png */,
				E95C8F961AAF51A700D3D8EE /* night18.png */,
				E95C8F971AAF51A700D3D8EE /* night19.png */,
				E95C8F981AAF51A700D3D8EE /* night20.png */,
				E95C8F991AAF51A700D3D8EE /* night21.png */,
				E95C8F9A1AAF51A700D3D8EE /* night22.png */,
				E95C8F9B1AAF51A700D3D8EE /* night23.png */,
				E95C8F9C1AAF51A700D3D8EE /* night24.png */,
				E95C8F9D1AAF51A700D3D8EE /* night25.png */,
				E95C8F9E1AAF51A700D3D8EE /* night26.png */,
				E95C8F9F1AAF51A700D3D8EE /* night27.png */,
				E95C8FA01AAF51A700D3D8EE /* night28.png */,
				E95C8FA11AAF51A700D3D8EE /* night29.png */,
				E95C8FA21AAF51A700D3D8EE /* night30.png */,
				E95C8FA31AAF51A700D3D8EE /* night31.png */,
				E95C8FA41AAF51A700D3D8EE /* night53.png */,
			);
			name = night;
			sourceTree = "<group>";
		};
		E97A94AF1ABF19F200998A07 /* PreferredColors */ = {
			isa = PBXGroup;
			children = (
				E9CCF4B51ABC64B2002076F2 /* ColorTableViewCell.swift */,
				E9CCF4B71ABC653E002076F2 /* ColorChooseTableViewController.swift */,
				E9CCF4B91ABC6578002076F2 /* ColorChooseTableViewCell.swift */,
			);
			name = PreferredColors;
			sourceTree = "<group>";
		};
		E98F94D21AA317B100885992 /* GetGrade */ = {
			isa = PBXGroup;
			children = (
				E90AE2521A8F948300AD0D78 /* GradeGetter.swift */,
				E90AE2321A8F813900AD0D78 /* GradeSetUpViewController.swift */,
				E91E5F4E1A90FAED009F3B2B /* GradeShowerTableViewController.swift */,
				E91E5F541A9103DF009F3B2B /* GradeCell.swift */,
			);
			name = GetGrade;
			sourceTree = "<group>";
		};
		E98F94DF1AA319CD00885992 /* Function */ = {
			isa = PBXGroup;
			children = (
				E98F94D71AA318EF00885992 /* FunctionTableViewController.swift */,
				E98F94D21AA317B100885992 /* GetGrade */,
			);
			name = Function;
			sourceTree = "<group>";
		};
		E98F94E11AA319EE00885992 /* Settings */ = {
			isa = PBXGroup;
			children = (
				E98F94D91AA3191F00885992 /* SettingTableViewController.swift */,
				E9DB7EBC1AAB5EB0000D4182 /* AccountInfo */,
				E97A94AF1ABF19F200998A07 /* PreferredColors */,
			);
			name = Settings;
			sourceTree = "<group>";
		};
		E98F94E21AA31A1A00885992 /* ClassTime */ = {
			isa = PBXGroup;
			children = (
				E98F94D51AA3180700885992 /* ClassTimeViewController.swift */,
				E96937091AAAA55100D8CAF5 /* DetailClassInfoContent */,
				E942864F1AA4CD2A00A4242C /* LogInViewController.swift */,
			);
			name = ClassTime;
			sourceTree = "<group>";
		};
		E9ACA1221AB2D6E7001083C1 /* RefreshControl */ = {
			isa = PBXGroup;
			children = (
				E9ACA1231AB2D93E001083C1 /* BarItem.h */,
				E9ACA1241AB2D93E001083C1 /* BarItem.m */,
				E9ACA11F1AB2D6E2001083C1 /* CBStoreHouseRefreshControl.h */,
				E9ACA1201AB2D6E2001083C1 /* CBStoreHouseRefreshControl.m */,
				E926CD741AB33B1700A5076A /* NKU.plist */,
			);
			name = RefreshControl;
			sourceTree = "<group>";
		};
		E9D4DC471AAEF45D00A02327 /* Today */ = {
			isa = PBXGroup;
			children = (
				E9A83E2D1AB709400021C2D0 /* TodayTableViewController.swift */,
				E9A83E311AB70A3A0021C2D0 /* time_weatherTableViewCell.swift */,
				E9FDA2441AB15F6B00B25E7E /* WeatherConditionGetter.swift */,
				E9A83E331AB70A640021C2D0 /* courseCurrentTableViewCell.swift */,
				E997700D1AC16CC700C3977B /* LifeIndexTableViewCell.swift */,
				E9658F751AB74ACD000A39A8 /* coursesOverViewTableViewCell.swift */,
				E926CD761AB3405800A5076A /* making kay */,
				E9ACA1221AB2D6E7001083C1 /* RefreshControl */,
			);
			name = Today;
			sourceTree = "<group>";
		};
		E9DB7EBC1AAB5EB0000D4182 /* AccountInfo */ = {
			isa = PBXGroup;
			children = (
				E9B8C4AE1AA82D6E00E0DD50 /* AccountInfo */,
				E94286571AA5500C00A4242C /* SaveAccountInfoViewController.swift */,
				E96419D11AA8971B00397691 /* AccountTableViewCell.swift */,
				E96419D31AA8BC9800397691 /* DetailAccountInfoTableViewController.swift */,
			);
			name = AccountInfo;
			sourceTree = "<group>";
		};
/* End PBXGroup section */

/* Begin PBXNativeTarget section */
		E90AE2271A8F813900AD0D78 /* NKU Helper */ = {
			isa = PBXNativeTarget;
			buildConfigurationList = E90AE24A1A8F813900AD0D78 /* Build configuration list for PBXNativeTarget "NKU Helper" */;
			buildPhases = (
				E90AE2241A8F813900AD0D78 /* Sources */,
				E90AE2251A8F813900AD0D78 /* Frameworks */,
				E90AE2261A8F813900AD0D78 /* Resources */,
			);
			buildRules = (
			);
			dependencies = (
			);
			name = "NKU Helper";
			productName = "NKU Helper";
			productReference = E90AE2281A8F813900AD0D78 /* NKU Helper.app */;
			productType = "com.apple.product-type.application";
		};
		E90AE23F1A8F813900AD0D78 /* NKU HelperTests */ = {
			isa = PBXNativeTarget;
			buildConfigurationList = E90AE24D1A8F813900AD0D78 /* Build configuration list for PBXNativeTarget "NKU HelperTests" */;
			buildPhases = (
				E90AE23C1A8F813900AD0D78 /* Sources */,
				E90AE23D1A8F813900AD0D78 /* Frameworks */,
				E90AE23E1A8F813900AD0D78 /* Resources */,
			);
			buildRules = (
			);
			dependencies = (
				E90AE2421A8F813900AD0D78 /* PBXTargetDependency */,
			);
			name = "NKU HelperTests";
			productName = "NKU HelperTests";
			productReference = E90AE2401A8F813900AD0D78 /* NKU HelperTests.xctest */;
			productType = "com.apple.product-type.bundle.unit-test";
		};
/* End PBXNativeTarget section */

/* Begin PBXProject section */
		E90AE2201A8F813900AD0D78 /* Project object */ = {
			isa = PBXProject;
			attributes = {
				LastUpgradeCheck = 0610;
				ORGANIZATIONNAME = "陈乐天";
				TargetAttributes = {
					E90AE2271A8F813900AD0D78 = {
						CreatedOnToolsVersion = 6.1.1;
						DevelopmentTeam = E9FBJ6HPDB;
					};
					E90AE23F1A8F813900AD0D78 = {
						CreatedOnToolsVersion = 6.1.1;
						TestTargetID = E90AE2271A8F813900AD0D78;
					};
				};
			};
			buildConfigurationList = E90AE2231A8F813900AD0D78 /* Build configuration list for PBXProject "NKU Helper" */;
			compatibilityVersion = "Xcode 3.2";
			developmentRegion = English;
			hasScannedForEncodings = 0;
			knownRegions = (
				en,
				Base,
			);
			mainGroup = E90AE21F1A8F813900AD0D78;
			productRefGroup = E90AE2291A8F813900AD0D78 /* Products */;
			projectDirPath = "";
			projectRoot = "";
			targets = (
				E90AE2271A8F813900AD0D78 /* NKU Helper */,
				E90AE23F1A8F813900AD0D78 /* NKU HelperTests */,
			);
		};
/* End PBXProject section */

/* Begin PBXResourcesBuildPhase section */
		E90AE2261A8F813900AD0D78 /* Resources */ = {
			isa = PBXResourcesBuildPhase;
			buildActionMask = 2147483647;
			files = (
				E95C8FC01AAF51A700D3D8EE /* night27.png in Resources */,
				E95C8FBB1AAF51A700D3D8EE /* night22.png in Resources */,
				E95C8FB91AAF51A700D3D8EE /* night20.png in Resources */,
				E95C8FAC1AAF51A700D3D8EE /* night07.png in Resources */,
				E95C8F801AAF50A400D3D8EE /* day29.png in Resources */,
				E95C8F731AAF50A400D3D8EE /* day16.png in Resources */,
				E95C8F721AAF50A400D3D8EE /* day15.png in Resources */,
				E95C8F661AAF50A400D3D8EE /* day03.png in Resources */,
				E95C8FBD1AAF51A700D3D8EE /* night24.png in Resources */,
				E95C8FBE1AAF51A700D3D8EE /* night25.png in Resources */,
				E95C8FAD1AAF51A700D3D8EE /* night08.png in Resources */,
				E95C8F6A1AAF50A400D3D8EE /* day07.png in Resources */,
				E95C8FA51AAF51A700D3D8EE /* night00.png in Resources */,
				E926CD751AB33B1700A5076A /* NKU.plist in Resources */,
				E95C8F7B1AAF50A400D3D8EE /* day24.png in Resources */,
				E95C8FC51AAF51A700D3D8EE /* night53.png in Resources */,
				E95C8F821AAF50A400D3D8EE /* day31.png in Resources */,
				E95C8FBF1AAF51A700D3D8EE /* night26.png in Resources */,
				E95C8F641AAF50A400D3D8EE /* day01.png in Resources */,
				E95C8F831AAF50A400D3D8EE /* day53.png in Resources */,
				E95C8FB21AAF51A700D3D8EE /* night13.png in Resources */,
				E95C8F7F1AAF50A400D3D8EE /* day28.png in Resources */,
				E9B8C4AF1AA82D6E00E0DD50 /* AccountInfo in Resources */,
				E969370A1AAAA55100D8CAF5 /* DetailClassInfoContent in Resources */,
				E95C8FAA1AAF51A700D3D8EE /* night05.png in Resources */,
				E95C8F781AAF50A400D3D8EE /* day21.png in Resources */,
				E95C8FB31AAF51A700D3D8EE /* night14.png in Resources */,
				E95C8F681AAF50A400D3D8EE /* day05.png in Resources */,
				E95C8FC41AAF51A700D3D8EE /* night31.png in Resources */,
				E95C8F701AAF50A400D3D8EE /* day13.png in Resources */,
				E95C8FB51AAF51A700D3D8EE /* night16.png in Resources */,
				E95C8F6C1AAF50A400D3D8EE /* day09.png in Resources */,
				E95C8F6F1AAF50A400D3D8EE /* day12.png in Resources */,
				E95C8FB61AAF51A700D3D8EE /* night17.png in Resources */,
				E95C8F3A1AAF2BA900D3D8EE /* backgroundImage.jpg in Resources */,
				E95C8FBA1AAF51A700D3D8EE /* night21.png in Resources */,
				E95C8F7A1AAF50A400D3D8EE /* day23.png in Resources */,
				E95C8FC21AAF51A700D3D8EE /* night29.png in Resources */,
				E95C8F6D1AAF50A400D3D8EE /* day10.png in Resources */,
				E95C8FAE1AAF51A700D3D8EE /* night09.png in Resources */,
				E95C8F811AAF50A400D3D8EE /* day30.png in Resources */,
				E95C8F771AAF50A400D3D8EE /* day20.png in Resources */,
				E95C8F631AAF50A400D3D8EE /* day00.png in Resources */,
				E95C8FB11AAF51A700D3D8EE /* night12.png in Resources */,
				E95C8F7C1AAF50A400D3D8EE /* day25.png in Resources */,
				E95C8FB01AAF51A700D3D8EE /* night11.png in Resources */,
				E95C8F7D1AAF50A400D3D8EE /* day26.png in Resources */,
				E95C8F7E1AAF50A400D3D8EE /* day27.png in Resources */,
				E95C8FC11AAF51A700D3D8EE /* night28.png in Resources */,
				E95C8F6B1AAF50A400D3D8EE /* day08.png in Resources */,
				E988B5371AB005DF006818FA /* Main.storyboard in Resources */,
				E95C8FB81AAF51A700D3D8EE /* night19.png in Resources */,
				E95C8FA81AAF51A700D3D8EE /* night03.png in Resources */,
				E90AE23B1A8F813900AD0D78 /* LaunchScreen.xib in Resources */,
				E95C8FBC1AAF51A700D3D8EE /* night23.png in Resources */,
				E95C8FAF1AAF51A700D3D8EE /* night10.png in Resources */,
				E95C8F671AAF50A400D3D8EE /* day04.png in Resources */,
				E95C8FC31AAF51A700D3D8EE /* night30.png in Resources */,
				E95C8FA91AAF51A700D3D8EE /* night04.png in Resources */,
				E95C8FB41AAF51A700D3D8EE /* night15.png in Resources */,
				E95C8FA61AAF51A700D3D8EE /* night01.png in Resources */,
				E95C8FA71AAF51A700D3D8EE /* night02.png in Resources */,
				E95C8F761AAF50A400D3D8EE /* day19.png in Resources */,
				E95C8FB71AAF51A700D3D8EE /* night18.png in Resources */,
				E90AE2381A8F813900AD0D78 /* Images.xcassets in Resources */,
				E95C8F651AAF50A400D3D8EE /* day02.png in Resources */,
				E95C8F6E1AAF50A400D3D8EE /* day11.png in Resources */,
				E95C8F711AAF50A400D3D8EE /* day14.png in Resources */,
				E95C8F741AAF50A400D3D8EE /* day17.png in Resources */,
				E95C8F791AAF50A400D3D8EE /* day22.png in Resources */,
				E95C8F751AAF50A400D3D8EE /* day18.png in Resources */,
				E95C8FAB1AAF51A700D3D8EE /* night06.png in Resources */,
				E95C8F691AAF50A400D3D8EE /* day06.png in Resources */,
			);
			runOnlyForDeploymentPostprocessing = 0;
		};
		E90AE23E1A8F813900AD0D78 /* Resources */ = {
			isa = PBXResourcesBuildPhase;
			buildActionMask = 2147483647;
			files = (
			);
			runOnlyForDeploymentPostprocessing = 0;
		};
/* End PBXResourcesBuildPhase section */

/* Begin PBXSourcesBuildPhase section */
		E90AE2241A8F813900AD0D78 /* Sources */ = {
			isa = PBXSourcesBuildPhase;
			buildActionMask = 2147483647;
			files = (
				E98F94D81AA318EF00885992 /* FunctionTableViewController.swift in Sources */,
				E90AE2331A8F813900AD0D78 /* GradeSetUpViewController.swift in Sources */,
				E90AE2311A8F813900AD0D78 /* NKU_Helper.xcdatamodeld in Sources */,
				E90AE2511A8F814C00AD0D78 /* ImageGetter.swift in Sources */,
				E9FDA2431AB15BB600B25E7E /* Base64.m in Sources */,
				E9CCF4B61ABC64B2002076F2 /* ColorTableViewCell.swift in Sources */,
				E9A83E2E1AB709400021C2D0 /* TodayTableViewController.swift in Sources */,
				E96419D21AA8971B00397691 /* AccountTableViewCell.swift in Sources */,
				E94286541AA5494800A4242C /* LogIner.swift in Sources */,
				E98F94DA1AA3191F00885992 /* SettingTableViewController.swift in Sources */,
				E9ACA1211AB2D6E2001083C1 /* CBStoreHouseRefreshControl.m in Sources */,
				E9FDA2451AB15F6B00B25E7E /* WeatherConditionGetter.swift in Sources */,
				E96419D41AA8BC9800397691 /* DetailAccountInfoTableViewController.swift in Sources */,
				E9ACA1251AB2D93E001083C1 /* BarItem.m in Sources */,
				E9A83E341AB70A640021C2D0 /* courseCurrentTableViewCell.swift in Sources */,
				E9658F761AB74ACD000A39A8 /* coursesOverViewTableViewCell.swift in Sources */,
				E9CCF4BA1ABC6578002076F2 /* ColorChooseTableViewCell.swift in Sources */,
				E91E5F4F1A90FAED009F3B2B /* GradeShowerTableViewController.swift in Sources */,
				E98F94D61AA3180700885992 /* ClassTimeViewController.swift in Sources */,
				E94286581AA5500C00A4242C /* SaveAccountInfoViewController.swift in Sources */,
				E9CCF4B81ABC653E002076F2 /* ColorChooseTableViewController.swift in Sources */,
				E9A83E321AB70A3A0021C2D0 /* time_weatherTableViewCell.swift in Sources */,
				E997700E1AC16CC700C3977B /* LifeIndexTableViewCell.swift in Sources */,
				E94286501AA4CD2A00A4242C /* LogInViewController.swift in Sources */,
				E91E5F551A9103DF009F3B2B /* GradeCell.swift in Sources */,
				E90AE2531A8F948300AD0D78 /* GradeGetter.swift in Sources */,
				E90AE22E1A8F813900AD0D78 /* AppDelegate.swift in Sources */,
			);
			runOnlyForDeploymentPostprocessing = 0;
		};
		E90AE23C1A8F813900AD0D78 /* Sources */ = {
			isa = PBXSourcesBuildPhase;
			buildActionMask = 2147483647;
			files = (
				E90AE2471A8F813900AD0D78 /* NKU_HelperTests.swift in Sources */,
			);
			runOnlyForDeploymentPostprocessing = 0;
		};
/* End PBXSourcesBuildPhase section */

/* Begin PBXTargetDependency section */
		E90AE2421A8F813900AD0D78 /* PBXTargetDependency */ = {
			isa = PBXTargetDependency;
			target = E90AE2271A8F813900AD0D78 /* NKU Helper */;
			targetProxy = E90AE2411A8F813900AD0D78 /* PBXContainerItemProxy */;
		};
/* End PBXTargetDependency section */

/* Begin PBXVariantGroup section */
		E90AE2391A8F813900AD0D78 /* LaunchScreen.xib */ = {
			isa = PBXVariantGroup;
			children = (
				E90AE23A1A8F813900AD0D78 /* Base */,
			);
			name = LaunchScreen.xib;
			sourceTree = "<group>";
		};
/* End PBXVariantGroup section */

/* Begin XCBuildConfiguration section */
		E90AE2481A8F813900AD0D78 /* Debug */ = {
			isa = XCBuildConfiguration;
			buildSettings = {
				ALWAYS_SEARCH_USER_PATHS = NO;
				CLANG_CXX_LANGUAGE_STANDARD = "gnu++0x";
				CLANG_CXX_LIBRARY = "libc++";
				CLANG_ENABLE_MODULES = YES;
				CLANG_ENABLE_OBJC_ARC = YES;
				CLANG_WARN_BOOL_CONVERSION = YES;
				CLANG_WARN_CONSTANT_CONVERSION = YES;
				CLANG_WARN_DIRECT_OBJC_ISA_USAGE = YES_ERROR;
				CLANG_WARN_EMPTY_BODY = YES;
				CLANG_WARN_ENUM_CONVERSION = YES;
				CLANG_WARN_INT_CONVERSION = YES;
				CLANG_WARN_OBJC_ROOT_CLASS = YES_ERROR;
				CLANG_WARN_UNREACHABLE_CODE = YES;
				CLANG_WARN__DUPLICATE_METHOD_MATCH = YES;
				"CODE_SIGN_IDENTITY[sdk=iphoneos*]" = "iPhone Developer";
				COPY_PHASE_STRIP = NO;
				ENABLE_STRICT_OBJC_MSGSEND = YES;
				GCC_C_LANGUAGE_STANDARD = gnu99;
				GCC_DYNAMIC_NO_PIC = NO;
				GCC_OPTIMIZATION_LEVEL = 0;
				GCC_PREPROCESSOR_DEFINITIONS = (
					"DEBUG=1",
					"$(inherited)",
				);
				GCC_SYMBOLS_PRIVATE_EXTERN = NO;
				GCC_WARN_64_TO_32_BIT_CONVERSION = YES;
				GCC_WARN_ABOUT_RETURN_TYPE = YES_ERROR;
				GCC_WARN_UNDECLARED_SELECTOR = YES;
				GCC_WARN_UNINITIALIZED_AUTOS = YES_AGGRESSIVE;
				GCC_WARN_UNUSED_FUNCTION = YES;
				GCC_WARN_UNUSED_VARIABLE = YES;
				IPHONEOS_DEPLOYMENT_TARGET = 8.1;
				MTL_ENABLE_DEBUG_INFO = YES;
				ONLY_ACTIVE_ARCH = YES;
				SDKROOT = iphoneos;
				SWIFT_OPTIMIZATION_LEVEL = "-Onone";
			};
			name = Debug;
		};
		E90AE2491A8F813900AD0D78 /* Release */ = {
			isa = XCBuildConfiguration;
			buildSettings = {
				ALWAYS_SEARCH_USER_PATHS = NO;
				CLANG_CXX_LANGUAGE_STANDARD = "gnu++0x";
				CLANG_CXX_LIBRARY = "libc++";
				CLANG_ENABLE_MODULES = YES;
				CLANG_ENABLE_OBJC_ARC = YES;
				CLANG_WARN_BOOL_CONVERSION = YES;
				CLANG_WARN_CONSTANT_CONVERSION = YES;
				CLANG_WARN_DIRECT_OBJC_ISA_USAGE = YES_ERROR;
				CLANG_WARN_EMPTY_BODY = YES;
				CLANG_WARN_ENUM_CONVERSION = YES;
				CLANG_WARN_INT_CONVERSION = YES;
				CLANG_WARN_OBJC_ROOT_CLASS = YES_ERROR;
				CLANG_WARN_UNREACHABLE_CODE = YES;
				CLANG_WARN__DUPLICATE_METHOD_MATCH = YES;
				"CODE_SIGN_IDENTITY[sdk=iphoneos*]" = "iPhone Developer";
				COPY_PHASE_STRIP = YES;
				ENABLE_NS_ASSERTIONS = NO;
				ENABLE_STRICT_OBJC_MSGSEND = YES;
				GCC_C_LANGUAGE_STANDARD = gnu99;
				GCC_WARN_64_TO_32_BIT_CONVERSION = YES;
				GCC_WARN_ABOUT_RETURN_TYPE = YES_ERROR;
				GCC_WARN_UNDECLARED_SELECTOR = YES;
				GCC_WARN_UNINITIALIZED_AUTOS = YES_AGGRESSIVE;
				GCC_WARN_UNUSED_FUNCTION = YES;
				GCC_WARN_UNUSED_VARIABLE = YES;
				IPHONEOS_DEPLOYMENT_TARGET = 8.1;
				MTL_ENABLE_DEBUG_INFO = NO;
				SDKROOT = iphoneos;
				VALIDATE_PRODUCT = YES;
			};
			name = Release;
		};
		E90AE24B1A8F813900AD0D78 /* Debug */ = {
			isa = XCBuildConfiguration;
			buildSettings = {
				ASSETCATALOG_COMPILER_APPICON_NAME = AppIcon;
				CLANG_ENABLE_MODULES = YES;
				CODE_SIGN_IDENTITY = "iPhone Developer";
				"CODE_SIGN_IDENTITY[sdk=iphoneos*]" = "iPhone Developer";
				INFOPLIST_FILE = "NKU Helper/Info.plist";
				LD_RUNPATH_SEARCH_PATHS = "$(inherited) @executable_path/Frameworks";
				PRODUCT_NAME = "$(TARGET_NAME)";
				PROVISIONING_PROFILE = "";
				SWIFT_OBJC_BRIDGING_HEADER = "NKU Helper/NKU Helper-Bridging-Header.h";
				SWIFT_OPTIMIZATION_LEVEL = "-Onone";
			};
			name = Debug;
		};
		E90AE24C1A8F813900AD0D78 /* Release */ = {
			isa = XCBuildConfiguration;
			buildSettings = {
				ASSETCATALOG_COMPILER_APPICON_NAME = AppIcon;
				CLANG_ENABLE_MODULES = YES;
				CODE_SIGN_IDENTITY = "iPhone Developer";
				"CODE_SIGN_IDENTITY[sdk=iphoneos*]" = "iPhone Developer";
				INFOPLIST_FILE = "NKU Helper/Info.plist";
				LD_RUNPATH_SEARCH_PATHS = "$(inherited) @executable_path/Frameworks";
				PRODUCT_NAME = "$(TARGET_NAME)";
				PROVISIONING_PROFILE = "";
				SWIFT_OBJC_BRIDGING_HEADER = "NKU Helper/NKU Helper-Bridging-Header.h";
			};
			name = Release;
		};
		E90AE24E1A8F813900AD0D78 /* Debug */ = {
			isa = XCBuildConfiguration;
			buildSettings = {
				BUNDLE_LOADER = "$(TEST_HOST)";
				FRAMEWORK_SEARCH_PATHS = (
					"$(SDKROOT)/Developer/Library/Frameworks",
					"$(inherited)",
				);
				GCC_PREPROCESSOR_DEFINITIONS = (
					"DEBUG=1",
					"$(inherited)",
				);
				INFOPLIST_FILE = "NKU HelperTests/Info.plist";
				LD_RUNPATH_SEARCH_PATHS = "$(inherited) @executable_path/Frameworks @loader_path/Frameworks";
				PRODUCT_NAME = "$(TARGET_NAME)";
				TEST_HOST = "$(BUILT_PRODUCTS_DIR)/NKU Helper.app/NKU Helper";
			};
			name = Debug;
		};
		E90AE24F1A8F813900AD0D78 /* Release */ = {
			isa = XCBuildConfiguration;
			buildSettings = {
				BUNDLE_LOADER = "$(TEST_HOST)";
				FRAMEWORK_SEARCH_PATHS = (
					"$(SDKROOT)/Developer/Library/Frameworks",
					"$(inherited)",
				);
				INFOPLIST_FILE = "NKU HelperTests/Info.plist";
				LD_RUNPATH_SEARCH_PATHS = "$(inherited) @executable_path/Frameworks @loader_path/Frameworks";
				PRODUCT_NAME = "$(TARGET_NAME)";
				TEST_HOST = "$(BUILT_PRODUCTS_DIR)/NKU Helper.app/NKU Helper";
			};
			name = Release;
		};
/* End XCBuildConfiguration section */

/* Begin XCConfigurationList section */
		E90AE2231A8F813900AD0D78 /* Build configuration list for PBXProject "NKU Helper" */ = {
			isa = XCConfigurationList;
			buildConfigurations = (
				E90AE2481A8F813900AD0D78 /* Debug */,
				E90AE2491A8F813900AD0D78 /* Release */,
			);
			defaultConfigurationIsVisible = 0;
			defaultConfigurationName = Release;
		};
		E90AE24A1A8F813900AD0D78 /* Build configuration list for PBXNativeTarget "NKU Helper" */ = {
			isa = XCConfigurationList;
			buildConfigurations = (
				E90AE24B1A8F813900AD0D78 /* Debug */,
				E90AE24C1A8F813900AD0D78 /* Release */,
			);
			defaultConfigurationIsVisible = 0;
			defaultConfigurationName = Release;
		};
		E90AE24D1A8F813900AD0D78 /* Build configuration list for PBXNativeTarget "NKU HelperTests" */ = {
			isa = XCConfigurationList;
			buildConfigurations = (
				E90AE24E1A8F813900AD0D78 /* Debug */,
				E90AE24F1A8F813900AD0D78 /* Release */,
			);
			defaultConfigurationIsVisible = 0;
			defaultConfigurationName = Release;
		};
/* End XCConfigurationList section */

/* Begin XCVersionGroup section */
		E90AE22F1A8F813900AD0D78 /* NKU_Helper.xcdatamodeld */ = {
			isa = XCVersionGroup;
			children = (
				E90AE2301A8F813900AD0D78 /* NKU_Helper.xcdatamodel */,
			);
			currentVersion = E90AE2301A8F813900AD0D78 /* NKU_Helper.xcdatamodel */;
			path = NKU_Helper.xcdatamodeld;
			sourceTree = "<group>";
			versionGroupType = wrapper.xcdatamodel;
		};
/* End XCVersionGroup section */
	};
	rootObject = E90AE2201A8F813900AD0D78 /* Project object */;
}
