// !$*UTF8*$!
{
	archiveVersion = 1;
	classes = {
	};
	objectVersion = 46;
	objects = {

/* Begin PBXBuildFile section */
		E90AE22E1A8F813900AD0D78 /* AppDelegate.swift in Sources */ = {isa = PBXBuildFile; fileRef = E90AE22D1A8F813900AD0D78 /* AppDelegate.swift */; };
		E90AE2311A8F813900AD0D78 /* NKU_Helper.xcdatamodeld in Sources */ = {isa = PBXBuildFile; fileRef = E90AE22F1A8F813900AD0D78 /* NKU_Helper.xcdatamodeld */; };
		E90AE2331A8F813900AD0D78 /* GradeSetUpViewController.swift in Sources */ = {isa = PBXBuildFile; fileRef = E90AE2321A8F813900AD0D78 /* GradeSetUpViewController.swift */; };
		E90AE2381A8F813900AD0D78 /* Images.xcassets in Resources */ = {isa = PBXBuildFile; fileRef = E90AE2371A8F813900AD0D78 /* Images.xcassets */; };
		E90AE23B1A8F813900AD0D78 /* LaunchScreen.xib in Resources */ = {isa = PBXBuildFile; fileRef = E90AE2391A8F813900AD0D78 /* LaunchScreen.xib */; };
		E90AE2471A8F813900AD0D78 /* NKU_HelperTests.swift in Sources */ = {isa = PBXBuildFile; fileRef = E90AE2461A8F813900AD0D78 /* NKU_HelperTests.swift */; };
		E90AE2511A8F814C00AD0D78 /* ImageGetter.swift in Sources */ = {isa = PBXBuildFile; fileRef = E90AE2501A8F814C00AD0D78 /* ImageGetter.swift */; };
		E90AE2531A8F948300AD0D78 /* GradeGetter.swift in Sources */ = {isa = PBXBuildFile; fileRef = E90AE2521A8F948300AD0D78 /* GradeGetter.swift */; };
		E91E5F4F1A90FAED009F3B2B /* GradeShowerTableViewController.swift in Sources */ = {isa = PBXBuildFile; fileRef = E91E5F4E1A90FAED009F3B2B /* GradeShowerTableViewController.swift */; };
		E91E5F551A9103DF009F3B2B /* GradeCell.swift in Sources */ = {isa = PBXBuildFile; fileRef = E91E5F541A9103DF009F3B2B /* GradeCell.swift */; };
		E94286501AA4CD2A00A4242C /* LogInViewController.swift in Sources */ = {isa = PBXBuildFile; fileRef = E942864F1AA4CD2A00A4242C /* LogInViewController.swift */; };
		E94286541AA5494800A4242C /* LogIner.swift in Sources */ = {isa = PBXBuildFile; fileRef = E94286531AA5494800A4242C /* LogIner.swift */; };
		E94286581AA5500C00A4242C /* SaveAccountInfoViewController.swift in Sources */ = {isa = PBXBuildFile; fileRef = E94286571AA5500C00A4242C /* SaveAccountInfoViewController.swift */; };
		E942865A1AA56E9E00A4242C /* Main.storyboard in Resources */ = {isa = PBXBuildFile; fileRef = E94286591AA56E9E00A4242C /* Main.storyboard */; };
		E96419D21AA8971B00397691 /* AccountTableViewCell.swift in Sources */ = {isa = PBXBuildFile; fileRef = E96419D11AA8971B00397691 /* AccountTableViewCell.swift */; };
		E96419D41AA8BC9800397691 /* DetailAccountInfoTableViewController.swift in Sources */ = {isa = PBXBuildFile; fileRef = E96419D31AA8BC9800397691 /* DetailAccountInfoTableViewController.swift */; };
		E969370A1AAAA55100D8CAF5 /* DetailClassInfoContent in Resources */ = {isa = PBXBuildFile; fileRef = E96937091AAAA55100D8CAF5 /* DetailClassInfoContent */; };
		E98F94D61AA3180700885992 /* ClassTimeViewController.swift in Sources */ = {isa = PBXBuildFile; fileRef = E98F94D51AA3180700885992 /* ClassTimeViewController.swift */; };
		E98F94D81AA318EF00885992 /* FunctionTableViewController.swift in Sources */ = {isa = PBXBuildFile; fileRef = E98F94D71AA318EF00885992 /* FunctionTableViewController.swift */; };
		E98F94DA1AA3191F00885992 /* SettingTableViewController.swift in Sources */ = {isa = PBXBuildFile; fileRef = E98F94D91AA3191F00885992 /* SettingTableViewController.swift */; };
		E98F94DC1AA3193E00885992 /* InternetConnectViewController.swift in Sources */ = {isa = PBXBuildFile; fileRef = E98F94DB1AA3193E00885992 /* InternetConnectViewController.swift */; };
		E9B8C4AF1AA82D6E00E0DD50 /* AccountInfo in Resources */ = {isa = PBXBuildFile; fileRef = E9B8C4AE1AA82D6E00E0DD50 /* AccountInfo */; };
		E9FAACD41AA9762A000FE24D /* LaunchScreen.xib in Resources */ = {isa = PBXBuildFile; fileRef = E9FAACD31AA9762A000FE24D /* LaunchScreen.xib */; };
/* End PBXBuildFile section */

/* Begin PBXContainerItemProxy section */
		E90AE2411A8F813900AD0D78 /* PBXContainerItemProxy */ = {
			isa = PBXContainerItemProxy;
			containerPortal = E90AE2201A8F813900AD0D78 /* Project object */;
			proxyType = 1;
			remoteGlobalIDString = E90AE2271A8F813900AD0D78;
			remoteInfo = "NKU Helper";
		};
/* End PBXContainerItemProxy section */

/* Begin PBXFileReference section */
		E90AE2281A8F813900AD0D78 /* NKU Helper.app */ = {isa = PBXFileReference; explicitFileType = wrapper.application; includeInIndex = 0; path = "NKU Helper.app"; sourceTree = BUILT_PRODUCTS_DIR; };
		E90AE22C1A8F813900AD0D78 /* Info.plist */ = {isa = PBXFileReference; lastKnownFileType = text.plist.xml; path = Info.plist; sourceTree = "<group>"; };
		E90AE22D1A8F813900AD0D78 /* AppDelegate.swift */ = {isa = PBXFileReference; lastKnownFileType = sourcecode.swift; path = AppDelegate.swift; sourceTree = "<group>"; };
		E90AE2301A8F813900AD0D78 /* NKU_Helper.xcdatamodel */ = {isa = PBXFileReference; lastKnownFileType = wrapper.xcdatamodel; path = NKU_Helper.xcdatamodel; sourceTree = "<group>"; };
		E90AE2321A8F813900AD0D78 /* GradeSetUpViewController.swift */ = {isa = PBXFileReference; lastKnownFileType = sourcecode.swift; path = GradeSetUpViewController.swift; sourceTree = "<group>"; };
		E90AE2371A8F813900AD0D78 /* Images.xcassets */ = {isa = PBXFileReference; lastKnownFileType = folder.assetcatalog; path = Images.xcassets; sourceTree = "<group>"; };
		E90AE23A1A8F813900AD0D78 /* Base */ = {isa = PBXFileReference; lastKnownFileType = file.xib; name = Base; path = Base.lproj/LaunchScreen.xib; sourceTree = "<group>"; };
		E90AE2401A8F813900AD0D78 /* NKU HelperTests.xctest */ = {isa = PBXFileReference; explicitFileType = wrapper.cfbundle; includeInIndex = 0; path = "NKU HelperTests.xctest"; sourceTree = BUILT_PRODUCTS_DIR; };
		E90AE2451A8F813900AD0D78 /* Info.plist */ = {isa = PBXFileReference; lastKnownFileType = text.plist.xml; path = Info.plist; sourceTree = "<group>"; };
		E90AE2461A8F813900AD0D78 /* NKU_HelperTests.swift */ = {isa = PBXFileReference; lastKnownFileType = sourcecode.swift; path = NKU_HelperTests.swift; sourceTree = "<group>"; };
		E90AE2501A8F814C00AD0D78 /* ImageGetter.swift */ = {isa = PBXFileReference; fileEncoding = 4; lastKnownFileType = sourcecode.swift; path = ImageGetter.swift; sourceTree = "<group>"; };
		E90AE2521A8F948300AD0D78 /* GradeGetter.swift */ = {isa = PBXFileReference; fileEncoding = 4; lastKnownFileType = sourcecode.swift; path = GradeGetter.swift; sourceTree = "<group>"; };
		E91E5F4A1A90FA9E009F3B2B /* NKU Helper-Bridging-Header.h */ = {isa = PBXFileReference; lastKnownFileType = sourcecode.c.h; path = "NKU Helper-Bridging-Header.h"; sourceTree = "<group>"; };
		E91E5F4E1A90FAED009F3B2B /* GradeShowerTableViewController.swift */ = {isa = PBXFileReference; fileEncoding = 4; lastKnownFileType = sourcecode.swift; path = GradeShowerTableViewController.swift; sourceTree = "<group>"; };
		E91E5F541A9103DF009F3B2B /* GradeCell.swift */ = {isa = PBXFileReference; fileEncoding = 4; lastKnownFileType = sourcecode.swift; path = GradeCell.swift; sourceTree = "<group>"; };
		E942864F1AA4CD2A00A4242C /* LogInViewController.swift */ = {isa = PBXFileReference; fileEncoding = 4; lastKnownFileType = sourcecode.swift; path = LogInViewController.swift; sourceTree = "<group>"; };
		E94286531AA5494800A4242C /* LogIner.swift */ = {isa = PBXFileReference; fileEncoding = 4; lastKnownFileType = sourcecode.swift; path = LogIner.swift; sourceTree = "<group>"; };
		E94286571AA5500C00A4242C /* SaveAccountInfoViewController.swift */ = {isa = PBXFileReference; fileEncoding = 4; lastKnownFileType = sourcecode.swift; path = SaveAccountInfoViewController.swift; sourceTree = "<group>"; };
		E94286591AA56E9E00A4242C /* Main.storyboard */ = {isa = PBXFileReference; fileEncoding = 4; lastKnownFileType = file.storyboard; path = Main.storyboard; sourceTree = "<group>"; };
		E96419D11AA8971B00397691 /* AccountTableViewCell.swift */ = {isa = PBXFileReference; fileEncoding = 4; lastKnownFileType = sourcecode.swift; path = AccountTableViewCell.swift; sourceTree = "<group>"; };
		E96419D31AA8BC9800397691 /* DetailAccountInfoTableViewController.swift */ = {isa = PBXFileReference; fileEncoding = 4; lastKnownFileType = sourcecode.swift; path = DetailAccountInfoTableViewController.swift; sourceTree = "<group>"; };
		E96937091AAAA55100D8CAF5 /* DetailClassInfoContent */ = {isa = PBXFileReference; fileEncoding = 4; lastKnownFileType = text; path = DetailClassInfoContent; sourceTree = "<group>"; };
		E98F94D51AA3180700885992 /* ClassTimeViewController.swift */ = {isa = PBXFileReference; fileEncoding = 4; lastKnownFileType = sourcecode.swift; path = ClassTimeViewController.swift; sourceTree = "<group>"; };
		E98F94D71AA318EF00885992 /* FunctionTableViewController.swift */ = {isa = PBXFileReference; fileEncoding = 4; lastKnownFileType = sourcecode.swift; path = FunctionTableViewController.swift; sourceTree = "<group>"; };
		E98F94D91AA3191F00885992 /* SettingTableViewController.swift */ = {isa = PBXFileReference; fileEncoding = 4; lastKnownFileType = sourcecode.swift; path = SettingTableViewController.swift; sourceTree = "<group>"; };
		E98F94DB1AA3193E00885992 /* InternetConnectViewController.swift */ = {isa = PBXFileReference; fileEncoding = 4; lastKnownFileType = sourcecode.swift; path = InternetConnectViewController.swift; sourceTree = "<group>"; };
		E9B8C4AE1AA82D6E00E0DD50 /* AccountInfo */ = {isa = PBXFileReference; fileEncoding = 4; lastKnownFileType = text; path = AccountInfo; sourceTree = "<group>"; };
		E9FAACD31AA9762A000FE24D /* LaunchScreen.xib */ = {isa = PBXFileReference; fileEncoding = 4; lastKnownFileType = file.xib; path = LaunchScreen.xib; sourceTree = "<group>"; };
/* End PBXFileReference section */

/* Begin PBXFrameworksBuildPhase section */
		E90AE2251A8F813900AD0D78 /* Frameworks */ = {
			isa = PBXFrameworksBuildPhase;
			buildActionMask = 2147483647;
			files = (
			);
			runOnlyForDeploymentPostprocessing = 0;
		};
		E90AE23D1A8F813900AD0D78 /* Frameworks */ = {
			isa = PBXFrameworksBuildPhase;
			buildActionMask = 2147483647;
			files = (
			);
			runOnlyForDeploymentPostprocessing = 0;
		};
/* End PBXFrameworksBuildPhase section */

/* Begin PBXGroup section */
		E90AE21F1A8F813900AD0D78 = {
			isa = PBXGroup;
			children = (
				E90AE22A1A8F813900AD0D78 /* NKU Helper */,
				E90AE2431A8F813900AD0D78 /* NKU HelperTests */,
				E90AE2291A8F813900AD0D78 /* Products */,
			);
			sourceTree = "<group>";
		};
		E90AE2291A8F813900AD0D78 /* Products */ = {
			isa = PBXGroup;
			children = (
				E90AE2281A8F813900AD0D78 /* NKU Helper.app */,
				E90AE2401A8F813900AD0D78 /* NKU HelperTests.xctest */,
			);
			name = Products;
			sourceTree = "<group>";
		};
		E90AE22A1A8F813900AD0D78 /* NKU Helper */ = {
			isa = PBXGroup;
			children = (
				E9FAACD31AA9762A000FE24D /* LaunchScreen.xib */,
				E90AE22D1A8F813900AD0D78 /* AppDelegate.swift */,
				E94286531AA5494800A4242C /* LogIner.swift */,
				E90AE2501A8F814C00AD0D78 /* ImageGetter.swift */,
				E98F94E21AA31A1A00885992 /* ClassTime */,
				E98F94E01AA319DF00885992 /* InternetConnect */,
				E98F94DF1AA319CD00885992 /* Function */,
				E98F94E11AA319EE00885992 /* Settings */,
				E94286591AA56E9E00A4242C /* Main.storyboard */,
				E90AE2371A8F813900AD0D78 /* Images.xcassets */,
				E90AE2391A8F813900AD0D78 /* LaunchScreen.xib */,
				E90AE22F1A8F813900AD0D78 /* NKU_Helper.xcdatamodeld */,
				E90AE22B1A8F813900AD0D78 /* Supporting Files */,
				E91E5F4A1A90FA9E009F3B2B /* NKU Helper-Bridging-Header.h */,
			);
			path = "NKU Helper";
			sourceTree = "<group>";
		};
		E90AE22B1A8F813900AD0D78 /* Supporting Files */ = {
			isa = PBXGroup;
			children = (
				E90AE22C1A8F813900AD0D78 /* Info.plist */,
			);
			name = "Supporting Files";
			sourceTree = "<group>";
		};
		E90AE2431A8F813900AD0D78 /* NKU HelperTests */ = {
			isa = PBXGroup;
			children = (
				E90AE2461A8F813900AD0D78 /* NKU_HelperTests.swift */,
				E90AE2441A8F813900AD0D78 /* Supporting Files */,
			);
			path = "NKU HelperTests";
			sourceTree = "<group>";
		};
		E90AE2441A8F813900AD0D78 /* Supporting Files */ = {
			isa = PBXGroup;
			children = (
				E90AE2451A8F813900AD0D78 /* Info.plist */,
			);
			name = "Supporting Files";
			sourceTree = "<group>";
		};
		E98F94D21AA317B100885992 /* GetGrade */ = {
			isa = PBXGroup;
			children = (
				E90AE2521A8F948300AD0D78 /* GradeGetter.swift */,
				E90AE2321A8F813900AD0D78 /* GradeSetUpViewController.swift */,
				E91E5F4E1A90FAED009F3B2B /* GradeShowerTableViewController.swift */,
				E91E5F541A9103DF009F3B2B /* GradeCell.swift */,
			);
			name = GetGrade;
			sourceTree = "<group>";
		};
		E98F94DF1AA319CD00885992 /* Function */ = {
			isa = PBXGroup;
			children = (
				E98F94D71AA318EF00885992 /* FunctionTableViewController.swift */,
				E98F94D21AA317B100885992 /* GetGrade */,
			);
			name = Function;
			sourceTree = "<group>";
		};
		E98F94E01AA319DF00885992 /* InternetConnect */ = {
			isa = PBXGroup;
			children = (
				E98F94DB1AA3193E00885992 /* InternetConnectViewController.swift */,
			);
			name = InternetConnect;
			sourceTree = "<group>";
		};
		E98F94E11AA319EE00885992 /* Settings */ = {
			isa = PBXGroup;
			children = (
				E98F94D91AA3191F00885992 /* SettingTableViewController.swift */,
				E9DB7EBC1AAB5EB0000D4182 /* AccountInfo */,
			);
			name = Settings;
			sourceTree = "<group>";
		};
		E98F94E21AA31A1A00885992 /* ClassTime */ = {
			isa = PBXGroup;
			children = (
				E98F94D51AA3180700885992 /* ClassTimeViewController.swift */,
				E96937091AAAA55100D8CAF5 /* DetailClassInfoContent */,
				E942864F1AA4CD2A00A4242C /* LogInViewController.swift */,
			);
			name = ClassTime;
			sourceTree = "<group>";
		};
		E9DB7EBC1AAB5EB0000D4182 /* AccountInfo */ = {
			isa = PBXGroup;
			children = (
				E9B8C4AE1AA82D6E00E0DD50 /* AccountInfo */,
				E94286571AA5500C00A4242C /* SaveAccountInfoViewController.swift */,
				E96419D11AA8971B00397691 /* AccountTableViewCell.swift */,
				E96419D31AA8BC9800397691 /* DetailAccountInfoTableViewController.swift */,
			);
			name = AccountInfo;
			sourceTree = "<group>";
		};
/* End PBXGroup section */

/* Begin PBXNativeTarget section */
		E90AE2271A8F813900AD0D78 /* NKU Helper */ = {
			isa = PBXNativeTarget;
			buildConfigurationList = E90AE24A1A8F813900AD0D78 /* Build configuration list for PBXNativeTarget "NKU Helper" */;
			buildPhases = (
				E90AE2241A8F813900AD0D78 /* Sources */,
				E90AE2251A8F813900AD0D78 /* Frameworks */,
				E90AE2261A8F813900AD0D78 /* Resources */,
			);
			buildRules = (
			);
			dependencies = (
			);
			name = "NKU Helper";
			productName = "NKU Helper";
			productReference = E90AE2281A8F813900AD0D78 /* NKU Helper.app */;
			productType = "com.apple.product-type.application";
		};
		E90AE23F1A8F813900AD0D78 /* NKU HelperTests */ = {
			isa = PBXNativeTarget;
			buildConfigurationList = E90AE24D1A8F813900AD0D78 /* Build configuration list for PBXNativeTarget "NKU HelperTests" */;
			buildPhases = (
				E90AE23C1A8F813900AD0D78 /* Sources */,
				E90AE23D1A8F813900AD0D78 /* Frameworks */,
				E90AE23E1A8F813900AD0D78 /* Resources */,
			);
			buildRules = (
			);
			dependencies = (
				E90AE2421A8F813900AD0D78 /* PBXTargetDependency */,
			);
			name = "NKU HelperTests";
			productName = "NKU HelperTests";
			productReference = E90AE2401A8F813900AD0D78 /* NKU HelperTests.xctest */;
			productType = "com.apple.product-type.bundle.unit-test";
		};
/* End PBXNativeTarget section */

/* Begin PBXProject section */
		E90AE2201A8F813900AD0D78 /* Project object */ = {
			isa = PBXProject;
			attributes = {
				LastUpgradeCheck = 0610;
				ORGANIZATIONNAME = "陈乐天";
				TargetAttributes = {
					E90AE2271A8F813900AD0D78 = {
						CreatedOnToolsVersion = 6.1.1;
					};
					E90AE23F1A8F813900AD0D78 = {
						CreatedOnToolsVersion = 6.1.1;
						TestTargetID = E90AE2271A8F813900AD0D78;
					};
				};
			};
			buildConfigurationList = E90AE2231A8F813900AD0D78 /* Build configuration list for PBXProject "NKU Helper" */;
			compatibilityVersion = "Xcode 3.2";
			developmentRegion = English;
			hasScannedForEncodings = 0;
			knownRegions = (
				en,
				Base,
			);
			mainGroup = E90AE21F1A8F813900AD0D78;
			productRefGroup = E90AE2291A8F813900AD0D78 /* Products */;
			projectDirPath = "";
			projectRoot = "";
			targets = (
				E90AE2271A8F813900AD0D78 /* NKU Helper */,
				E90AE23F1A8F813900AD0D78 /* NKU HelperTests */,
			);
		};
/* End PBXProject section */

/* Begin PBXResourcesBuildPhase section */
		E90AE2261A8F813900AD0D78 /* Resources */ = {
			isa = PBXResourcesBuildPhase;
			buildActionMask = 2147483647;
			files = (
				E9FAACD41AA9762A000FE24D /* LaunchScreen.xib in Resources */,
				E9B8C4AF1AA82D6E00E0DD50 /* AccountInfo in Resources */,
				E969370A1AAAA55100D8CAF5 /* DetailClassInfoContent in Resources */,
				E942865A1AA56E9E00A4242C /* Main.storyboard in Resources */,
				E90AE23B1A8F813900AD0D78 /* LaunchScreen.xib in Resources */,
				E90AE2381A8F813900AD0D78 /* Images.xcassets in Resources */,
			);
			runOnlyForDeploymentPostprocessing = 0;
		};
		E90AE23E1A8F813900AD0D78 /* Resources */ = {
			isa = PBXResourcesBuildPhase;
			buildActionMask = 2147483647;
			files = (
			);
			runOnlyForDeploymentPostprocessing = 0;
		};
/* End PBXResourcesBuildPhase section */

/* Begin PBXSourcesBuildPhase section */
		E90AE2241A8F813900AD0D78 /* Sources */ = {
			isa = PBXSourcesBuildPhase;
			buildActionMask = 2147483647;
			files = (
				E98F94DC1AA3193E00885992 /* InternetConnectViewController.swift in Sources */,
				E98F94D81AA318EF00885992 /* FunctionTableViewController.swift in Sources */,
				E90AE2331A8F813900AD0D78 /* GradeSetUpViewController.swift in Sources */,
				E90AE2311A8F813900AD0D78 /* NKU_Helper.xcdatamodeld in Sources */,
				E90AE2511A8F814C00AD0D78 /* ImageGetter.swift in Sources */,
				E96419D21AA8971B00397691 /* AccountTableViewCell.swift in Sources */,
				E94286541AA5494800A4242C /* LogIner.swift in Sources */,
				E98F94DA1AA3191F00885992 /* SettingTableViewController.swift in Sources */,
				E96419D41AA8BC9800397691 /* DetailAccountInfoTableViewController.swift in Sources */,
				E91E5F4F1A90FAED009F3B2B /* GradeShowerTableViewController.swift in Sources */,
				E98F94D61AA3180700885992 /* ClassTimeViewController.swift in Sources */,
				E94286581AA5500C00A4242C /* SaveAccountInfoViewController.swift in Sources */,
				E94286501AA4CD2A00A4242C /* LogInViewController.swift in Sources */,
				E91E5F551A9103DF009F3B2B /* GradeCell.swift in Sources */,
				E90AE2531A8F948300AD0D78 /* GradeGetter.swift in Sources */,
				E90AE22E1A8F813900AD0D78 /* AppDelegate.swift in Sources */,
			);
			runOnlyForDeploymentPostprocessing = 0;
		};
		E90AE23C1A8F813900AD0D78 /* Sources */ = {
			isa = PBXSourcesBuildPhase;
			buildActionMask = 2147483647;
			files = (
				E90AE2471A8F813900AD0D78 /* NKU_HelperTests.swift in Sources */,
			);
			runOnlyForDeploymentPostprocessing = 0;
		};
/* End PBXSourcesBuildPhase section */

/* Begin PBXTargetDependency section */
		E90AE2421A8F813900AD0D78 /* PBXTargetDependency */ = {
			isa = PBXTargetDependency;
			target = E90AE2271A8F813900AD0D78 /* NKU Helper */;
			targetProxy = E90AE2411A8F813900AD0D78 /* PBXContainerItemProxy */;
		};
/* End PBXTargetDependency section */

/* Begin PBXVariantGroup section */
		E90AE2391A8F813900AD0D78 /* LaunchScreen.xib */ = {
			isa = PBXVariantGroup;
			children = (
				E90AE23A1A8F813900AD0D78 /* Base */,
			);
			name = LaunchScreen.xib;
			sourceTree = "<group>";
		};
/* End PBXVariantGroup section */

/* Begin XCBuildConfiguration section */
		E90AE2481A8F813900AD0D78 /* Debug */ = {
			isa = XCBuildConfiguration;
			buildSettings = {
				ALWAYS_SEARCH_USER_PATHS = NO;
				CLANG_CXX_LANGUAGE_STANDARD = "gnu++0x";
				CLANG_CXX_LIBRARY = "libc++";
				CLANG_ENABLE_MODULES = YES;
				CLANG_ENABLE_OBJC_ARC = YES;
				CLANG_WARN_BOOL_CONVERSION = YES;
				CLANG_WARN_CONSTANT_CONVERSION = YES;
				CLANG_WARN_DIRECT_OBJC_ISA_USAGE = YES_ERROR;
				CLANG_WARN_EMPTY_BODY = YES;
				CLANG_WARN_ENUM_CONVERSION = YES;
				CLANG_WARN_INT_CONVERSION = YES;
				CLANG_WARN_OBJC_ROOT_CLASS = YES_ERROR;
				CLANG_WARN_UNREACHABLE_CODE = YES;
				CLANG_WARN__DUPLICATE_METHOD_MATCH = YES;
				"CODE_SIGN_IDENTITY[sdk=iphoneos*]" = "iPhone Developer";
				COPY_PHASE_STRIP = NO;
				ENABLE_STRICT_OBJC_MSGSEND = YES;
				GCC_C_LANGUAGE_STANDARD = gnu99;
				GCC_DYNAMIC_NO_PIC = NO;
				GCC_OPTIMIZATION_LEVEL = 0;
				GCC_PREPROCESSOR_DEFINITIONS = (
					"DEBUG=1",
					"$(inherited)",
				);
				GCC_SYMBOLS_PRIVATE_EXTERN = NO;
				GCC_WARN_64_TO_32_BIT_CONVERSION = YES;
				GCC_WARN_ABOUT_RETURN_TYPE = YES_ERROR;
				GCC_WARN_UNDECLARED_SELECTOR = YES;
				GCC_WARN_UNINITIALIZED_AUTOS = YES_AGGRESSIVE;
				GCC_WARN_UNUSED_FUNCTION = YES;
				GCC_WARN_UNUSED_VARIABLE = YES;
				IPHONEOS_DEPLOYMENT_TARGET = 8.1;
				MTL_ENABLE_DEBUG_INFO = YES;
				ONLY_ACTIVE_ARCH = YES;
				SDKROOT = iphoneos;
				SWIFT_OPTIMIZATION_LEVEL = "-Onone";
			};
			name = Debug;
		};
		E90AE2491A8F813900AD0D78 /* Release */ = {
			isa = XCBuildConfiguration;
			buildSettings = {
				ALWAYS_SEARCH_USER_PATHS = NO;
				CLANG_CXX_LANGUAGE_STANDARD = "gnu++0x";
				CLANG_CXX_LIBRARY = "libc++";
				CLANG_ENABLE_MODULES = YES;
				CLANG_ENABLE_OBJC_ARC = YES;
				CLANG_WARN_BOOL_CONVERSION = YES;
				CLANG_WARN_CONSTANT_CONVERSION = YES;
				CLANG_WARN_DIRECT_OBJC_ISA_USAGE = YES_ERROR;
				CLANG_WARN_EMPTY_BODY = YES;
				CLANG_WARN_ENUM_CONVERSION = YES;
				CLANG_WARN_INT_CONVERSION = YES;
				CLANG_WARN_OBJC_ROOT_CLASS = YES_ERROR;
				CLANG_WARN_UNREACHABLE_CODE = YES;
				CLANG_WARN__DUPLICATE_METHOD_MATCH = YES;
				"CODE_SIGN_IDENTITY[sdk=iphoneos*]" = "iPhone Developer";
				COPY_PHASE_STRIP = YES;
				ENABLE_NS_ASSERTIONS = NO;
				ENABLE_STRICT_OBJC_MSGSEND = YES;
				GCC_C_LANGUAGE_STANDARD = gnu99;
				GCC_WARN_64_TO_32_BIT_CONVERSION = YES;
				GCC_WARN_ABOUT_RETURN_TYPE = YES_ERROR;
				GCC_WARN_UNDECLARED_SELECTOR = YES;
				GCC_WARN_UNINITIALIZED_AUTOS = YES_AGGRESSIVE;
				GCC_WARN_UNUSED_FUNCTION = YES;
				GCC_WARN_UNUSED_VARIABLE = YES;
				IPHONEOS_DEPLOYMENT_TARGET = 8.1;
				MTL_ENABLE_DEBUG_INFO = NO;
				SDKROOT = iphoneos;
				VALIDATE_PRODUCT = YES;
			};
			name = Release;
		};
		E90AE24B1A8F813900AD0D78 /* Debug */ = {
			isa = XCBuildConfiguration;
			buildSettings = {
				ASSETCATALOG_COMPILER_APPICON_NAME = AppIcon;
				CLANG_ENABLE_MODULES = YES;
				INFOPLIST_FILE = "NKU Helper/Info.plist";
				LD_RUNPATH_SEARCH_PATHS = "$(inherited) @executable_path/Frameworks";
				PRODUCT_NAME = "$(TARGET_NAME)";
				SWIFT_OBJC_BRIDGING_HEADER = "NKU Helper/NKU Helper-Bridging-Header.h";
				SWIFT_OPTIMIZATION_LEVEL = "-Onone";
			};
			name = Debug;
		};
		E90AE24C1A8F813900AD0D78 /* Release */ = {
			isa = XCBuildConfiguration;
			buildSettings = {
				ASSETCATALOG_COMPILER_APPICON_NAME = AppIcon;
				CLANG_ENABLE_MODULES = YES;
				INFOPLIST_FILE = "NKU Helper/Info.plist";
				LD_RUNPATH_SEARCH_PATHS = "$(inherited) @executable_path/Frameworks";
				PRODUCT_NAME = "$(TARGET_NAME)";
				SWIFT_OBJC_BRIDGING_HEADER = "NKU Helper/NKU Helper-Bridging-Header.h";
			};
			name = Release;
		};
		E90AE24E1A8F813900AD0D78 /* Debug */ = {
			isa = XCBuildConfiguration;
			buildSettings = {
				BUNDLE_LOADER = "$(TEST_HOST)";
				FRAMEWORK_SEARCH_PATHS = (
					"$(SDKROOT)/Developer/Library/Frameworks",
					"$(inherited)",
				);
				GCC_PREPROCESSOR_DEFINITIONS = (
					"DEBUG=1",
					"$(inherited)",
				);
				INFOPLIST_FILE = "NKU HelperTests/Info.plist";
				LD_RUNPATH_SEARCH_PATHS = "$(inherited) @executable_path/Frameworks @loader_path/Frameworks";
				PRODUCT_NAME = "$(TARGET_NAME)";
				TEST_HOST = "$(BUILT_PRODUCTS_DIR)/NKU Helper.app/NKU Helper";
			};
			name = Debug;
		};
		E90AE24F1A8F813900AD0D78 /* Release */ = {
			isa = XCBuildConfiguration;
			buildSettings = {
				BUNDLE_LOADER = "$(TEST_HOST)";
				FRAMEWORK_SEARCH_PATHS = (
					"$(SDKROOT)/Developer/Library/Frameworks",
					"$(inherited)",
				);
				INFOPLIST_FILE = "NKU HelperTests/Info.plist";
				LD_RUNPATH_SEARCH_PATHS = "$(inherited) @executable_path/Frameworks @loader_path/Frameworks";
				PRODUCT_NAME = "$(TARGET_NAME)";
				TEST_HOST = "$(BUILT_PRODUCTS_DIR)/NKU Helper.app/NKU Helper";
			};
			name = Release;
		};
/* End XCBuildConfiguration section */

/* Begin XCConfigurationList section */
		E90AE2231A8F813900AD0D78 /* Build configuration list for PBXProject "NKU Helper" */ = {
			isa = XCConfigurationList;
			buildConfigurations = (
				E90AE2481A8F813900AD0D78 /* Debug */,
				E90AE2491A8F813900AD0D78 /* Release */,
			);
			defaultConfigurationIsVisible = 0;
			defaultConfigurationName = Release;
		};
		E90AE24A1A8F813900AD0D78 /* Build configuration list for PBXNativeTarget "NKU Helper" */ = {
			isa = XCConfigurationList;
			buildConfigurations = (
				E90AE24B1A8F813900AD0D78 /* Debug */,
				E90AE24C1A8F813900AD0D78 /* Release */,
			);
			defaultConfigurationIsVisible = 0;
			defaultConfigurationName = Release;
		};
		E90AE24D1A8F813900AD0D78 /* Build configuration list for PBXNativeTarget "NKU HelperTests" */ = {
			isa = XCConfigurationList;
			buildConfigurations = (
				E90AE24E1A8F813900AD0D78 /* Debug */,
				E90AE24F1A8F813900AD0D78 /* Release */,
			);
			defaultConfigurationIsVisible = 0;
			defaultConfigurationName = Release;
		};
/* End XCConfigurationList section */

/* Begin XCVersionGroup section */
		E90AE22F1A8F813900AD0D78 /* NKU_Helper.xcdatamodeld */ = {
			isa = XCVersionGroup;
			children = (
				E90AE2301A8F813900AD0D78 /* NKU_Helper.xcdatamodel */,
			);
			currentVersion = E90AE2301A8F813900AD0D78 /* NKU_Helper.xcdatamodel */;
			path = NKU_Helper.xcdatamodeld;
			sourceTree = "<group>";
			versionGroupType = wrapper.xcdatamodel;
		};
/* End XCVersionGroup section */
	};
	rootObject = E90AE2201A8F813900AD0D78 /* Project object */;
}
